<?xml version="1.0" encoding="utf-8"?>
<Project ToolsVersion="4.0" xmlns="http://schemas.microsoft.com/developer/msbuild/2003">
  <ItemGroup>
    <ClCompile Include="Simd\SimdAvx2AbsDifference.cpp">
      <Filter>Avx2</Filter>
    </ClCompile>
    <ClCompile Include="Simd\SimdAvx2AbsDifferenceSum.cpp">
      <Filter>Avx2</Filter>
    </ClCompile>
    <ClCompile Include="Simd\SimdAvx2AbsGradientSaturatedSum.cpp">
      <Filter>Avx2</Filter>
    </ClCompile>
    <ClCompile Include="Simd\SimdAvx2AddFeatureDifference.cpp">
      <Filter>Avx2</Filter>
    </ClCompile>
    <ClCompile Include="Simd\SimdAvx2AlphaBlending.cpp">
      <Filter>Avx2</Filter>
    </ClCompile>
    <ClCompile Include="Simd\SimdAvx2Background.cpp">
      <Filter>Avx2</Filter>
    </ClCompile>
    <ClCompile Include="Simd\SimdAvx2BayerToBgr.cpp">
      <Filter>Avx2</Filter>
    </ClCompile>
    <ClCompile Include="Simd\SimdAvx2BayerToBgra.cpp">
      <Filter>Avx2</Filter>
    </ClCompile>
    <ClCompile Include="Simd\SimdAvx2BgraToGray.cpp">
      <Filter>Avx2</Filter>
    </ClCompile>
    <ClCompile Include="Simd\SimdAvx2BgraToYuv.cpp">
      <Filter>Avx2</Filter>
    </ClCompile>
    <ClCompile Include="Simd\SimdAvx2BgrToBgra.cpp">
      <Filter>Avx2</Filter>
    </ClCompile>
    <ClCompile Include="Simd\SimdAvx2BgrToGray.cpp">
      <Filter>Avx2</Filter>
    </ClCompile>
    <ClCompile Include="Simd\SimdAvx2BgrToRgb.cpp">
      <Filter>Avx2</Filter>
    </ClCompile>
    <ClCompile Include="Simd\SimdAvx2BgrToYuv.cpp">
      <Filter>Avx2</Filter>
    </ClCompile>
    <ClCompile Include="Simd\SimdAvx2Binarization.cpp">
      <Filter>Avx2</Filter>
    </ClCompile>
    <ClCompile Include="Simd\SimdAvx2Conditional.cpp">
      <Filter>Avx2</Filter>
    </ClCompile>
    <ClCompile Include="Simd\SimdAvx2Deinterleave.cpp">
      <Filter>Avx2</Filter>
    </ClCompile>
    <ClCompile Include="Simd\SimdAvx2Detection.cpp">
      <Filter>Avx2</Filter>
    </ClCompile>
    <ClCompile Include="Simd\SimdAvx2EdgeBackground.cpp">
      <Filter>Avx2</Filter>
    </ClCompile>
    <ClCompile Include="Simd\SimdAvx2Fill.cpp">
      <Filter>Avx2</Filter>
    </ClCompile>
    <ClCompile Include="Simd\SimdAvx2Float16.cpp">
      <Filter>Avx2</Filter>
    </ClCompile>
    <ClCompile Include="Simd\SimdAvx2Float32.cpp">
      <Filter>Avx2</Filter>
    </ClCompile>
    <ClCompile Include="Simd\SimdAvx2GaussianBlur3x3.cpp">
      <Filter>Avx2</Filter>
    </ClCompile>
    <ClCompile Include="Simd\SimdAvx2Gemm32f.cpp">
      <Filter>Avx2</Filter>
    </ClCompile>
    <ClCompile Include="Simd\SimdAvx2GrayToBgr.cpp">
      <Filter>Avx2</Filter>
    </ClCompile>
    <ClCompile Include="Simd\SimdAvx2GrayToBgra.cpp">
      <Filter>Avx2</Filter>
    </ClCompile>
    <ClCompile Include="Simd\SimdAvx2Histogram.cpp">
      <Filter>Avx2</Filter>
    </ClCompile>
    <ClCompile Include="Simd\SimdAvx2Hog.cpp">
      <Filter>Avx2</Filter>
    </ClCompile>
    <ClCompile Include="Simd\SimdAvx2HogLite.cpp">
      <Filter>Avx2</Filter>
    </ClCompile>
    <ClCompile Include="Simd\SimdAvx2Int16ToGray.cpp">
      <Filter>Avx2</Filter>
    </ClCompile>
    <ClCompile Include="Simd\SimdAvx2Integral.cpp">
      <Filter>Avx2</Filter>
    </ClCompile>
    <ClCompile Include="Simd\SimdAvx2Interference.cpp">
      <Filter>Avx2</Filter>
    </ClCompile>
    <ClCompile Include="Simd\SimdAvx2Interleave.cpp">
      <Filter>Avx2</Filter>
    </ClCompile>
    <ClCompile Include="Simd\SimdAvx2Laplace.cpp">
      <Filter>Avx2</Filter>
    </ClCompile>
    <ClCompile Include="Simd\SimdAvx2Lbp.cpp">
      <Filter>Avx2</Filter>
    </ClCompile>
    <ClCompile Include="Simd\SimdAvx2MeanFilter3x3.cpp">
      <Filter>Avx2</Filter>
    </ClCompile>
    <ClCompile Include="Simd\SimdAvx2MedianFilter.cpp">
      <Filter>Avx2</Filter>
    </ClCompile>
    <ClCompile Include="Simd\SimdAvx2Neural.cpp">
      <Filter>Avx2</Filter>
    </ClCompile>
    <ClCompile Include="Simd\SimdAvx2Operation.cpp">
      <Filter>Avx2</Filter>
    </ClCompile>
    <ClCompile Include="Simd\SimdAvx2Reduce.cpp">
      <Filter>Avx2</Filter>
    </ClCompile>
    <ClCompile Include="Simd\SimdAvx2ReduceGray2x2.cpp">
      <Filter>Avx2</Filter>
    </ClCompile>
    <ClCompile Include="Simd\SimdAvx2ReduceGray3x3.cpp">
      <Filter>Avx2</Filter>
    </ClCompile>
    <ClCompile Include="Simd\SimdAvx2ReduceGray4x4.cpp">
      <Filter>Avx2</Filter>
    </ClCompile>
    <ClCompile Include="Simd\SimdAvx2ReduceGray5x5.cpp">
      <Filter>Avx2</Filter>
    </ClCompile>
    <ClCompile Include="Simd\SimdAvx2Reorder.cpp">
      <Filter>Avx2</Filter>
    </ClCompile>
    <ClCompile Include="Simd\SimdAvx2ResizeBilinear.cpp">
      <Filter>Avx2</Filter>
    </ClCompile>
    <ClCompile Include="Simd\SimdAvx2Resizer.cpp">
      <Filter>Avx2</Filter>
    </ClCompile>
    <ClCompile Include="Simd\SimdAvx2Segmentation.cpp">
      <Filter>Avx2</Filter>
    </ClCompile>
    <ClCompile Include="Simd\SimdAvx2ShiftBilinear.cpp">
      <Filter>Avx2</Filter>
    </ClCompile>
    <ClCompile Include="Simd\SimdAvx2Sobel.cpp">
      <Filter>Avx2</Filter>
    </ClCompile>
    <ClCompile Include="Simd\SimdAvx2SquaredDifferenceSum.cpp">
      <Filter>Avx2</Filter>
    </ClCompile>
    <ClCompile Include="Simd\SimdAvx2Statistic.cpp">
      <Filter>Avx2</Filter>
    </ClCompile>
    <ClCompile Include="Simd\SimdAvx2StatisticMoments.cpp">
      <Filter>Avx2</Filter>
    </ClCompile>
    <ClCompile Include="Simd\SimdAvx2StretchGray2x2.cpp">
      <Filter>Avx2</Filter>
    </ClCompile>
    <ClCompile Include="Simd\SimdAvx2Synet.cpp">
      <Filter>Avx2</Filter>
    </ClCompile>
    <ClCompile Include="Simd\SimdAvx2SynetActivation.cpp">
      <Filter>Avx2</Filter>
    </ClCompile>
    <ClCompile Include="Simd\SimdAvx2SynetConversion.cpp">
      <Filter>Avx2</Filter>
    </ClCompile>
    <ClCompile Include="Simd\SimdAvx2SynetConvolution8i.cpp">
      <Filter>Avx2</Filter>
    </ClCompile>
    <ClCompile Include="Simd\SimdAvx2SynetConvolution32f.cpp">
      <Filter>Avx2</Filter>
    </ClCompile>
    <ClCompile Include="Simd\SimdAvx2SynetConvolution32fNhwcDirect2f.cpp">
      <Filter>Avx2</Filter>
    </ClCompile>
    <ClCompile Include="Simd\SimdAvx2SynetConvolution32fNhwcDirect2r.cpp">
      <Filter>Avx2</Filter>
    </ClCompile>
    <ClCompile Include="Simd\SimdAvx2SynetConvolution32fNhwcDirect3r.cpp">
      <Filter>Avx2</Filter>
    </ClCompile>
    <ClCompile Include="Simd\SimdAvx2SynetDeconvolution32f.cpp">
      <Filter>Avx2</Filter>
    </ClCompile>
    <ClCompile Include="Simd\SimdAvx2SynetMergedConvolution32f.cpp">
      <Filter>Avx2</Filter>
    </ClCompile>
    <ClCompile Include="Simd\SimdAvx2SynetPooling.cpp">
      <Filter>Avx2</Filter>
    </ClCompile>
    <ClCompile Include="Simd\SimdAvx2Texture.cpp">
      <Filter>Avx2</Filter>
    </ClCompile>
    <ClCompile Include="Simd\SimdAvx2YuvToBgr.cpp">
      <Filter>Avx2</Filter>
    </ClCompile>
    <ClCompile Include="Simd\SimdAvx2YuvToBgra.cpp">
      <Filter>Avx2</Filter>
    </ClCompile>
    <ClCompile Include="Simd\SimdAvx2YuvToHue.cpp">
      <Filter>Avx2</Filter>
    </ClCompile>
    <ClCompile Include="Simd\SimdAvx2BgraToBgr.cpp">
      <Filter>Avx2</Filter>
    </ClCompile>
  </ItemGroup>
  <ItemGroup>
    <Filter Include="Avx2">
      <UniqueIdentifier>{203c7d5c-0ce6-441c-8d15-65177604f3b2}</UniqueIdentifier>
    </Filter>
    <Filter Include="Inc">
      <UniqueIdentifier>{d10e2ea2-1b27-485c-af9d-7912073dffaf}</UniqueIdentifier>
    </Filter>
  </ItemGroup>
  <ItemGroup>
    <ClInclude Include="Simd\SimdAvx2.h">
      <Filter>Avx2</Filter>
    </ClInclude>
    <ClInclude Include="Simd\SimdAllocator.hpp">
      <Filter>Inc</Filter>
    </ClInclude>
    <ClInclude Include="Simd\SimdArray.h">
      <Filter>Inc</Filter>
    </ClInclude>
    <ClInclude Include="Simd\SimdAvx1.h">
      <Filter>Inc</Filter>
    </ClInclude>
    <ClInclude Include="Simd\SimdBase.h">
      <Filter>Inc</Filter>
    </ClInclude>
    <ClInclude Include="Simd\SimdBayer.h">
      <Filter>Inc</Filter>
    </ClInclude>
    <ClInclude Include="Simd\SimdCompare.h">
      <Filter>Inc</Filter>
    </ClInclude>
    <ClInclude Include="Simd\SimdConfig.h">
      <Filter>Inc</Filter>
    </ClInclude>
    <ClInclude Include="Simd\SimdConst.h">
      <Filter>Inc</Filter>
    </ClInclude>
    <ClInclude Include="Simd\SimdConversion.h">
      <Filter>Inc</Filter>
    </ClInclude>
    <ClInclude Include="Simd\SimdCpu.h">
      <Filter>Inc</Filter>
    </ClInclude>
    <ClInclude Include="Simd\SimdDefs.h">
      <Filter>Inc</Filter>
    </ClInclude>
    <ClInclude Include="Simd\SimdDetection.h">
      <Filter>Inc</Filter>
    </ClInclude>
    <ClInclude Include="Simd\SimdEnable.h">
      <Filter>Inc</Filter>
    </ClInclude>
    <ClInclude Include="Simd\SimdExp.h">
      <Filter>Inc</Filter>
    </ClInclude>
    <ClInclude Include="Simd\SimdExtract.h">
      <Filter>Inc</Filter>
    </ClInclude>
    <ClInclude Include="Simd\SimdGemm.h">
      <Filter>Inc</Filter>
    </ClInclude>
    <ClInclude Include="Simd\SimdInit.h">
      <Filter>Inc</Filter>
    </ClInclude>
    <ClInclude Include="Simd\SimdIntegral.h">
      <Filter>Inc</Filter>
    </ClInclude>
    <ClInclude Include="Simd\SimdLib.h">
      <Filter>Inc</Filter>
    </ClInclude>
    <ClInclude Include="Simd\SimdLoad.h">
      <Filter>Inc</Filter>
    </ClInclude>
    <ClInclude Include="Simd\SimdLog.h">
      <Filter>Inc</Filter>
    </ClInclude>
    <ClInclude Include="Simd\SimdMath.h">
      <Filter>Inc</Filter>
    </ClInclude>
    <ClInclude Include="Simd\SimdMemory.h">
      <Filter>Inc</Filter>
    </ClInclude>
    <ClInclude Include="Simd\SimdNeural.h">
      <Filter>Inc</Filter>
    </ClInclude>
    <ClInclude Include="Simd\SimdParallel.hpp">
      <Filter>Inc</Filter>
    </ClInclude>
    <ClInclude Include="Simd\SimdPerformance.h">
      <Filter>Inc</Filter>
    </ClInclude>
    <ClInclude Include="Simd\SimdPoint.hpp">
      <Filter>Inc</Filter>
    </ClInclude>
    <ClInclude Include="Simd\SimdPow.h">
      <Filter>Inc</Filter>
    </ClInclude>
    <ClInclude Include="Simd\SimdRectangle.hpp">
      <Filter>Inc</Filter>
    </ClInclude>
    <ClInclude Include="Simd\SimdResizer.h">
      <Filter>Inc</Filter>
    </ClInclude>
    <ClInclude Include="Simd\SimdRuntime.h">
      <Filter>Inc</Filter>
    </ClInclude>
    <ClInclude Include="Simd\SimdSet.h">
      <Filter>Inc</Filter>
    </ClInclude>
    <ClInclude Include="Simd\SimdSse1.h">
      <Filter>Inc</Filter>
    </ClInclude>
    <ClInclude Include="Simd\SimdSse2.h">
      <Filter>Inc</Filter>
    </ClInclude>
    <ClInclude Include="Simd\SimdSse41.h">
      <Filter>Inc</Filter>
    </ClInclude>
    <ClInclude Include="Simd\SimdStore.h">
      <Filter>Inc</Filter>
    </ClInclude>
    <ClInclude Include="Simd\SimdStream.h">
      <Filter>Inc</Filter>
    </ClInclude>
    <ClInclude Include="Simd\SimdSynet.h">
      <Filter>Inc</Filter>
    </ClInclude>
    <ClInclude Include="Simd\SimdSynetConvolution8i.h">
      <Filter>Inc</Filter>
    </ClInclude>
    <ClInclude Include="Simd\SimdSynetConvolution8iCommon.h">
      <Filter>Inc</Filter>
    </ClInclude>
    <ClInclude Include="Simd\SimdSynetConvolution32f.h">
      <Filter>Inc</Filter>
    </ClInclude>
    <ClInclude Include="Simd\SimdSynetConvolution32fCommon.h">
      <Filter>Inc</Filter>
    </ClInclude>
    <ClInclude Include="Simd\SimdSynetDeconvolution32f.h">
      <Filter>Inc</Filter>
    </ClInclude>
    <ClInclude Include="Simd\SimdSynetMergedConvolution32f.h">
      <Filter>Inc</Filter>
    </ClInclude>
    <ClInclude Include="Simd\SimdTime.h">
      <Filter>Inc</Filter>
    </ClInclude>
    <ClInclude Include="Simd\SimdUpdate.h">
      <Filter>Inc</Filter>
    </ClInclude>
    <ClInclude Include="Simd\SimdView.hpp">
      <Filter>Inc</Filter>
    </ClInclude>
  </ItemGroup>
</Project>