<?xml version="1.0" encoding="utf-8"?>
<Project ToolsVersion="4.0" xmlns="http://schemas.microsoft.com/developer/msbuild/2003">
  <ItemGroup>
    <ClCompile Include="Simd\SimdAvx512fFill.cpp">
      <Filter>Avx512f</Filter>
    </ClCompile>
    <ClCompile Include="Simd\SimdAvx512fGemm32f.cpp">
      <Filter>Avx512f</Filter>
    </ClCompile>
    <ClCompile Include="Simd\SimdAvx512fNeural.cpp">
      <Filter>Avx512f</Filter>
    </ClCompile>
    <ClCompile Include="Simd\SimdAvx512fResizer.cpp">
      <Filter>Avx512f</Filter>
    </ClCompile>
    <ClCompile Include="Simd\SimdAvx512fSquaredDifferenceSum.cpp">
      <Filter>Avx512f</Filter>
    </ClCompile>
    <ClCompile Include="Simd\SimdAvx512fSvm.cpp">
      <Filter>Avx512f</Filter>
    </ClCompile>
    <ClCompile Include="Simd\SimdAvx512fSynet.cpp">
      <Filter>Avx512f</Filter>
    </ClCompile>
    <ClCompile Include="Simd\SimdAvx512fSynetActivation.cpp">
      <Filter>Avx512f</Filter>
    </ClCompile>
    <ClCompile Include="Simd\SimdAvx512fSynetConversion.cpp">
      <Filter>Avx512f</Filter>
    </ClCompile>
    <ClCompile Include="Simd\SimdAvx512fSynetConvolution32f.cpp">
      <Filter>Avx512f</Filter>
    </ClCompile>
    <ClCompile Include="Simd\SimdAvx512fSynetConvolution32fNhwcDirect2f.cpp">
      <Filter>Avx512f</Filter>
    </ClCompile>
    <ClCompile Include="Simd\SimdAvx512fSynetConvolution32fNhwcDirect2r.cpp">
      <Filter>Avx512f</Filter>
    </ClCompile>
    <ClCompile Include="Simd\SimdAvx512fSynetConvolution32fNhwcDirect3r.cpp">
      <Filter>Avx512f</Filter>
    </ClCompile>
    <ClCompile Include="Simd\SimdAvx512fSynetDeconvolution32f.cpp">
      <Filter>Avx512f</Filter>
    </ClCompile>
    <ClCompile Include="Simd\SimdAvx512fSynetFused.cpp">
      <Filter>Avx512f</Filter>
    </ClCompile>
    <ClCompile Include="Simd\SimdAvx512fSynetMergedConvolution32f.cpp">
      <Filter>Avx512f</Filter>
    </ClCompile>
    <ClCompile Include="Simd\SimdAvx512fSynetPooling.cpp">
      <Filter>Avx512f</Filter>
    </ClCompile>
    <ClCompile Include="Simd\SimdAvx512fWinograd.cpp">
      <Filter>Avx512f</Filter>
    </ClCompile>
  </ItemGroup>
  <ItemGroup>
    <Filter Include="Avx512f">
      <UniqueIdentifier>{beb8718a-05f3-4410-81c5-c99a8ba4948f}</UniqueIdentifier>
    </Filter>
    <Filter Include="Inc">
      <UniqueIdentifier>{2c2adfce-5e1a-4262-b985-daa3cb998619}</UniqueIdentifier>
    </Filter>
  </ItemGroup>
  <ItemGroup>
    <ClInclude Include="Simd\SimdAvx512f.h">
      <Filter>Avx512f</Filter>
    </ClInclude>
    <ClInclude Include="Simd\SimdArray.h">
      <Filter>Inc</Filter>
    </ClInclude>
    <ClInclude Include="Simd\SimdAvx1.h">
      <Filter>Inc</Filter>
    </ClInclude>
    <ClInclude Include="Simd\SimdAvx2.h">
      <Filter>Inc</Filter>
    </ClInclude>
    <ClInclude Include="Simd\SimdBase.h">
      <Filter>Inc</Filter>
    </ClInclude>
    <ClInclude Include="Simd\SimdConfig.h">
      <Filter>Inc</Filter>
    </ClInclude>
    <ClInclude Include="Simd\SimdConst.h">
      <Filter>Inc</Filter>
    </ClInclude>
    <ClInclude Include="Simd\SimdCpu.h">
      <Filter>Inc</Filter>
    </ClInclude>
    <ClInclude Include="Simd\SimdDefs.h">
      <Filter>Inc</Filter>
    </ClInclude>
    <ClInclude Include="Simd\SimdExp.h">
      <Filter>Inc</Filter>
    </ClInclude>
    <ClInclude Include="Simd\SimdExtract.h">
      <Filter>Inc</Filter>
    </ClInclude>
    <ClInclude Include="Simd\SimdGemm.h">
      <Filter>Inc</Filter>
    </ClInclude>
    <ClInclude Include="Simd\SimdInit.h">
      <Filter>Inc</Filter>
    </ClInclude>
    <ClInclude Include="Simd\SimdLib.h">
      <Filter>Inc</Filter>
    </ClInclude>
    <ClInclude Include="Simd\SimdLoad.h">
      <Filter>Inc</Filter>
    </ClInclude>
    <ClInclude Include="Simd\SimdLog.h">
      <Filter>Inc</Filter>
    </ClInclude>
    <ClInclude Include="Simd\SimdMath.h">
      <Filter>Inc</Filter>
    </ClInclude>
    <ClInclude Include="Simd\SimdMemory.h">
      <Filter>Inc</Filter>
    </ClInclude>
    <ClInclude Include="Simd\SimdNeural.h">
      <Filter>Inc</Filter>
    </ClInclude>
    <ClInclude Include="Simd\SimdParallel.hpp">
      <Filter>Inc</Filter>
    </ClInclude>
    <ClInclude Include="Simd\SimdPerformance.h">
      <Filter>Inc</Filter>
    </ClInclude>
    <ClInclude Include="Simd\SimdPow.h">
      <Filter>Inc</Filter>
    </ClInclude>
    <ClInclude Include="Simd\SimdResizer.h">
      <Filter>Inc</Filter>
    </ClInclude>
    <ClInclude Include="Simd\SimdRuntime.h">
      <Filter>Inc</Filter>
    </ClInclude>
    <ClInclude Include="Simd\SimdSet.h">
      <Filter>Inc</Filter>
    </ClInclude>
    <ClInclude Include="Simd\SimdSse1.h">
      <Filter>Inc</Filter>
    </ClInclude>
    <ClInclude Include="Simd\SimdStore.h">
      <Filter>Inc</Filter>
    </ClInclude>
    <ClInclude Include="Simd\SimdStream.h">
      <Filter>Inc</Filter>
    </ClInclude>
    <ClInclude Include="Simd\SimdSynet.h">
      <Filter>Inc</Filter>
    </ClInclude>
    <ClInclude Include="Simd\SimdSynetConvolution32f.h">
      <Filter>Inc</Filter>
    </ClInclude>
    <ClInclude Include="Simd\SimdSynetConvolution32fCommon.h">
      <Filter>Inc</Filter>
    </ClInclude>
    <ClInclude Include="Simd\SimdSynetDeconvolution32f.h">
      <Filter>Inc</Filter>
    </ClInclude>
    <ClInclude Include="Simd\SimdSynetMergedConvolution32f.h">
      <Filter>Inc</Filter>
    </ClInclude>
    <ClInclude Include="Simd\SimdTime.h">
      <Filter>Inc</Filter>
    </ClInclude>
    <ClInclude Include="Simd\SimdTranspose.h">
      <Filter>Inc</Filter>
    </ClInclude>
    <ClInclude Include="Simd\SimdUpdate.h">
      <Filter>Inc</Filter>
    </ClInclude>
  </ItemGroup>
</Project>