<?xml version="1.0" encoding="utf-8"?>
<Project ToolsVersion="4.0" xmlns="http://schemas.microsoft.com/developer/msbuild/2003">
  <ItemGroup>
    <ClCompile Include="Simd\SimdBaseAbsDifference.cpp">
      <Filter>Base</Filter>
    </ClCompile>
    <ClCompile Include="Simd\SimdBaseAbsDifferenceSum.cpp">
      <Filter>Base</Filter>
    </ClCompile>
    <ClCompile Include="Simd\SimdBaseAbsGradientSaturatedSum.cpp">
      <Filter>Base</Filter>
    </ClCompile>
    <ClCompile Include="Simd\SimdBaseAddFeatureDifference.cpp">
      <Filter>Base</Filter>
    </ClCompile>
    <ClCompile Include="Simd\SimdBaseAlphaBlending.cpp">
      <Filter>Base</Filter>
    </ClCompile>
    <ClCompile Include="Simd\SimdBaseBackground.cpp">
      <Filter>Base</Filter>
    </ClCompile>
    <ClCompile Include="Simd\SimdBaseBayerToBgr.cpp">
      <Filter>Base</Filter>
    </ClCompile>
    <ClCompile Include="Simd\SimdBaseBayerToBgra.cpp">
      <Filter>Base</Filter>
    </ClCompile>
    <ClCompile Include="Simd\SimdBaseBgraToBayer.cpp">
      <Filter>Base</Filter>
    </ClCompile>
    <ClCompile Include="Simd\SimdBaseBgraToBgr.cpp">
      <Filter>Base</Filter>
    </ClCompile>
    <ClCompile Include="Simd\SimdBaseBgraToGray.cpp">
      <Filter>Base</Filter>
    </ClCompile>
    <ClCompile Include="Simd\SimdBaseBgraToYuv.cpp">
      <Filter>Base</Filter>
    </ClCompile>
    <ClCompile Include="Simd\SimdBaseBgrToBayer.cpp">
      <Filter>Base</Filter>
    </ClCompile>
    <ClCompile Include="Simd\SimdBaseBgrToBgra.cpp">
      <Filter>Base</Filter>
    </ClCompile>
    <ClCompile Include="Simd\SimdBaseBgrToGray.cpp">
      <Filter>Base</Filter>
    </ClCompile>
    <ClCompile Include="Simd\SimdBaseBgrToHsl.cpp">
      <Filter>Base</Filter>
    </ClCompile>
    <ClCompile Include="Simd\SimdBaseBgrToHsv.cpp">
      <Filter>Base</Filter>
    </ClCompile>
    <ClCompile Include="Simd\SimdBaseBgrToRgb.cpp">
      <Filter>Base</Filter>
    </ClCompile>
    <ClCompile Include="Simd\SimdBaseBgrToYuv.cpp">
      <Filter>Base</Filter>
    </ClCompile>
    <ClCompile Include="Simd\SimdBaseBinarization.cpp">
      <Filter>Base</Filter>
    </ClCompile>
    <ClCompile Include="Simd\SimdBaseConditional.cpp">
      <Filter>Base</Filter>
    </ClCompile>
    <ClCompile Include="Simd\SimdBaseCopy.cpp">
      <Filter>Base</Filter>
    </ClCompile>
    <ClCompile Include="Simd\SimdBaseCpu.cpp">
      <Filter>Base</Filter>
    </ClCompile>
    <ClCompile Include="Simd\SimdBaseCrc32.cpp">
      <Filter>Base</Filter>
    </ClCompile>
    <ClCompile Include="Simd\SimdBaseDeinterleave.cpp">
      <Filter>Base</Filter>
    </ClCompile>
    <ClCompile Include="Simd\SimdBaseDetection.cpp">
      <Filter>Base</Filter>
    </ClCompile>
    <ClCompile Include="Simd\SimdBaseEdgeBackground.cpp">
      <Filter>Base</Filter>
    </ClCompile>
    <ClCompile Include="Simd\SimdBaseFill.cpp">
      <Filter>Base</Filter>
    </ClCompile>
    <ClCompile Include="Simd\SimdBaseFloat16.cpp">
      <Filter>Base</Filter>
    </ClCompile>
    <ClCompile Include="Simd\SimdBaseFloat32.cpp">
      <Filter>Base</Filter>
    </ClCompile>
    <ClCompile Include="Simd\SimdBaseGaussianBlur3x3.cpp">
      <Filter>Base</Filter>
    </ClCompile>
    <ClCompile Include="Simd\SimdBaseGemm32f.cpp">
      <Filter>Base</Filter>
    </ClCompile>
    <ClCompile Include="Simd\SimdBaseGrayToBgr.cpp">
      <Filter>Base</Filter>
    </ClCompile>
    <ClCompile Include="Simd\SimdBaseGrayToBgra.cpp">
      <Filter>Base</Filter>
    </ClCompile>
    <ClCompile Include="Simd\SimdBaseHistogram.cpp">
      <Filter>Base</Filter>
    </ClCompile>
    <ClCompile Include="Simd\SimdBaseHog.cpp">
      <Filter>Base</Filter>
    </ClCompile>
    <ClCompile Include="Simd\SimdBaseHogLite.cpp">
      <Filter>Base</Filter>
    </ClCompile>
    <ClCompile Include="Simd\SimdBaseInt16ToGray.cpp">
      <Filter>Base</Filter>
    </ClCompile>
    <ClCompile Include="Simd\SimdBaseIntegral.cpp">
      <Filter>Base</Filter>
    </ClCompile>
    <ClCompile Include="Simd\SimdBaseInterference.cpp">
      <Filter>Base</Filter>
    </ClCompile>
    <ClCompile Include="Simd\SimdBaseInterleave.cpp">
      <Filter>Base</Filter>
    </ClCompile>
    <ClCompile Include="Simd\SimdBaseLaplace.cpp">
      <Filter>Base</Filter>
    </ClCompile>
    <ClCompile Include="Simd\SimdBaseLbp.cpp">
      <Filter>Base</Filter>
    </ClCompile>
    <ClCompile Include="Simd\SimdBaseMeanFilter3x3.cpp">
      <Filter>Base</Filter>
    </ClCompile>
    <ClCompile Include="Simd\SimdBaseMedianFilter.cpp">
      <Filter>Base</Filter>
    </ClCompile>
    <ClCompile Include="Simd\SimdBaseNeural.cpp">
      <Filter>Base</Filter>
    </ClCompile>
    <ClCompile Include="Simd\SimdBaseOperation.cpp">
      <Filter>Base</Filter>
    </ClCompile>
    <ClCompile Include="Simd\SimdBasePerformance.cpp">
      <Filter>Base</Filter>
    </ClCompile>
    <ClCompile Include="Simd\SimdBaseReduce.cpp">
      <Filter>Base</Filter>
    </ClCompile>
    <ClCompile Include="Simd\SimdBaseReduceGray2x2.cpp">
      <Filter>Base</Filter>
    </ClCompile>
    <ClCompile Include="Simd\SimdBaseReduceGray3x3.cpp">
      <Filter>Base</Filter>
    </ClCompile>
    <ClCompile Include="Simd\SimdBaseReduceGray4x4.cpp">
      <Filter>Base</Filter>
    </ClCompile>
    <ClCompile Include="Simd\SimdBaseReduceGray5x5.cpp">
      <Filter>Base</Filter>
    </ClCompile>
    <ClCompile Include="Simd\SimdBaseReorder.cpp">
      <Filter>Base</Filter>
    </ClCompile>
    <ClCompile Include="Simd\SimdBaseResizeBilinear.cpp">
      <Filter>Base</Filter>
    </ClCompile>
    <ClCompile Include="Simd\SimdBaseResizer.cpp">
      <Filter>Base</Filter>
    </ClCompile>
    <ClCompile Include="Simd\SimdBaseSegmentation.cpp">
      <Filter>Base</Filter>
    </ClCompile>
    <ClCompile Include="Simd\SimdBaseShiftBilinear.cpp">
      <Filter>Base</Filter>
    </ClCompile>
    <ClCompile Include="Simd\SimdBaseSobel.cpp">
      <Filter>Base</Filter>
    </ClCompile>
    <ClCompile Include="Simd\SimdBaseSquaredDifferenceSum.cpp">
      <Filter>Base</Filter>
    </ClCompile>
    <ClCompile Include="Simd\SimdBaseStatistic.cpp">
      <Filter>Base</Filter>
    </ClCompile>
    <ClCompile Include="Simd\SimdBaseStatisticMoments.cpp">
      <Filter>Base</Filter>
    </ClCompile>
    <ClCompile Include="Simd\SimdBaseStretchGray2x2.cpp">
      <Filter>Base</Filter>
    </ClCompile>
    <ClCompile Include="Simd\SimdBaseSvm.cpp">
      <Filter>Base</Filter>
    </ClCompile>
    <ClCompile Include="Simd\SimdBaseSynet.cpp">
      <Filter>Base</Filter>
    </ClCompile>
    <ClCompile Include="Simd\SimdBaseSynetActivation.cpp">
      <Filter>Base</Filter>
    </ClCompile>
    <ClCompile Include="Simd\SimdBaseSynetConversion.cpp">
      <Filter>Base</Filter>
    </ClCompile>
    <ClCompile Include="Simd\SimdBaseSynetConvolution8i.cpp">
      <Filter>Base</Filter>
    </ClCompile>
    <ClCompile Include="Simd\SimdBaseSynetConvolution32f.cpp">
      <Filter>Base</Filter>
    </ClCompile>
    <ClCompile Include="Simd\SimdBaseSynetDeconvolution32f.cpp">
      <Filter>Base</Filter>
    </ClCompile>
    <ClCompile Include="Simd\SimdBaseSynetFused.cpp">
      <Filter>Base</Filter>
    </ClCompile>
    <ClCompile Include="Simd\SimdBaseSynetMergedConvolution32f.cpp">
      <Filter>Base</Filter>
    </ClCompile>
    <ClCompile Include="Simd\SimdBaseSynetPooling.cpp">
      <Filter>Base</Filter>
    </ClCompile>
    <ClCompile Include="Simd\SimdBaseTexture.cpp">
      <Filter>Base</Filter>
    </ClCompile>
    <ClCompile Include="Simd\SimdBaseThread.cpp">
      <Filter>Base</Filter>
    </ClCompile>
    <ClCompile Include="Simd\SimdBaseTransform.cpp">
      <Filter>Base</Filter>
    </ClCompile>
    <ClCompile Include="Simd\SimdBaseWinograd.cpp">
      <Filter>Base</Filter>
    </ClCompile>
    <ClCompile Include="Simd\SimdBaseYuvToBgr.cpp">
      <Filter>Base</Filter>
    </ClCompile>
    <ClCompile Include="Simd\SimdBaseYuvToBgra.cpp">
      <Filter>Base</Filter>
    </ClCompile>
    <ClCompile Include="Simd\SimdBaseYuvToHsl.cpp">
      <Filter>Base</Filter>
    </ClCompile>
    <ClCompile Include="Simd\SimdBaseYuvToHsv.cpp">
      <Filter>Base</Filter>
    </ClCompile>
    <ClCompile Include="Simd\SimdBaseYuvToHue.cpp">
      <Filter>Base</Filter>
    </ClCompile>
  </ItemGroup>
  <ItemGroup>
    <ClInclude Include="Simd\SimdBase.h">
      <Filter>Base</Filter>
    </ClInclude>
    <ClInclude Include="Simd\SimdAllocator.hpp">
      <Filter>Inc</Filter>
    </ClInclude>
    <ClInclude Include="Simd\SimdArray.h">
      <Filter>Inc</Filter>
    </ClInclude>
    <ClInclude Include="Simd\SimdBayer.h">
      <Filter>Inc</Filter>
    </ClInclude>
    <ClInclude Include="Simd\SimdCompare.h">
      <Filter>Inc</Filter>
    </ClInclude>
    <ClInclude Include="Simd\SimdConfig.h">
      <Filter>Inc</Filter>
    </ClInclude>
    <ClInclude Include="Simd\SimdConst.h">
      <Filter>Inc</Filter>
    </ClInclude>
    <ClInclude Include="Simd\SimdConversion.h">
      <Filter>Inc</Filter>
    </ClInclude>
    <ClInclude Include="Simd\SimdCpu.h">
      <Filter>Inc</Filter>
    </ClInclude>
    <ClInclude Include="Simd\SimdDefs.h">
      <Filter>Inc</Filter>
    </ClInclude>
    <ClInclude Include="Simd\SimdDetection.h">
      <Filter>Inc</Filter>
    </ClInclude>
    <ClInclude Include="Simd\SimdEnable.h">
      <Filter>Inc</Filter>
    </ClInclude>
    <ClInclude Include="Simd\SimdExp.h">
      <Filter>Inc</Filter>
    </ClInclude>
    <ClInclude Include="Simd\SimdGemm.h">
      <Filter>Inc</Filter>
    </ClInclude>
    <ClInclude Include="Simd\SimdInit.h">
      <Filter>Inc</Filter>
    </ClInclude>
    <ClInclude Include="Simd\SimdIntegral.h">
      <Filter>Inc</Filter>
    </ClInclude>
    <ClInclude Include="Simd\SimdLib.h">
      <Filter>Inc</Filter>
    </ClInclude>
    <ClInclude Include="Simd\SimdLoad.h">
      <Filter>Inc</Filter>
    </ClInclude>
    <ClInclude Include="Simd\SimdLog.h">
      <Filter>Inc</Filter>
    </ClInclude>
    <ClInclude Include="Simd\SimdMath.h">
      <Filter>Inc</Filter>
    </ClInclude>
    <ClInclude Include="Simd\SimdMemory.h">
      <Filter>Inc</Filter>
    </ClInclude>
    <ClInclude Include="Simd\SimdParallel.hpp">
      <Filter>Inc</Filter>
    </ClInclude>
    <ClInclude Include="Simd\SimdPerformance.h">
      <Filter>Inc</Filter>
    </ClInclude>
    <ClInclude Include="Simd\SimdPoint.hpp">
      <Filter>Inc</Filter>
    </ClInclude>
    <ClInclude Include="Simd\SimdPow.h">
      <Filter>Inc</Filter>
    </ClInclude>
    <ClInclude Include="Simd\SimdRectangle.hpp">
      <Filter>Inc</Filter>
    </ClInclude>
    <ClInclude Include="Simd\SimdResizer.h">
      <Filter>Inc</Filter>
    </ClInclude>
    <ClInclude Include="Simd\SimdRuntime.h">
      <Filter>Inc</Filter>
    </ClInclude>
    <ClInclude Include="Simd\SimdStore.h">
      <Filter>Inc</Filter>
    </ClInclude>
    <ClInclude Include="Simd\SimdSynet.h">
      <Filter>Inc</Filter>
    </ClInclude>
    <ClInclude Include="Simd\SimdSynetConvolution8i.h">
      <Filter>Inc</Filter>
    </ClInclude>
    <ClInclude Include="Simd\SimdSynetConvolution32f.h">
      <Filter>Inc</Filter>
    </ClInclude>
    <ClInclude Include="Simd\SimdSynetConvolution32fCommon.h">
      <Filter>Inc</Filter>
    </ClInclude>
    <ClInclude Include="Simd\SimdSynetDeconvolution32f.h">
      <Filter>Inc</Filter>
    </ClInclude>
    <ClInclude Include="Simd\SimdSynetMergedConvolution32f.h">
      <Filter>Inc</Filter>
    </ClInclude>
    <ClInclude Include="Simd\SimdTime.h">
      <Filter>Inc</Filter>
    </ClInclude>
    <ClInclude Include="Simd\SimdUpdate.h">
      <Filter>Inc</Filter>
    </ClInclude>
    <ClInclude Include="Simd\SimdView.hpp">
      <Filter>Inc</Filter>
    </ClInclude>
    <ClInclude Include="Simd\SimdWinograd.h">
      <Filter>Inc</Filter>
    </ClInclude>
    <ClInclude Include="Simd\SimdXml.hpp">
      <Filter>Inc</Filter>
    </ClInclude>
  </ItemGroup>
  <ItemGroup>
    <Filter Include="Base">
      <UniqueIdentifier>{00b9149f-e127-44ae-b89f-a866edf8cf11}</UniqueIdentifier>
    </Filter>
    <Filter Include="Inc">
      <UniqueIdentifier>{e965be5d-215b-4037-8839-9ae912bbb6fd}</UniqueIdentifier>
    </Filter>
  </ItemGroup>
</Project>