<?xml version="1.0" encoding="utf-8"?>
<Project ToolsVersion="4.0" xmlns="http://schemas.microsoft.com/developer/msbuild/2003">
  <ItemGroup>
    <ClCompile Include="Simd\SimdNeonYuvToHue.cpp">
      <Filter>Neon</Filter>
    </ClCompile>
    <ClCompile Include="Simd\SimdNeonAbsDifferenceSum.cpp">
      <Filter>Neon</Filter>
    </ClCompile>
    <ClCompile Include="Simd\SimdNeonAbsGradientSaturatedSum.cpp">
      <Filter>Neon</Filter>
    </ClCompile>
    <ClCompile Include="Simd\SimdNeonAddFeatureDifference.cpp">
      <Filter>Neon</Filter>
    </ClCompile>
    <ClCompile Include="Simd\SimdNeonAlphaBlending.cpp">
      <Filter>Neon</Filter>
    </ClCompile>
    <ClCompile Include="Simd\SimdNeonBackground.cpp">
      <Filter>Neon</Filter>
    </ClCompile>
    <ClCompile Include="Simd\SimdNeonBayerToBgr.cpp">
      <Filter>Neon</Filter>
    </ClCompile>
    <ClCompile Include="Simd\SimdNeonBayerToBgra.cpp">
      <Filter>Neon</Filter>
    </ClCompile>
    <ClCompile Include="Simd\SimdNeonBgraToBayer.cpp">
      <Filter>Neon</Filter>
    </ClCompile>
    <ClCompile Include="Simd\SimdNeonBgraToBgr.cpp">
      <Filter>Neon</Filter>
    </ClCompile>
    <ClCompile Include="Simd\SimdNeonBgraToGray.cpp">
      <Filter>Neon</Filter>
    </ClCompile>
    <ClCompile Include="Simd\SimdNeonBgraToYuv.cpp">
      <Filter>Neon</Filter>
    </ClCompile>
    <ClCompile Include="Simd\SimdNeonBgrToBayer.cpp">
      <Filter>Neon</Filter>
    </ClCompile>
    <ClCompile Include="Simd\SimdNeonBgrToBgra.cpp">
      <Filter>Neon</Filter>
    </ClCompile>
    <ClCompile Include="Simd\SimdNeonBgrToGray.cpp">
      <Filter>Neon</Filter>
    </ClCompile>
    <ClCompile Include="Simd\SimdNeonBgrToRgb.cpp">
      <Filter>Neon</Filter>
    </ClCompile>
    <ClCompile Include="Simd\SimdNeonBgrToYuv.cpp">
      <Filter>Neon</Filter>
    </ClCompile>
    <ClCompile Include="Simd\SimdNeonBinarization.cpp">
      <Filter>Neon</Filter>
    </ClCompile>
    <ClCompile Include="Simd\SimdNeonConditional.cpp">
      <Filter>Neon</Filter>
    </ClCompile>
    <ClCompile Include="Simd\SimdNeonDeinterleave.cpp">
      <Filter>Neon</Filter>
    </ClCompile>
    <ClCompile Include="Simd\SimdNeonDetection.cpp">
      <Filter>Neon</Filter>
    </ClCompile>
    <ClCompile Include="Simd\SimdNeonEdgeBackground.cpp">
      <Filter>Neon</Filter>
    </ClCompile>
    <ClCompile Include="Simd\SimdNeonFill.cpp">
      <Filter>Neon</Filter>
    </ClCompile>
    <ClCompile Include="Simd\SimdNeonFloat16.cpp">
      <Filter>Neon</Filter>
    </ClCompile>
    <ClCompile Include="Simd\SimdNeonFloat32.cpp">
      <Filter>Neon</Filter>
    </ClCompile>
    <ClCompile Include="Simd\SimdNeonGaussianBlur3x3.cpp">
      <Filter>Neon</Filter>
    </ClCompile>
    <ClCompile Include="Simd\SimdNeonGemm32f.cpp">
      <Filter>Neon</Filter>
    </ClCompile>
    <ClCompile Include="Simd\SimdNeonGrayToBgr.cpp">
      <Filter>Neon</Filter>
    </ClCompile>
    <ClCompile Include="Simd\SimdNeonGrayToBgra.cpp">
      <Filter>Neon</Filter>
    </ClCompile>
    <ClCompile Include="Simd\SimdNeonHistogram.cpp">
      <Filter>Neon</Filter>
    </ClCompile>
    <ClCompile Include="Simd\SimdNeonHog.cpp">
      <Filter>Neon</Filter>
    </ClCompile>
    <ClCompile Include="Simd\SimdNeonHogLite.cpp">
      <Filter>Neon</Filter>
    </ClCompile>
    <ClCompile Include="Simd\SimdNeonInt16ToGray.cpp">
      <Filter>Neon</Filter>
    </ClCompile>
    <ClCompile Include="Simd\SimdNeonInterference.cpp">
      <Filter>Neon</Filter>
    </ClCompile>
    <ClCompile Include="Simd\SimdNeonInterleave.cpp">
      <Filter>Neon</Filter>
    </ClCompile>
    <ClCompile Include="Simd\SimdNeonLaplace.cpp">
      <Filter>Neon</Filter>
    </ClCompile>
    <ClCompile Include="Simd\SimdNeonLbp.cpp">
      <Filter>Neon</Filter>
    </ClCompile>
    <ClCompile Include="Simd\SimdNeonMeanFilter3x3.cpp">
      <Filter>Neon</Filter>
    </ClCompile>
    <ClCompile Include="Simd\SimdNeonMedianFilter.cpp">
      <Filter>Neon</Filter>
    </ClCompile>
    <ClCompile Include="Simd\SimdNeonNeural.cpp">
      <Filter>Neon</Filter>
    </ClCompile>
    <ClCompile Include="Simd\SimdNeonOperation.cpp">
      <Filter>Neon</Filter>
    </ClCompile>
    <ClCompile Include="Simd\SimdNeonReduce.cpp">
      <Filter>Neon</Filter>
    </ClCompile>
    <ClCompile Include="Simd\SimdNeonReduceGray2x2.cpp">
      <Filter>Neon</Filter>
    </ClCompile>
    <ClCompile Include="Simd\SimdNeonReduceGray3x3.cpp">
      <Filter>Neon</Filter>
    </ClCompile>
    <ClCompile Include="Simd\SimdNeonReduceGray4x4.cpp">
      <Filter>Neon</Filter>
    </ClCompile>
    <ClCompile Include="Simd\SimdNeonReduceGray5x5.cpp">
      <Filter>Neon</Filter>
    </ClCompile>
    <ClCompile Include="Simd\SimdNeonReorder.cpp">
      <Filter>Neon</Filter>
    </ClCompile>
    <ClCompile Include="Simd\SimdNeonResizeBilinear.cpp">
      <Filter>Neon</Filter>
    </ClCompile>
    <ClCompile Include="Simd\SimdNeonResizer.cpp">
      <Filter>Neon</Filter>
    </ClCompile>
    <ClCompile Include="Simd\SimdNeonSegmentation.cpp">
      <Filter>Neon</Filter>
    </ClCompile>
    <ClCompile Include="Simd\SimdNeonShiftBilinear.cpp">
      <Filter>Neon</Filter>
    </ClCompile>
    <ClCompile Include="Simd\SimdNeonSobel.cpp">
      <Filter>Neon</Filter>
    </ClCompile>
    <ClCompile Include="Simd\SimdNeonSquaredDifferenceSum.cpp">
      <Filter>Neon</Filter>
    </ClCompile>
    <ClCompile Include="Simd\SimdNeonStatistic.cpp">
      <Filter>Neon</Filter>
    </ClCompile>
    <ClCompile Include="Simd\SimdNeonStatisticMoments.cpp">
      <Filter>Neon</Filter>
    </ClCompile>
    <ClCompile Include="Simd\SimdNeonStretchGray2x2.cpp">
      <Filter>Neon</Filter>
    </ClCompile>
    <ClCompile Include="Simd\SimdNeonSvm.cpp">
      <Filter>Neon</Filter>
    </ClCompile>
    <ClCompile Include="Simd\SimdNeonSynet.cpp">
      <Filter>Neon</Filter>
    </ClCompile>
    <ClCompile Include="Simd\SimdNeonSynetActivation.cpp">
      <Filter>Neon</Filter>
    </ClCompile>
    <ClCompile Include="Simd\SimdNeonSynetConversion.cpp">
      <Filter>Neon</Filter>
    </ClCompile>
    <ClCompile Include="Simd\SimdNeonSynetConvolution8i.cpp">
      <Filter>Neon</Filter>
    </ClCompile>
    <ClCompile Include="Simd\SimdNeonSynetConvolution32f.cpp">
      <Filter>Neon</Filter>
    </ClCompile>
    <ClCompile Include="Simd\SimdNeonSynetConvolution32fNhwcDirect2f.cpp">
      <Filter>Neon</Filter>
    </ClCompile>
    <ClCompile Include="Simd\SimdNeonSynetConvolution32fNhwcDirect2r.cpp">
      <Filter>Neon</Filter>
    </ClCompile>
    <ClCompile Include="Simd\SimdNeonSynetConvolution32fNhwcDirect3r.cpp">
      <Filter>Neon</Filter>
    </ClCompile>
    <ClCompile Include="Simd\SimdNeonSynetConvolution32fNhwcDirect4r.cpp">
      <Filter>Neon</Filter>
    </ClCompile>
    <ClCompile Include="Simd\SimdNeonSynetDeconvolution32f.cpp">
      <Filter>Neon</Filter>
    </ClCompile>
    <ClCompile Include="Simd\SimdNeonSynetFused.cpp">
      <Filter>Neon</Filter>
    </ClCompile>
    <ClCompile Include="Simd\SimdNeonSynetMergedConvolution32f.cpp">
      <Filter>Neon</Filter>
    </ClCompile>
    <ClCompile Include="Simd\SimdNeonSynetPooling.cpp">
      <Filter>Neon</Filter>
    </ClCompile>
    <ClCompile Include="Simd\SimdNeonTexture.cpp">
      <Filter>Neon</Filter>
    </ClCompile>
    <ClCompile Include="Simd\SimdNeonTransform.cpp">
      <Filter>Neon</Filter>
    </ClCompile>
    <ClCompile Include="Simd\SimdNeonWinograd.cpp">
      <Filter>Neon</Filter>
    </ClCompile>
    <ClCompile Include="Simd\SimdNeonYuvToBgr.cpp">
      <Filter>Neon</Filter>
    </ClCompile>
    <ClCompile Include="Simd\SimdNeonYuvToBgra.cpp">
      <Filter>Neon</Filter>
    </ClCompile>
  </ItemGroup>
  <ItemGroup>
    <Filter Include="Neon">
      <UniqueIdentifier>{51c3a96e-009e-4de0-9c30-329e21957b9c}</UniqueIdentifier>
    </Filter>
    <Filter Include="Inc">
      <UniqueIdentifier>{e31a5615-a021-4e0f-b8c4-b542d164bc82}</UniqueIdentifier>
    </Filter>
  </ItemGroup>
  <ItemGroup>
    <ClInclude Include="Simd\SimdNeon.h">
      <Filter>Neon</Filter>
    </ClInclude>
    <ClInclude Include="Simd\SimdAllocator.hpp">
      <Filter>Inc</Filter>
    </ClInclude>
    <ClInclude Include="Simd\SimdArray.h">
      <Filter>Inc</Filter>
    </ClInclude>
    <ClInclude Include="Simd\SimdBase.h">
      <Filter>Inc</Filter>
    </ClInclude>
    <ClInclude Include="Simd\SimdBayer.h">
      <Filter>Inc</Filter>
    </ClInclude>
    <ClInclude Include="Simd\SimdCompare.h">
      <Filter>Inc</Filter>
    </ClInclude>
    <ClInclude Include="Simd\SimdConfig.h">
      <Filter>Inc</Filter>
    </ClInclude>
    <ClInclude Include="Simd\SimdConst.h">
      <Filter>Inc</Filter>
    </ClInclude>
    <ClInclude Include="Simd\SimdConversion.h">
      <Filter>Inc</Filter>
    </ClInclude>
    <ClInclude Include="Simd\SimdCpu.h">
      <Filter>Inc</Filter>
    </ClInclude>
    <ClInclude Include="Simd\SimdDefs.h">
      <Filter>Inc</Filter>
    </ClInclude>
    <ClInclude Include="Simd\SimdDetection.h">
      <Filter>Inc</Filter>
    </ClInclude>
    <ClInclude Include="Simd\SimdEnable.h">
      <Filter>Inc</Filter>
    </ClInclude>
    <ClInclude Include="Simd\SimdExp.h">
      <Filter>Inc</Filter>
    </ClInclude>
    <ClInclude Include="Simd\SimdExtract.h">
      <Filter>Inc</Filter>
    </ClInclude>
    <ClInclude Include="Simd\SimdGemm.h">
      <Filter>Inc</Filter>
    </ClInclude>
    <ClInclude Include="Simd\SimdInit.h">
      <Filter>Inc</Filter>
    </ClInclude>
    <ClInclude Include="Simd\SimdLib.h">
      <Filter>Inc</Filter>
    </ClInclude>
    <ClInclude Include="Simd\SimdLoad.h">
      <Filter>Inc</Filter>
    </ClInclude>
    <ClInclude Include="Simd\SimdLog.h">
      <Filter>Inc</Filter>
    </ClInclude>
    <ClInclude Include="Simd\SimdMath.h">
      <Filter>Inc</Filter>
    </ClInclude>
    <ClInclude Include="Simd\SimdMemory.h">
      <Filter>Inc</Filter>
    </ClInclude>
    <ClInclude Include="Simd\SimdParallel.hpp">
      <Filter>Inc</Filter>
    </ClInclude>
    <ClInclude Include="Simd\SimdPerformance.h">
      <Filter>Inc</Filter>
    </ClInclude>
    <ClInclude Include="Simd\SimdPoint.hpp">
      <Filter>Inc</Filter>
    </ClInclude>
    <ClInclude Include="Simd\SimdPow.h">
      <Filter>Inc</Filter>
    </ClInclude>
    <ClInclude Include="Simd\SimdRectangle.hpp">
      <Filter>Inc</Filter>
    </ClInclude>
    <ClInclude Include="Simd\SimdResizer.h">
      <Filter>Inc</Filter>
    </ClInclude>
    <ClInclude Include="Simd\SimdRuntime.h">
      <Filter>Inc</Filter>
    </ClInclude>
    <ClInclude Include="Simd\SimdSet.h">
      <Filter>Inc</Filter>
    </ClInclude>
    <ClInclude Include="Simd\SimdStore.h">
      <Filter>Inc</Filter>
    </ClInclude>
    <ClInclude Include="Simd\SimdSynet.h">
      <Filter>Inc</Filter>
    </ClInclude>
    <ClInclude Include="Simd\SimdSynetConvolution8i.h">
      <Filter>Inc</Filter>
    </ClInclude>
    <ClInclude Include="Simd\SimdSynetConvolution8iCommon.h">
      <Filter>Inc</Filter>
    </ClInclude>
    <ClInclude Include="Simd\SimdSynetConvolution32f.h">
      <Filter>Inc</Filter>
    </ClInclude>
    <ClInclude Include="Simd\SimdSynetConvolution32fCommon.h">
      <Filter>Inc</Filter>
    </ClInclude>
    <ClInclude Include="Simd\SimdSynetDeconvolution32f.h">
      <Filter>Inc</Filter>
    </ClInclude>
    <ClInclude Include="Simd\SimdSynetMergedConvolution32f.h">
      <Filter>Inc</Filter>
    </ClInclude>
    <ClInclude Include="Simd\SimdTime.h">
      <Filter>Inc</Filter>
    </ClInclude>
    <ClInclude Include="Simd\SimdTranspose.h">
      <Filter>Inc</Filter>
    </ClInclude>
    <ClInclude Include="Simd\SimdUpdate.h">
      <Filter>Inc</Filter>
    </ClInclude>
    <ClInclude Include="Simd\SimdView.hpp">
      <Filter>Inc</Filter>
    </ClInclude>
    <ClInclude Include="Simd\SimdWinograd.h">
      <Filter>Inc</Filter>
    </ClInclude>
  </ItemGroup>
</Project>