<?xml version="1.0" encoding="utf-8"?>
<Project ToolsVersion="4.0" xmlns="http://schemas.microsoft.com/developer/msbuild/2003">
  <ItemGroup>
    <ClCompile Include="Simd\SimdSsse3AlphaBlending.cpp">
      <Filter>Ssse3</Filter>
    </ClCompile>
    <ClCompile Include="Simd\SimdSsse3BayerToBgr.cpp">
      <Filter>Ssse3</Filter>
    </ClCompile>
    <ClCompile Include="Simd\SimdSsse3BgraToBayer.cpp">
      <Filter>Ssse3</Filter>
    </ClCompile>
    <ClCompile Include="Simd\SimdSsse3BgraToBgr.cpp">
      <Filter>Ssse3</Filter>
    </ClCompile>
    <ClCompile Include="Simd\SimdSsse3BgraToYuv.cpp">
      <Filter>Ssse3</Filter>
    </ClCompile>
    <ClCompile Include="Simd\SimdSsse3BgrToBayer.cpp">
      <Filter>Ssse3</Filter>
    </ClCompile>
    <ClCompile Include="Simd\SimdSsse3BgrToBgra.cpp">
      <Filter>Ssse3</Filter>
    </ClCompile>
    <ClCompile Include="Simd\SimdSsse3BgrToGray.cpp">
      <Filter>Ssse3</Filter>
    </ClCompile>
    <ClCompile Include="Simd\SimdSsse3BgrToRgb.cpp">
      <Filter>Ssse3</Filter>
    </ClCompile>
    <ClCompile Include="Simd\SimdSsse3BgrToYuv.cpp">
      <Filter>Ssse3</Filter>
    </ClCompile>
    <ClCompile Include="Simd\SimdSsse3Deinterleave.cpp">
      <Filter>Ssse3</Filter>
    </ClCompile>
    <ClCompile Include="Simd\SimdSsse3GaussianBlur3x3.cpp">
      <Filter>Ssse3</Filter>
    </ClCompile>
    <ClCompile Include="Simd\SimdSsse3GrayToBgr.cpp">
      <Filter>Ssse3</Filter>
    </ClCompile>
    <ClCompile Include="Simd\SimdSsse3Interleave.cpp">
      <Filter>Ssse3</Filter>
    </ClCompile>
    <ClCompile Include="Simd\SimdSsse3Laplace.cpp">
      <Filter>Ssse3</Filter>
    </ClCompile>
    <ClCompile Include="Simd\SimdSsse3MeanFilter3x3.cpp">
      <Filter>Ssse3</Filter>
    </ClCompile>
    <ClCompile Include="Simd\SimdSsse3Reduce.cpp">
      <Filter>Ssse3</Filter>
    </ClCompile>
    <ClCompile Include="Simd\SimdSsse3ReduceGray2x2.cpp">
      <Filter>Ssse3</Filter>
    </ClCompile>
    <ClCompile Include="Simd\SimdSsse3ReduceGray4x4.cpp">
      <Filter>Ssse3</Filter>
    </ClCompile>
    <ClCompile Include="Simd\SimdSsse3Reorder.cpp">
      <Filter>Ssse3</Filter>
    </ClCompile>
    <ClCompile Include="Simd\SimdSsse3ResizeBilinear.cpp">
      <Filter>Ssse3</Filter>
    </ClCompile>
    <ClCompile Include="Simd\SimdSsse3Resizer.cpp">
      <Filter>Ssse3</Filter>
    </ClCompile>
    <ClCompile Include="Simd\SimdSsse3Sobel.cpp">
      <Filter>Ssse3</Filter>
    </ClCompile>
    <ClCompile Include="Simd\SimdSsse3SquaredDifferenceSum.cpp">
      <Filter>Ssse3</Filter>
    </ClCompile>
    <ClCompile Include="Simd\SimdSsse3Texture.cpp">
      <Filter>Ssse3</Filter>
    </ClCompile>
    <ClCompile Include="Simd\SimdSsse3Transform.cpp">
      <Filter>Ssse3</Filter>
    </ClCompile>
    <ClCompile Include="Simd\SimdSsse3YuvToBgr.cpp">
      <Filter>Ssse3</Filter>
    </ClCompile>
  </ItemGroup>
  <ItemGroup>
    <Filter Include="Ssse3">
      <UniqueIdentifier>{ac3a4b77-04ac-4c17-9b81-404e261db718}</UniqueIdentifier>
    </Filter>
    <Filter Include="Inc">
      <UniqueIdentifier>{5d0a4431-6837-4042-bff7-651dc42b00e0}</UniqueIdentifier>
    </Filter>
  </ItemGroup>
  <ItemGroup>
    <ClInclude Include="Simd\SimdSsse3.h">
      <Filter>Ssse3</Filter>
    </ClInclude>
    <ClInclude Include="Simd\SimdArray.h">
      <Filter>Inc</Filter>
    </ClInclude>
    <ClInclude Include="Simd\SimdBase.h">
      <Filter>Inc</Filter>
    </ClInclude>
    <ClInclude Include="Simd\SimdBayer.h">
      <Filter>Inc</Filter>
    </ClInclude>
    <ClInclude Include="Simd\SimdCompare.h">
      <Filter>Inc</Filter>
    </ClInclude>
    <ClInclude Include="Simd\SimdConfig.h">
      <Filter>Inc</Filter>
    </ClInclude>
    <ClInclude Include="Simd\SimdConst.h">
      <Filter>Inc</Filter>
    </ClInclude>
    <ClInclude Include="Simd\SimdConversion.h">
      <Filter>Inc</Filter>
    </ClInclude>
    <ClInclude Include="Simd\SimdDefs.h">
      <Filter>Inc</Filter>
    </ClInclude>
    <ClInclude Include="Simd\SimdExtract.h">
      <Filter>Inc</Filter>
    </ClInclude>
    <ClInclude Include="Simd\SimdInit.h">
      <Filter>Inc</Filter>
    </ClInclude>
    <ClInclude Include="Simd\SimdLib.h">
      <Filter>Inc</Filter>
    </ClInclude>
    <ClInclude Include="Simd\SimdLoad.h">
      <Filter>Inc</Filter>
    </ClInclude>
    <ClInclude Include="Simd\SimdLog.h">
      <Filter>Inc</Filter>
    </ClInclude>
    <ClInclude Include="Simd\SimdMath.h">
      <Filter>Inc</Filter>
    </ClInclude>
    <ClInclude Include="Simd\SimdMemory.h">
      <Filter>Inc</Filter>
    </ClInclude>
    <ClInclude Include="Simd\SimdResizer.h">
      <Filter>Inc</Filter>
    </ClInclude>
    <ClInclude Include="Simd\SimdSet.h">
      <Filter>Inc</Filter>
    </ClInclude>
    <ClInclude Include="Simd\SimdStore.h">
      <Filter>Inc</Filter>
    </ClInclude>
  </ItemGroup>
</Project>