<?xml version="1.0" encoding="utf-8"?>
<Project ToolsVersion="4.0" xmlns="http://schemas.microsoft.com/developer/msbuild/2003">
  <ItemGroup>
    <ClCompile Include="Simd\SimdVmxAbsDifferenceSum.cpp">
      <Filter>Vmx</Filter>
    </ClCompile>
    <ClCompile Include="Simd\SimdVmxAbsGradientSaturatedSum.cpp">
      <Filter>Vmx</Filter>
    </ClCompile>
    <ClCompile Include="Simd\SimdVmxAddFeatureDifference.cpp">
      <Filter>Vmx</Filter>
    </ClCompile>
    <ClCompile Include="Simd\SimdVmxAlphaBlending.cpp">
      <Filter>Vmx</Filter>
    </ClCompile>
    <ClCompile Include="Simd\SimdVmxBackground.cpp">
      <Filter>Vmx</Filter>
    </ClCompile>
    <ClCompile Include="Simd\SimdVmxBgraToBayer.cpp">
      <Filter>Vmx</Filter>
    </ClCompile>
    <ClCompile Include="Simd\SimdVmxBgraToBgr.cpp">
      <Filter>Vmx</Filter>
    </ClCompile>
    <ClCompile Include="Simd\SimdVmxBgraToGray.cpp">
      <Filter>Vmx</Filter>
    </ClCompile>
    <ClCompile Include="Simd\SimdVmxBgraToYuv.cpp">
      <Filter>Vmx</Filter>
    </ClCompile>
    <ClCompile Include="Simd\SimdVmxBgrToBayer.cpp">
      <Filter>Vmx</Filter>
    </ClCompile>
    <ClCompile Include="Simd\SimdVmxBgrToBgra.cpp">
      <Filter>Vmx</Filter>
    </ClCompile>
    <ClCompile Include="Simd\SimdVmxBgrToGray.cpp">
      <Filter>Vmx</Filter>
    </ClCompile>
    <ClCompile Include="Simd\SimdVmxBgrToYuv.cpp">
      <Filter>Vmx</Filter>
    </ClCompile>
    <ClCompile Include="Simd\SimdVmxBinarization.cpp">
      <Filter>Vmx</Filter>
    </ClCompile>
    <ClCompile Include="Simd\SimdVmxConditional.cpp">
      <Filter>Vmx</Filter>
    </ClCompile>
    <ClCompile Include="Simd\SimdVmxDeinterleave.cpp">
      <Filter>Vmx</Filter>
    </ClCompile>
    <ClCompile Include="Simd\SimdVmxEdgeBackground.cpp">
      <Filter>Vmx</Filter>
    </ClCompile>
    <ClCompile Include="Simd\SimdVmxFill.cpp">
      <Filter>Vmx</Filter>
    </ClCompile>
    <ClCompile Include="Simd\SimdVmxGaussianBlur3x3.cpp">
      <Filter>Vmx</Filter>
    </ClCompile>
    <ClCompile Include="Simd\SimdVmxGrayToBgr.cpp">
      <Filter>Vmx</Filter>
    </ClCompile>
    <ClCompile Include="Simd\SimdVmxGrayToBgra.cpp">
      <Filter>Vmx</Filter>
    </ClCompile>
    <ClCompile Include="Simd\SimdVmxHistogram.cpp">
      <Filter>Vmx</Filter>
    </ClCompile>
    <ClCompile Include="Simd\SimdVmxInterference.cpp">
      <Filter>Vmx</Filter>
    </ClCompile>
    <ClCompile Include="Simd\SimdVmxInterleave.cpp">
      <Filter>Vmx</Filter>
    </ClCompile>
    <ClCompile Include="Simd\SimdVmxLaplace.cpp">
      <Filter>Vmx</Filter>
    </ClCompile>
    <ClCompile Include="Simd\SimdVmxLbp.cpp">
      <Filter>Vmx</Filter>
    </ClCompile>
    <ClCompile Include="Simd\SimdVmxMeanFilter3x3.cpp">
      <Filter>Vmx</Filter>
    </ClCompile>
    <ClCompile Include="Simd\SimdVmxMedianFilter.cpp">
      <Filter>Vmx</Filter>
    </ClCompile>
    <ClCompile Include="Simd\SimdVmxOperation.cpp">
      <Filter>Vmx</Filter>
    </ClCompile>
    <ClCompile Include="Simd\SimdVmxReduceGray2x2.cpp">
      <Filter>Vmx</Filter>
    </ClCompile>
    <ClCompile Include="Simd\SimdVmxReduceGray3x3.cpp">
      <Filter>Vmx</Filter>
    </ClCompile>
    <ClCompile Include="Simd\SimdVmxReduceGray4x4.cpp">
      <Filter>Vmx</Filter>
    </ClCompile>
    <ClCompile Include="Simd\SimdVmxReduceGray5x5.cpp">
      <Filter>Vmx</Filter>
    </ClCompile>
    <ClCompile Include="Simd\SimdVmxReorder.cpp">
      <Filter>Vmx</Filter>
    </ClCompile>
    <ClCompile Include="Simd\SimdVmxResizeBilinear.cpp">
      <Filter>Vmx</Filter>
    </ClCompile>
    <ClCompile Include="Simd\SimdVmxSegmentation.cpp">
      <Filter>Vmx</Filter>
    </ClCompile>
    <ClCompile Include="Simd\SimdVmxShiftBilinear.cpp">
      <Filter>Vmx</Filter>
    </ClCompile>
    <ClCompile Include="Simd\SimdVmxSobel.cpp">
      <Filter>Vmx</Filter>
    </ClCompile>
    <ClCompile Include="Simd\SimdVmxSquaredDifferenceSum.cpp">
      <Filter>Vmx</Filter>
    </ClCompile>
    <ClCompile Include="Simd\SimdVmxStatistic.cpp">
      <Filter>Vmx</Filter>
    </ClCompile>
    <ClCompile Include="Simd\SimdVmxStretchGray2x2.cpp">
      <Filter>Vmx</Filter>
    </ClCompile>
    <ClCompile Include="Simd\SimdVmxTexture.cpp">
      <Filter>Vmx</Filter>
    </ClCompile>
    <ClCompile Include="Simd\SimdVmxYuvToBgr.cpp">
      <Filter>Vmx</Filter>
    </ClCompile>
    <ClCompile Include="Simd\SimdVmxYuvToBgra.cpp">
      <Filter>Vmx</Filter>
    </ClCompile>
  </ItemGroup>
  <ItemGroup>
    <Filter Include="Vmx">
      <UniqueIdentifier>{5ea0c8d0-8ddd-443b-b065-3c1ca470a505}</UniqueIdentifier>
    </Filter>
    <Filter Include="Inc">
      <UniqueIdentifier>{5f2ef8b8-ac79-4a09-b62c-f1e16539da07}</UniqueIdentifier>
    </Filter>
  </ItemGroup>
  <ItemGroup>
    <ClInclude Include="Simd\SimdVmx.h">
      <Filter>Vmx</Filter>
    </ClInclude>
    <ClInclude Include="Simd\SimdArray.h">
      <Filter>Inc</Filter>
    </ClInclude>
    <ClInclude Include="Simd\SimdBase.h">
      <Filter>Inc</Filter>
    </ClInclude>
    <ClInclude Include="Simd\SimdCompare.h">
      <Filter>Inc</Filter>
    </ClInclude>
    <ClInclude Include="Simd\SimdConfig.h">
      <Filter>Inc</Filter>
    </ClInclude>
    <ClInclude Include="Simd\SimdConst.h">
      <Filter>Inc</Filter>
    </ClInclude>
    <ClInclude Include="Simd\SimdConversion.h">
      <Filter>Inc</Filter>
    </ClInclude>
    <ClInclude Include="Simd\SimdDefs.h">
      <Filter>Inc</Filter>
    </ClInclude>
    <ClInclude Include="Simd\SimdExtract.h">
      <Filter>Inc</Filter>
    </ClInclude>
    <ClInclude Include="Simd\SimdInit.h">
      <Filter>Inc</Filter>
    </ClInclude>
    <ClInclude Include="Simd\SimdLib.h">
      <Filter>Inc</Filter>
    </ClInclude>
    <ClInclude Include="Simd\SimdLoad.h">
      <Filter>Inc</Filter>
    </ClInclude>
    <ClInclude Include="Simd\SimdLog.h">
      <Filter>Inc</Filter>
    </ClInclude>
    <ClInclude Include="Simd\SimdMath.h">
      <Filter>Inc</Filter>
    </ClInclude>
    <ClInclude Include="Simd\SimdMemory.h">
      <Filter>Inc</Filter>
    </ClInclude>
    <ClInclude Include="Simd\SimdSet.h">
      <Filter>Inc</Filter>
    </ClInclude>
    <ClInclude Include="Simd\SimdStore.h">
      <Filter>Inc</Filter>
    </ClInclude>
  </ItemGroup>
</Project>