<?xml version="1.0" encoding="utf-8"?>
<Project ToolsVersion="4.0" xmlns="http://schemas.microsoft.com/developer/msbuild/2003">
  <ItemGroup>
    <ClCompile Include="Simd\SimdVsxHog.cpp">
      <Filter>Vsx</Filter>
    </ClCompile>
    <ClCompile Include="Simd\SimdVsxNeural.cpp">
      <Filter>Vsx</Filter>
    </ClCompile>
    <ClCompile Include="Simd\SimdVsxSquaredDifferenceSum.cpp">
      <Filter>Vsx</Filter>
    </ClCompile>
    <ClCompile Include="Simd\SimdVsxSvm.cpp">
      <Filter>Vsx</Filter>
    </ClCompile>
    <ClCompile Include="Simd\SimdVsxYuvToHue.cpp">
      <Filter>Vsx</Filter>
    </ClCompile>
  </ItemGroup>
  <ItemGroup>
    <ClInclude Include="Simd\SimdVsx.h">
      <Filter>Vsx</Filter>
    </ClInclude>
    <ClInclude Include="Simd\SimdArray.h">
      <Filter>Inc</Filter>
    </ClInclude>
    <ClInclude Include="Simd\SimdBase.h">
      <Filter>Inc</Filter>
    </ClInclude>
    <ClInclude Include="Simd\SimdConfig.h">
      <Filter>Inc</Filter>
    </ClInclude>
    <ClInclude Include="Simd\SimdConst.h">
      <Filter>Inc</Filter>
    </ClInclude>
    <ClInclude Include="Simd\SimdConversion.h">
      <Filter>Inc</Filter>
    </ClInclude>
    <ClInclude Include="Simd\SimdDefs.h">
      <Filter>Inc</Filter>
    </ClInclude>
    <ClInclude Include="Simd\SimdExtract.h">
      <Filter>Inc</Filter>
    </ClInclude>
    <ClInclude Include="Simd\SimdInit.h">
      <Filter>Inc</Filter>
    </ClInclude>
    <ClInclude Include="Simd\SimdLib.h">
      <Filter>Inc</Filter>
    </ClInclude>
    <ClInclude Include="Simd\SimdLoad.h">
      <Filter>Inc</Filter>
    </ClInclude>
    <ClInclude Include="Simd\SimdLog.h">
      <Filter>Inc</Filter>
    </ClInclude>
    <ClInclude Include="Simd\SimdMath.h">
      <Filter>Inc</Filter>
    </ClInclude>
    <ClInclude Include="Simd\SimdMemory.h">
      <Filter>Inc</Filter>
    </ClInclude>
    <ClInclude Include="Simd\SimdSet.h">
      <Filter>Inc</Filter>
    </ClInclude>
    <ClInclude Include="Simd\SimdStore.h">
      <Filter>Inc</Filter>
    </ClInclude>
  </ItemGroup>
  <ItemGroup>
    <Filter Include="Vsx">
      <UniqueIdentifier>{7ffc695c-2ab7-4225-b69e-8d4ae3fe3b2c}</UniqueIdentifier>
    </Filter>
    <Filter Include="Inc">
      <UniqueIdentifier>{0996852c-0163-4037-bea2-3f36d46d1e3a}</UniqueIdentifier>
    </Filter>
  </ItemGroup>
</Project>