<?xml version="1.0" encoding="utf-8"?>
<Project ToolsVersion="4.0" xmlns="http://schemas.microsoft.com/developer/msbuild/2003">
  <ItemGroup>
    <Filter Include="src">
      <UniqueIdentifier>{26707982-c25a-4326-9cc5-5ec5c700af01}</UniqueIdentifier>
    </Filter>
    <Filter Include="imageio">
      <UniqueIdentifier>{8add7b2e-9189-4cb8-9299-12e1008433e2}</UniqueIdentifier>
    </Filter>
    <Filter Include="src\dec">
      <UniqueIdentifier>{549a8f42-ce7f-4807-bbe4-7d7c6363172f}</UniqueIdentifier>
    </Filter>
    <Filter Include="src\demux">
      <UniqueIdentifier>{72c46b96-81ec-4575-a894-f28381a88f22}</UniqueIdentifier>
    </Filter>
    <Filter Include="src\dsp">
      <UniqueIdentifier>{386b4fd7-e99b-4782-8c14-2d841b34f82d}</UniqueIdentifier>
    </Filter>
    <Filter Include="src\enc">
      <UniqueIdentifier>{22f135e6-88bf-4fb3-a4ab-f11f023a3d28}</UniqueIdentifier>
    </Filter>
    <Filter Include="src\mux">
      <UniqueIdentifier>{76788db7-54fe-4c64-99fe-b50237e7de8c}</UniqueIdentifier>
    </Filter>
    <Filter Include="src\utils">
      <UniqueIdentifier>{f6e84c3c-39a9-4d6a-8383-983d77c15f84}</UniqueIdentifier>
    </Filter>
    <Filter Include="src\webp">
      <UniqueIdentifier>{bd054fd1-8f73-41b6-845d-16c400dd5f63}</UniqueIdentifier>
    </Filter>
  </ItemGroup>
  <ItemGroup>
    <ClCompile Include="imageio\image_dec.c">
      <Filter>imageio</Filter>
    </ClCompile>
    <ClCompile Include="imageio\image_enc.c">
      <Filter>imageio</Filter>
    </ClCompile>
    <ClCompile Include="imageio\imageio_util.c">
      <Filter>imageio</Filter>
    </ClCompile>
    <ClCompile Include="imageio\jpegdec.c">
      <Filter>imageio</Filter>
    </ClCompile>
    <ClCompile Include="imageio\metadata.c">
      <Filter>imageio</Filter>
    </ClCompile>
    <ClCompile Include="imageio\pngdec.c">
      <Filter>imageio</Filter>
    </ClCompile>
    <ClCompile Include="imageio\pnmdec.c">
      <Filter>imageio</Filter>
    </ClCompile>
    <ClCompile Include="imageio\tiffdec.c">
      <Filter>imageio</Filter>
    </ClCompile>
    <ClCompile Include="imageio\webpdec.c">
      <Filter>imageio</Filter>
    </ClCompile>
    <ClCompile Include="imageio\wicdec.c">
      <Filter>imageio</Filter>
    </ClCompile>
    <ClCompile Include="src\dec\alpha_dec.c">
      <Filter>src\dec</Filter>
    </ClCompile>
    <ClCompile Include="src\dec\buffer_dec.c">
      <Filter>src\dec</Filter>
    </ClCompile>
    <ClCompile Include="src\dec\frame_dec.c">
      <Filter>src\dec</Filter>
    </ClCompile>
    <ClCompile Include="src\dec\idec_dec.c">
      <Filter>src\dec</Filter>
    </ClCompile>
    <ClCompile Include="src\dec\io_dec.c">
      <Filter>src\dec</Filter>
    </ClCompile>
    <ClCompile Include="src\dec\quant_dec.c">
      <Filter>src\dec</Filter>
    </ClCompile>
    <ClCompile Include="src\dec\tree_dec.c">
      <Filter>src\dec</Filter>
    </ClCompile>
    <ClCompile Include="src\dec\vp8_dec.c">
      <Filter>src\dec</Filter>
    </ClCompile>
    <ClCompile Include="src\dec\vp8l_dec.c">
      <Filter>src\dec</Filter>
    </ClCompile>
    <ClCompile Include="src\dec\webp_dec.c">
      <Filter>src\dec</Filter>
    </ClCompile>
    <ClCompile Include="src\demux\anim_decode.c">
      <Filter>src\demux</Filter>
    </ClCompile>
    <ClCompile Include="src\demux\demux.c">
      <Filter>src\demux</Filter>
    </ClCompile>
    <ClCompile Include="src\dsp\alpha_processing.c">
      <Filter>src\dsp</Filter>
    </ClCompile>
    <ClCompile Include="src\dsp\alpha_processing_mips_dsp_r2.c">
      <Filter>src\dsp</Filter>
    </ClCompile>
    <ClCompile Include="src\dsp\alpha_processing_neon.c">
      <Filter>src\dsp</Filter>
    </ClCompile>
    <ClCompile Include="src\dsp\alpha_processing_sse2.c">
      <Filter>src\dsp</Filter>
    </ClCompile>
    <ClCompile Include="src\dsp\alpha_processing_sse41.c">
      <Filter>src\dsp</Filter>
    </ClCompile>
    <ClCompile Include="src\dsp\cost.c">
      <Filter>src\dsp</Filter>
    </ClCompile>
    <ClCompile Include="src\dsp\cost_mips_dsp_r2.c">
      <Filter>src\dsp</Filter>
    </ClCompile>
    <ClCompile Include="src\dsp\cost_mips32.c">
      <Filter>src\dsp</Filter>
    </ClCompile>
    <ClCompile Include="src\dsp\cost_sse2.c">
      <Filter>src\dsp</Filter>
    </ClCompile>
    <ClCompile Include="src\dsp\cpu.c">
      <Filter>src\dsp</Filter>
    </ClCompile>
    <ClCompile Include="src\dsp\dec.c">
      <Filter>src\dsp</Filter>
    </ClCompile>
    <ClCompile Include="src\dsp\dec_clip_tables.c">
      <Filter>src\dsp</Filter>
    </ClCompile>
    <ClCompile Include="src\dsp\dec_mips_dsp_r2.c">
      <Filter>src\dsp</Filter>
    </ClCompile>
    <ClCompile Include="src\dsp\dec_mips32.c">
      <Filter>src\dsp</Filter>
    </ClCompile>
    <ClCompile Include="src\dsp\dec_msa.c">
      <Filter>src\dsp</Filter>
    </ClCompile>
    <ClCompile Include="src\dsp\dec_neon.c">
      <Filter>src\dsp</Filter>
    </ClCompile>
    <ClCompile Include="src\dsp\dec_sse2.c">
      <Filter>src\dsp</Filter>
    </ClCompile>
    <ClCompile Include="src\dsp\dec_sse41.c">
      <Filter>src\dsp</Filter>
    </ClCompile>
    <ClCompile Include="src\dsp\enc.c">
      <Filter>src\dsp</Filter>
    </ClCompile>
    <ClCompile Include="src\dsp\enc_avx2.c">
      <Filter>src\dsp</Filter>
    </ClCompile>
    <ClCompile Include="src\dsp\enc_mips_dsp_r2.c">
      <Filter>src\dsp</Filter>
    </ClCompile>
    <ClCompile Include="src\dsp\enc_mips32.c">
      <Filter>src\dsp</Filter>
    </ClCompile>
    <ClCompile Include="src\dsp\enc_msa.c">
      <Filter>src\dsp</Filter>
    </ClCompile>
    <ClCompile Include="src\dsp\enc_neon.c">
      <Filter>src\dsp</Filter>
    </ClCompile>
    <ClCompile Include="src\dsp\enc_sse2.c">
      <Filter>src\dsp</Filter>
    </ClCompile>
    <ClCompile Include="src\dsp\enc_sse41.c">
      <Filter>src\dsp</Filter>
    </ClCompile>
    <ClCompile Include="src\dsp\filters.c">
      <Filter>src\dsp</Filter>
    </ClCompile>
    <ClCompile Include="src\dsp\filters_mips_dsp_r2.c">
      <Filter>src\dsp</Filter>
    </ClCompile>
    <ClCompile Include="src\dsp\filters_msa.c">
      <Filter>src\dsp</Filter>
    </ClCompile>
    <ClCompile Include="src\dsp\filters_neon.c">
      <Filter>src\dsp</Filter>
    </ClCompile>
    <ClCompile Include="src\dsp\filters_sse2.c">
      <Filter>src\dsp</Filter>
    </ClCompile>
    <ClCompile Include="src\dsp\lossless.c">
      <Filter>src\dsp</Filter>
    </ClCompile>
    <ClCompile Include="src\dsp\lossless_enc.c">
      <Filter>src\dsp</Filter>
    </ClCompile>
    <ClCompile Include="src\dsp\lossless_enc_mips_dsp_r2.c">
      <Filter>src\dsp</Filter>
    </ClCompile>
    <ClCompile Include="src\dsp\lossless_enc_mips32.c">
      <Filter>src\dsp</Filter>
    </ClCompile>
    <ClCompile Include="src\dsp\lossless_enc_msa.c">
      <Filter>src\dsp</Filter>
    </ClCompile>
    <ClCompile Include="src\dsp\lossless_enc_neon.c">
      <Filter>src\dsp</Filter>
    </ClCompile>
    <ClCompile Include="src\dsp\lossless_enc_sse2.c">
      <Filter>src\dsp</Filter>
    </ClCompile>
    <ClCompile Include="src\dsp\lossless_enc_sse41.c">
      <Filter>src\dsp</Filter>
    </ClCompile>
    <ClCompile Include="src\dsp\lossless_mips_dsp_r2.c">
      <Filter>src\dsp</Filter>
    </ClCompile>
    <ClCompile Include="src\dsp\lossless_msa.c">
      <Filter>src\dsp</Filter>
    </ClCompile>
    <ClCompile Include="src\dsp\lossless_neon.c">
      <Filter>src\dsp</Filter>
    </ClCompile>
    <ClCompile Include="src\dsp\lossless_sse2.c">
      <Filter>src\dsp</Filter>
    </ClCompile>
    <ClCompile Include="src\dsp\rescaler.c">
      <Filter>src\dsp</Filter>
    </ClCompile>
    <ClCompile Include="src\dsp\rescaler_mips_dsp_r2.c">
      <Filter>src\dsp</Filter>
    </ClCompile>
    <ClCompile Include="src\dsp\rescaler_mips32.c">
      <Filter>src\dsp</Filter>
    </ClCompile>
    <ClCompile Include="src\dsp\rescaler_msa.c">
      <Filter>src\dsp</Filter>
    </ClCompile>
    <ClCompile Include="src\dsp\rescaler_neon.c">
      <Filter>src\dsp</Filter>
    </ClCompile>
    <ClCompile Include="src\dsp\rescaler_sse2.c">
      <Filter>src\dsp</Filter>
    </ClCompile>
    <ClCompile Include="src\dsp\ssim.c">
      <Filter>src\dsp</Filter>
    </ClCompile>
    <ClCompile Include="src\dsp\ssim_sse2.c">
      <Filter>src\dsp</Filter>
    </ClCompile>
    <ClCompile Include="src\dsp\upsampling.c">
      <Filter>src\dsp</Filter>
    </ClCompile>
    <ClCompile Include="src\dsp\upsampling_mips_dsp_r2.c">
      <Filter>src\dsp</Filter>
    </ClCompile>
    <ClCompile Include="src\dsp\upsampling_msa.c">
      <Filter>src\dsp</Filter>
    </ClCompile>
    <ClCompile Include="src\dsp\upsampling_neon.c">
      <Filter>src\dsp</Filter>
    </ClCompile>
    <ClCompile Include="src\dsp\upsampling_sse2.c">
      <Filter>src\dsp</Filter>
    </ClCompile>
    <ClCompile Include="src\dsp\upsampling_sse41.c">
      <Filter>src\dsp</Filter>
    </ClCompile>
    <ClCompile Include="src\dsp\yuv.c">
      <Filter>src\dsp</Filter>
    </ClCompile>
    <ClCompile Include="src\dsp\yuv_mips_dsp_r2.c">
      <Filter>src\dsp</Filter>
    </ClCompile>
    <ClCompile Include="src\dsp\yuv_mips32.c">
      <Filter>src\dsp</Filter>
    </ClCompile>
    <ClCompile Include="src\dsp\yuv_neon.c">
      <Filter>src\dsp</Filter>
    </ClCompile>
    <ClCompile Include="src\dsp\yuv_sse2.c">
      <Filter>src\dsp</Filter>
    </ClCompile>
    <ClCompile Include="src\dsp\yuv_sse41.c">
      <Filter>src\dsp</Filter>
    </ClCompile>
    <ClCompile Include="src\enc\alpha_enc.c">
      <Filter>src\enc</Filter>
    </ClCompile>
    <ClCompile Include="src\enc\analysis_enc.c">
      <Filter>src\enc</Filter>
    </ClCompile>
    <ClCompile Include="src\enc\backward_references_cost_enc.c">
      <Filter>src\enc</Filter>
    </ClCompile>
    <ClCompile Include="src\enc\backward_references_enc.c">
      <Filter>src\enc</Filter>
    </ClCompile>
    <ClCompile Include="src\enc\config_enc.c">
      <Filter>src\enc</Filter>
    </ClCompile>
    <ClCompile Include="src\enc\cost_enc.c">
      <Filter>src\enc</Filter>
    </ClCompile>
    <ClCompile Include="src\enc\filter_enc.c">
      <Filter>src\enc</Filter>
    </ClCompile>
    <ClCompile Include="src\enc\frame_enc.c">
      <Filter>src\enc</Filter>
    </ClCompile>
    <ClCompile Include="src\enc\histogram_enc.c">
      <Filter>src\enc</Filter>
    </ClCompile>
    <ClCompile Include="src\enc\iterator_enc.c">
      <Filter>src\enc</Filter>
    </ClCompile>
    <ClCompile Include="src\enc\near_lossless_enc.c">
      <Filter>src\enc</Filter>
    </ClCompile>
    <ClCompile Include="src\enc\picture_csp_enc.c">
      <Filter>src\enc</Filter>
    </ClCompile>
    <ClCompile Include="src\enc\picture_enc.c">
      <Filter>src\enc</Filter>
    </ClCompile>
    <ClCompile Include="src\enc\picture_psnr_enc.c">
      <Filter>src\enc</Filter>
    </ClCompile>
    <ClCompile Include="src\enc\picture_rescale_enc.c">
      <Filter>src\enc</Filter>
    </ClCompile>
    <ClCompile Include="src\enc\picture_tools_enc.c">
      <Filter>src\enc</Filter>
    </ClCompile>
    <ClCompile Include="src\enc\predictor_enc.c">
      <Filter>src\enc</Filter>
    </ClCompile>
    <ClCompile Include="src\enc\quant_enc.c">
      <Filter>src\enc</Filter>
    </ClCompile>
    <ClCompile Include="src\enc\syntax_enc.c">
      <Filter>src\enc</Filter>
    </ClCompile>
    <ClCompile Include="src\enc\token_enc.c">
      <Filter>src\enc</Filter>
    </ClCompile>
    <ClCompile Include="src\enc\tree_enc.c">
      <Filter>src\enc</Filter>
    </ClCompile>
    <ClCompile Include="src\enc\vp8l_enc.c">
      <Filter>src\enc</Filter>
    </ClCompile>
    <ClCompile Include="src\enc\webp_enc.c">
      <Filter>src\enc</Filter>
    </ClCompile>
    <ClCompile Include="src\mux\anim_encode.c">
      <Filter>src\mux</Filter>
    </ClCompile>
    <ClCompile Include="src\mux\muxedit.c">
      <Filter>src\mux</Filter>
    </ClCompile>
    <ClCompile Include="src\mux\muxinternal.c">
      <Filter>src\mux</Filter>
    </ClCompile>
    <ClCompile Include="src\mux\muxread.c">
      <Filter>src\mux</Filter>
    </ClCompile>
    <ClCompile Include="src\utils\bit_reader_utils.c">
      <Filter>src\utils</Filter>
    </ClCompile>
    <ClCompile Include="src\utils\bit_writer_utils.c">
      <Filter>src\utils</Filter>
    </ClCompile>
    <ClCompile Include="src\utils\color_cache_utils.c">
      <Filter>src\utils</Filter>
    </ClCompile>
    <ClCompile Include="src\utils\filters_utils.c">
      <Filter>src\utils</Filter>
    </ClCompile>
    <ClCompile Include="src\utils\huffman_encode_utils.c">
      <Filter>src\utils</Filter>
    </ClCompile>
    <ClCompile Include="src\utils\huffman_utils.c">
      <Filter>src\utils</Filter>
    </ClCompile>
    <ClCompile Include="src\utils\quant_levels_dec_utils.c">
      <Filter>src\utils</Filter>
    </ClCompile>
    <ClCompile Include="src\utils\quant_levels_utils.c">
      <Filter>src\utils</Filter>
    </ClCompile>
    <ClCompile Include="src\utils\random_utils.c">
      <Filter>src\utils</Filter>
    </ClCompile>
    <ClCompile Include="src\utils\rescaler_utils.c">
      <Filter>src\utils</Filter>
    </ClCompile>
    <ClCompile Include="src\utils\thread_utils.c">
      <Filter>src\utils</Filter>
    </ClCompile>
    <ClCompile Include="src\utils\utils.c">
      <Filter>src\utils</Filter>
    </ClCompile>
  </ItemGroup>
  <ItemGroup>
    <ClInclude Include="imageio\image_dec.h">
      <Filter>imageio</Filter>
    </ClInclude>
    <ClInclude Include="imageio\image_enc.h">
      <Filter>imageio</Filter>
    </ClInclude>
    <ClInclude Include="imageio\imageio_util.h">
      <Filter>imageio</Filter>
    </ClInclude>
    <ClInclude Include="imageio\jpegdec.h">
      <Filter>imageio</Filter>
    </ClInclude>
    <ClInclude Include="imageio\metadata.h">
      <Filter>imageio</Filter>
    </ClInclude>
    <ClInclude Include="imageio\pngdec.h">
      <Filter>imageio</Filter>
    </ClInclude>
    <ClInclude Include="imageio\pnmdec.h">
      <Filter>imageio</Filter>
    </ClInclude>
    <ClInclude Include="imageio\tiffdec.h">
      <Filter>imageio</Filter>
    </ClInclude>
    <ClInclude Include="imageio\webpdec.h">
      <Filter>imageio</Filter>
    </ClInclude>
    <ClInclude Include="imageio\wicdec.h">
      <Filter>imageio</Filter>
    </ClInclude>
    <ClInclude Include="src\dec\alphai_dec.h">
      <Filter>src\dec</Filter>
    </ClInclude>
    <ClInclude Include="src\dec\common_dec.h">
      <Filter>src\dec</Filter>
    </ClInclude>
    <ClInclude Include="src\dec\vp8_dec.h">
      <Filter>src\dec</Filter>
    </ClInclude>
    <ClInclude Include="src\dec\vp8i_dec.h">
      <Filter>src\dec</Filter>
    </ClInclude>
    <ClInclude Include="src\dec\vp8li_dec.h">
      <Filter>src\dec</Filter>
    </ClInclude>
    <ClInclude Include="src\dec\webpi_dec.h">
      <Filter>src\dec</Filter>
    </ClInclude>
    <ClInclude Include="src\dsp\common_sse2.h">
      <Filter>src\dsp</Filter>
    </ClInclude>
    <ClInclude Include="src\dsp\common_sse41.h">
      <Filter>src\dsp</Filter>
    </ClInclude>
    <ClInclude Include="src\dsp\dsp.h">
      <Filter>src\dsp</Filter>
    </ClInclude>
    <ClInclude Include="src\dsp\lossless.h">
      <Filter>src\dsp</Filter>
    </ClInclude>
    <ClInclude Include="src\dsp\lossless_common.h">
      <Filter>src\dsp</Filter>
    </ClInclude>
    <ClInclude Include="src\dsp\mips_macro.h">
      <Filter>src\dsp</Filter>
    </ClInclude>
    <ClInclude Include="src\dsp\msa_macro.h">
      <Filter>src\dsp</Filter>
    </ClInclude>
    <ClInclude Include="src\dsp\neon.h">
      <Filter>src\dsp</Filter>
    </ClInclude>
    <ClInclude Include="src\dsp\yuv.h">
      <Filter>src\dsp</Filter>
    </ClInclude>
    <ClInclude Include="src\enc\backward_references_enc.h">
      <Filter>src\enc</Filter>
    </ClInclude>
    <ClInclude Include="src\enc\cost_enc.h">
      <Filter>src\enc</Filter>
    </ClInclude>
    <ClInclude Include="src\enc\histogram_enc.h">
      <Filter>src\enc</Filter>
    </ClInclude>
    <ClInclude Include="src\enc\vp8i_enc.h">
      <Filter>src\enc</Filter>
    </ClInclude>
    <ClInclude Include="src\enc\vp8li_enc.h">
      <Filter>src\enc</Filter>
    </ClInclude>
    <ClInclude Include="src\mux\animi.h">
      <Filter>src\mux</Filter>
    </ClInclude>
    <ClInclude Include="src\mux\muxi.h">
      <Filter>src\mux</Filter>
    </ClInclude>
    <ClInclude Include="src\utils\bit_reader_inl_utils.h">
      <Filter>src\utils</Filter>
    </ClInclude>
    <ClInclude Include="src\utils\bit_reader_utils.h">
      <Filter>src\utils</Filter>
    </ClInclude>
    <ClInclude Include="src\utils\bit_writer_utils.h">
      <Filter>src\utils</Filter>
    </ClInclude>
    <ClInclude Include="src\utils\color_cache_utils.h">
      <Filter>src\utils</Filter>
    </ClInclude>
    <ClInclude Include="src\utils\endian_inl_utils.h">
      <Filter>src\utils</Filter>
    </ClInclude>
    <ClInclude Include="src\utils\filters_utils.h">
      <Filter>src\utils</Filter>
    </ClInclude>
    <ClInclude Include="src\utils\huffman_encode_utils.h">
      <Filter>src\utils</Filter>
    </ClInclude>
    <ClInclude Include="src\utils\huffman_utils.h">
      <Filter>src\utils</Filter>
    </ClInclude>
    <ClInclude Include="src\utils\quant_levels_dec_utils.h">
      <Filter>src\utils</Filter>
    </ClInclude>
    <ClInclude Include="src\utils\quant_levels_utils.h">
      <Filter>src\utils</Filter>
    </ClInclude>
    <ClInclude Include="src\utils\random_utils.h">
      <Filter>src\utils</Filter>
    </ClInclude>
    <ClInclude Include="src\utils\rescaler_utils.h">
      <Filter>src\utils</Filter>
    </ClInclude>
    <ClInclude Include="src\utils\thread_utils.h">
      <Filter>src\utils</Filter>
    </ClInclude>
    <ClInclude Include="src\utils\utils.h">
      <Filter>src\utils</Filter>
    </ClInclude>
    <ClInclude Include="src\webp\decode.h">
      <Filter>src\webp</Filter>
    </ClInclude>
    <ClInclude Include="src\webp\demux.h">
      <Filter>src\webp</Filter>
    </ClInclude>
    <ClInclude Include="src\webp\encode.h">
      <Filter>src\webp</Filter>
    </ClInclude>
    <ClInclude Include="src\webp\format_constants.h">
      <Filter>src\webp</Filter>
    </ClInclude>
    <ClInclude Include="src\webp\mux.h">
      <Filter>src\webp</Filter>
    </ClInclude>
    <ClInclude Include="src\webp\mux_types.h">
      <Filter>src\webp</Filter>
    </ClInclude>
    <ClInclude Include="src\webp\types.h">
      <Filter>src\webp</Filter>
    </ClInclude>
  </ItemGroup>
  <ItemGroup>
    <None Include="imageio\Android.mk">
      <Filter>imageio</Filter>
    </None>
    <None Include="imageio\Makefile.am">
      <Filter>imageio</Filter>
    </None>
    <None Include="imageio\Makefile.in">
      <Filter>imageio</Filter>
    </None>
    <None Include="src\dec\Makefile.am">
      <Filter>src\dec</Filter>
    </None>
    <None Include="src\dec\Makefile.in">
      <Filter>src\dec</Filter>
    </None>
    <None Include="src\demux\libwebpdemux.pc.in">
      <Filter>src\demux</Filter>
    </None>
    <None Include="src\demux\Makefile.am">
      <Filter>src\demux</Filter>
    </None>
    <None Include="src\demux\Makefile.in">
      <Filter>src\demux</Filter>
    </None>
    <None Include="src\dsp\Makefile.am">
      <Filter>src\dsp</Filter>
    </None>
    <None Include="src\dsp\Makefile.in">
      <Filter>src\dsp</Filter>
    </None>
    <None Include="src\enc\Makefile.am">
      <Filter>src\enc</Filter>
    </None>
    <None Include="src\enc\Makefile.in">
      <Filter>src\enc</Filter>
    </None>
    <None Include="src\mux\libwebpmux.pc.in">
      <Filter>src\mux</Filter>
    </None>
    <None Include="src\mux\Makefile.am">
      <Filter>src\mux</Filter>
    </None>
    <None Include="src\mux\Makefile.in">
      <Filter>src\mux</Filter>
    </None>
    <None Include="src\utils\Makefile.am">
      <Filter>src\utils</Filter>
    </None>
    <None Include="src\utils\Makefile.in">
      <Filter>src\utils</Filter>
    </None>
    <None Include="src\webp\config.h.in">
      <Filter>src\webp</Filter>
    </None>
  </ItemGroup>
  <ItemGroup>
    <ResourceCompile Include="src\mux\libwebpmux.rc">
      <Filter>src\mux</Filter>
    </ResourceCompile>
  </ItemGroup>
</Project>