<?xml version="1.0" encoding="utf-8"?>
<Project ToolsVersion="4.0" xmlns="http://schemas.microsoft.com/developer/msbuild/2003">
  <ItemGroup>
    <Filter Include="Img">
      <UniqueIdentifier>{9fca8626-dfd0-4b09-a56f-1362eb7284ab}</UniqueIdentifier>
    </Filter>
  </ItemGroup>
  <ItemGroup>
    <ClCompile Include="adDds.cpp">
      <Filter>Img</Filter>
    </ClCompile>
    <ClCompile Include="adGdiplus.cpp">
      <Filter>Img</Filter>
    </ClCompile>
    <ClCompile Include="adImage.cpp">
      <Filter>Img</Filter>
    </ClCompile>
    <ClCompile Include="adInit.cpp">
      <Filter>Img</Filter>
    </ClCompile>
    <ClCompile Include="adOpenJpeg.cpp">
      <Filter>Img</Filter>
    </ClCompile>
    <ClCompile Include="adPsd.cpp">
      <Filter>Img</Filter>
    </ClCompile>
    <ClCompile Include="adTga.cpp">
      <Filter>Img</Filter>
    </ClCompile>
    <ClCompile Include="adBlurringDetector.cpp" />
    <ClCompile Include="adDataCollector.cpp" />
    <ClCompile Include="adDuplResultFilter.cpp" />
    <ClCompile Include="adEngine.cpp" />
    <ClCompile Include="adFileInfo.cpp" />
    <ClCompile Include="adFileStream.cpp" />
    <ClCompile Include="adFileUtils.cpp" />
    <ClCompile Include="adHintSetter.cpp" />
    <ClCompile Include="adImageComparer.cpp" />
    <ClCompile Include="adImageData.cpp" />
    <ClCompile Include="adImageDataStorage.cpp" />
    <ClCompile Include="adImageGroup.cpp" />
    <ClCompile Include="adImageInfo.cpp" />
    <ClCompile Include="adImageInfoStorage.cpp" />
    <ClCompile Include="adImageUtils.cpp" />
    <ClCompile Include="adIniFile.cpp" />
    <ClCompile Include="adLogger.cpp" />
    <ClCompile Include="adMistakeStorage.cpp" />
    <ClCompile Include="adOptions.cpp" />
    <ClCompile Include="adPath.cpp" />
    <ClCompile Include="adPerformance.cpp" />
    <ClCompile Include="adPixelData.cpp" />
    <ClCompile Include="adRecycleBin.cpp" />
    <ClCompile Include="adResult.cpp" />
    <ClCompile Include="adResultStorage.cpp" />
    <ClCompile Include="adSearcher.cpp" />
    <ClCompile Include="adStatus.cpp" />
    <ClCompile Include="adStrings.cpp" />
    <ClCompile Include="adThreadManagement.cpp" />
    <ClCompile Include="adThreads.cpp" />
    <ClCompile Include="adUndoRedoEngine.cpp" />
    <ClCompile Include="adUndoRedoTypes.cpp" />
    <ClCompile Include="AntiDupl.cpp" />
  </ItemGroup>
  <ItemGroup>
    <ClInclude Include="adDds.h">
      <Filter>Img</Filter>
    </ClInclude>
    <ClInclude Include="adGdiplus.h">
      <Filter>Img</Filter>
    </ClInclude>
    <ClInclude Include="adImage.h">
      <Filter>Img</Filter>
    </ClInclude>
    <ClInclude Include="adInit.h">
      <Filter>Img</Filter>
    </ClInclude>
    <ClInclude Include="adOpenJpeg.h">
      <Filter>Img</Filter>
    </ClInclude>
    <ClInclude Include="adPsd.h">
      <Filter>Img</Filter>
    </ClInclude>
    <ClInclude Include="adTga.h">
      <Filter>Img</Filter>
    </ClInclude>
    <ClInclude Include="adBlurringDetector.h" />
    <ClInclude Include="adConfig.h" />
    <ClInclude Include="adDataCollector.h" />
    <ClInclude Include="adDuplResultFilter.h" />
    <ClInclude Include="adEngine.h" />
    <ClInclude Include="adException.h" />
    <ClInclude Include="adExternal.h" />
    <ClInclude Include="adFileInfo.h" />
    <ClInclude Include="adFileStream.h" />
    <ClInclude Include="adFileUtils.h" />
    <ClInclude Include="adHintSetter.h" />
    <ClInclude Include="adImageComparer.h" />
    <ClInclude Include="adImageData.h" />
    <ClInclude Include="adImageDataStorage.h" />
    <ClInclude Include="adImageGroup.h" />
    <ClInclude Include="adImageInfo.h" />
    <ClInclude Include="adImageInfoStorage.h" />
    <ClInclude Include="adImageUtils.h" />
    <ClInclude Include="adIniFile.h" />
    <ClInclude Include="adIO.h" />
    <ClInclude Include="adLogger.h" />
    <ClInclude Include="adMistakeStorage.h" />
    <ClInclude Include="adOptions.h" />
    <ClInclude Include="adPath.h" />
    <ClInclude Include="adPerformance.h" />
    <ClInclude Include="adPixelData.h" />
    <ClInclude Include="adRecycleBin.h" />
    <ClInclude Include="adResult.h" />
    <ClInclude Include="adResultStorage.h" />
    <ClInclude Include="adSearcher.h" />
    <ClInclude Include="adStatus.h" />
    <ClInclude Include="adStrings.h" />
    <ClInclude Include="adThreadManagement.h" />
    <ClInclude Include="adThreads.h" />
    <ClInclude Include="adUndoRedoEngine.h" />
    <ClInclude Include="adUndoRedoTypes.h" />
    <ClInclude Include="AntiDupl.h" />
  </ItemGroup>
</Project>