
Microsoft Visual Studio Solution File, Format Version 12.00
# Visual Studio 2012
Project("{FAE04EC0-301F-11D3-BF4B-00C04F79EFBC}") = "AntiDuplWPF", "AntiDuplWPF\AntiDuplWPF.csproj", "{D3DAF82B-7EF8-4FBE-9922-CDA58C58BA28}"
EndProject
Project("{2150E333-8FDC-42A3-9474-1A3956D46DE8}") = "3rd", "3rd", "{41B5928C-AC44-420D-BD85-6F66F2EA05BC}"
EndProject
Project("{8BC9CEB8-8B4A-11D0-8D11-00A0C91BC942}") = "Simd32", "..\3rd\Simd\Simd32.vcxproj", "{0DC3E870-30E7-45A3-982F-75EB38ED88EE}"
EndProject
Project("{8BC9CEB8-8B4A-11D0-8D11-00A0C91BC942}") = "LibOpenJpeg32", "..\3rd\LibOpenJpeg\LibOpenJpeg32.vcxproj", "{8F84A429-1AFD-4E16-A52D-65A120D9B561}"
EndProject
Project("{8BC9CEB8-8B4A-11D0-8D11-00A0C91BC942}") = "AntiDupl32", "AntiDupl\AntiDupl32.vcxproj", "{38555233-DD7B-4F45-9339-F3F70E70AF60}"
EndProject
Project("{8BC9CEB8-8B4A-11D0-8D11-00A0C91BC942}") = "libwebp", "..\3rd\libwebp\libwebp.vcxproj", "{8E20D20C-DCCB-42D5-8FF4-F0FE8F3D2A66}"
EndProject
Global
	GlobalSection(SolutionConfigurationPlatforms) = preSolution
		Debug|Any CPU = Debug|Any CPU
		Debug|Mixed Platforms = Debug|Mixed Platforms
		Debug|Win32 = Debug|Win32
		Release|Any CPU = Release|Any CPU
		Release|Mixed Platforms = Release|Mixed Platforms
		Release|Win32 = Release|Win32
		Template|Any CPU = Template|Any CPU
		Template|Mixed Platforms = Template|Mixed Platforms
		Template|Win32 = Template|Win32
	EndGlobalSection
	GlobalSection(ProjectConfigurationPlatforms) = postSolution
		{D3DAF82B-7EF8-4FBE-9922-CDA58C58BA28}.Debug|Any CPU.ActiveCfg = Debug|Any CPU
		{D3DAF82B-7EF8-4FBE-9922-CDA58C58BA28}.Debug|Any CPU.Build.0 = Debug|Any CPU
		{D3DAF82B-7EF8-4FBE-9922-CDA58C58BA28}.Debug|Mixed Platforms.ActiveCfg = Debug|Any CPU
		{D3DAF82B-7EF8-4FBE-9922-CDA58C58BA28}.Debug|Mixed Platforms.Build.0 = Debug|Any CPU
		{D3DAF82B-7EF8-4FBE-9922-CDA58C58BA28}.Debug|Win32.ActiveCfg = Debug|Any CPU
		{D3DAF82B-7EF8-4FBE-9922-CDA58C58BA28}.Release|Any CPU.ActiveCfg = Release|Any CPU
		{D3DAF82B-7EF8-4FBE-9922-CDA58C58BA28}.Release|Any CPU.Build.0 = Release|Any CPU
		{D3DAF82B-7EF8-4FBE-9922-CDA58C58BA28}.Release|Mixed Platforms.ActiveCfg = Release|Any CPU
		{D3DAF82B-7EF8-4FBE-9922-CDA58C58BA28}.Release|Mixed Platforms.Build.0 = Release|Any CPU
		{D3DAF82B-7EF8-4FBE-9922-CDA58C58BA28}.Release|Win32.ActiveCfg = Release|Any CPU
		{D3DAF82B-7EF8-4FBE-9922-CDA58C58BA28}.Template|Any CPU.ActiveCfg = Release|Any CPU
		{D3DAF82B-7EF8-4FBE-9922-CDA58C58BA28}.Template|Any CPU.Build.0 = Release|Any CPU
		{D3DAF82B-7EF8-4FBE-9922-CDA58C58BA28}.Template|Mixed Platforms.ActiveCfg = Release|Any CPU
		{D3DAF82B-7EF8-4FBE-9922-CDA58C58BA28}.Template|Mixed Platforms.Build.0 = Release|Any CPU
		{D3DAF82B-7EF8-4FBE-9922-CDA58C58BA28}.Template|Win32.ActiveCfg = Release|Any CPU
		{0DC3E870-30E7-45A3-982F-75EB38ED88EE}.Debug|Any CPU.ActiveCfg = Debug|Win32
		{0DC3E870-30E7-45A3-982F-75EB38ED88EE}.Debug|Mixed Platforms.ActiveCfg = Debug|Win32
		{0DC3E870-30E7-45A3-982F-75EB38ED88EE}.Debug|Mixed Platforms.Build.0 = Debug|Win32
		{0DC3E870-30E7-45A3-982F-75EB38ED88EE}.Debug|Win32.ActiveCfg = Debug|Win32
		{0DC3E870-30E7-45A3-982F-75EB38ED88EE}.Debug|Win32.Build.0 = Debug|Win32
		{0DC3E870-30E7-45A3-982F-75EB38ED88EE}.Release|Any CPU.ActiveCfg = Release|Win32
		{0DC3E870-30E7-45A3-982F-75EB38ED88EE}.Release|Mixed Platforms.ActiveCfg = Release|Win32
		{0DC3E870-30E7-45A3-982F-75EB38ED88EE}.Release|Mixed Platforms.Build.0 = Release|Win32
		{0DC3E870-30E7-45A3-982F-75EB38ED88EE}.Release|Win32.ActiveCfg = Release|Win32
		{0DC3E870-30E7-45A3-982F-75EB38ED88EE}.Release|Win32.Build.0 = Release|Win32
		{0DC3E870-30E7-45A3-982F-75EB38ED88EE}.Template|Any CPU.ActiveCfg = Release|Win32
		{0DC3E870-30E7-45A3-982F-75EB38ED88EE}.Template|Mixed Platforms.ActiveCfg = Release|Win32
		{0DC3E870-30E7-45A3-982F-75EB38ED88EE}.Template|Mixed Platforms.Build.0 = Release|Win32
		{0DC3E870-30E7-45A3-982F-75EB38ED88EE}.Template|Win32.ActiveCfg = Release|Win32
		{0DC3E870-30E7-45A3-982F-75EB38ED88EE}.Template|Win32.Build.0 = Release|Win32
		{8F84A429-1AFD-4E16-A52D-65A120D9B561}.Debug|Any CPU.ActiveCfg = Debug|Win32
		{8F84A429-1AFD-4E16-A52D-65A120D9B561}.Debug|Mixed Platforms.ActiveCfg = Debug|Win32
		{8F84A429-1AFD-4E16-A52D-65A120D9B561}.Debug|Mixed Platforms.Build.0 = Debug|Win32
		{8F84A429-1AFD-4E16-A52D-65A120D9B561}.Debug|Win32.ActiveCfg = Debug|Win32
		{8F84A429-1AFD-4E16-A52D-65A120D9B561}.Debug|Win32.Build.0 = Debug|Win32
		{8F84A429-1AFD-4E16-A52D-65A120D9B561}.Release|Any CPU.ActiveCfg = Release|Win32
		{8F84A429-1AFD-4E16-A52D-65A120D9B561}.Release|Mixed Platforms.ActiveCfg = Release|Win32
		{8F84A429-1AFD-4E16-A52D-65A120D9B561}.Release|Mixed Platforms.Build.0 = Release|Win32
		{8F84A429-1AFD-4E16-A52D-65A120D9B561}.Release|Win32.ActiveCfg = Release|Win32
		{8F84A429-1AFD-4E16-A52D-65A120D9B561}.Release|Win32.Build.0 = Release|Win32
		{8F84A429-1AFD-4E16-A52D-65A120D9B561}.Template|Any CPU.ActiveCfg = Release|Win32
		{8F84A429-1AFD-4E16-A52D-65A120D9B561}.Template|Mixed Platforms.ActiveCfg = Release|Win32
		{8F84A429-1AFD-4E16-A52D-65A120D9B561}.Template|Mixed Platforms.Build.0 = Release|Win32
		{8F84A429-1AFD-4E16-A52D-65A120D9B561}.Template|Win32.ActiveCfg = Release|Win32
		{8F84A429-1AFD-4E16-A52D-65A120D9B561}.Template|Win32.Build.0 = Release|Win32
		{38555233-DD7B-4F45-9339-F3F70E70AF60}.Debug|Any CPU.ActiveCfg = Debug|Win32
		{38555233-DD7B-4F45-9339-F3F70E70AF60}.Debug|Mixed Platforms.ActiveCfg = Debug|Win32
		{38555233-DD7B-4F45-9339-F3F70E70AF60}.Debug|Mixed Platforms.Build.0 = Debug|Win32
		{38555233-DD7B-4F45-9339-F3F70E70AF60}.Debug|Win32.ActiveCfg = Debug|Win32
		{38555233-DD7B-4F45-9339-F3F70E70AF60}.Debug|Win32.Build.0 = Debug|Win32
		{38555233-DD7B-4F45-9339-F3F70E70AF60}.Release|Any CPU.ActiveCfg = Release|Win32
		{38555233-DD7B-4F45-9339-F3F70E70AF60}.Release|Mixed Platforms.ActiveCfg = Release|Win32
		{38555233-DD7B-4F45-9339-F3F70E70AF60}.Release|Mixed Platforms.Build.0 = Release|Win32
		{38555233-DD7B-4F45-9339-F3F70E70AF60}.Release|Win32.ActiveCfg = Release|Win32
		{38555233-DD7B-4F45-9339-F3F70E70AF60}.Release|Win32.Build.0 = Release|Win32
		{38555233-DD7B-4F45-9339-F3F70E70AF60}.Template|Any CPU.ActiveCfg = Template|Win32
		{38555233-DD7B-4F45-9339-F3F70E70AF60}.Template|Mixed Platforms.ActiveCfg = Template|Win32
		{38555233-DD7B-4F45-9339-F3F70E70AF60}.Template|Mixed Platforms.Build.0 = Template|Win32
		{38555233-DD7B-4F45-9339-F3F70E70AF60}.Template|Win32.ActiveCfg = Template|Win32
		{38555233-DD7B-4F45-9339-F3F70E70AF60}.Template|Win32.Build.0 = Template|Win32
		{8E20D20C-DCCB-42D5-8FF4-F0FE8F3D2A66}.Debug|Any CPU.ActiveCfg = Debug|Win32
		{8E20D20C-DCCB-42D5-8FF4-F0FE8F3D2A66}.Debug|Mixed Platforms.ActiveCfg = Debug|Win32
		{8E20D20C-DCCB-42D5-8FF4-F0FE8F3D2A66}.Debug|Mixed Platforms.Build.0 = Debug|Win32
		{8E20D20C-DCCB-42D5-8FF4-F0FE8F3D2A66}.Debug|Win32.ActiveCfg = Debug|Win32
		{8E20D20C-DCCB-42D5-8FF4-F0FE8F3D2A66}.Debug|Win32.Build.0 = Debug|Win32
		{8E20D20C-DCCB-42D5-8FF4-F0FE8F3D2A66}.Release|Any CPU.ActiveCfg = Release|Win32
		{8E20D20C-DCCB-42D5-8FF4-F0FE8F3D2A66}.Release|Mixed Platforms.ActiveCfg = Release|Win32
		{8E20D20C-DCCB-42D5-8FF4-F0FE8F3D2A66}.Release|Mixed Platforms.Build.0 = Release|Win32
		{8E20D20C-DCCB-42D5-8FF4-F0FE8F3D2A66}.Release|Win32.ActiveCfg = Release|Win32
		{8E20D20C-DCCB-42D5-8FF4-F0FE8F3D2A66}.Release|Win32.Build.0 = Release|Win32
		{8E20D20C-DCCB-42D5-8FF4-F0FE8F3D2A66}.Template|Any CPU.ActiveCfg = Release|Win32
		{8E20D20C-DCCB-42D5-8FF4-F0FE8F3D2A66}.Template|Mixed Platforms.ActiveCfg = Release|Win32
		{8E20D20C-DCCB-42D5-8FF4-F0FE8F3D2A66}.Template|Mixed Platforms.Build.0 = Release|Win32
		{8E20D20C-DCCB-42D5-8FF4-F0FE8F3D2A66}.Template|Win32.ActiveCfg = Release|Win32
		{8E20D20C-DCCB-42D5-8FF4-F0FE8F3D2A66}.Template|Win32.Build.0 = Release|Win32
	EndGlobalSection
	GlobalSection(SolutionProperties) = preSolution
		HideSolutionNode = FALSE
	EndGlobalSection
	GlobalSection(NestedProjects) = preSolution
		{0DC3E870-30E7-45A3-982F-75EB38ED88EE} = {41B5928C-AC44-420D-BD85-6F66F2EA05BC}
		{8F84A429-1AFD-4E16-A52D-65A120D9B561} = {41B5928C-AC44-420D-BD85-6F66F2EA05BC}
		{8E20D20C-DCCB-42D5-8FF4-F0FE8F3D2A66} = {41B5928C-AC44-420D-BD85-6F66F2EA05BC}
	EndGlobalSection
	GlobalSection(ExtensibilityGlobals) = postSolution
		SolutionGuid = {B74652DB-FECE-4987-9C9C-1F01E3A546E5}
	EndGlobalSection
EndGlobal
