
Microsoft Visual Studio Solution File, Format Version 12.00
# Visual Studio 15
VisualStudioVersion = 15.0.27205.2004
MinimumVisualStudioVersion = 10.0.40219.1
Project("{FAE04EC0-301F-11D3-BF4B-00C04F79EFBC}") = "AntiDuplWPF", "AntiDuplWPF\AntiDuplWPF.csproj", "{D3DAF82B-7EF8-4FBE-9922-CDA58C58BA28}"
EndProject
Project("{2150E333-8FDC-42A3-9474-1A3956D46DE8}") = "3rd", "3rd", "{41B5928C-AC44-420D-BD85-6F66F2EA05BC}"
EndProject
Project("{8BC9CEB8-8B4A-11D0-8D11-00A0C91BC942}") = "Simd32", "..\3rd\Simd32.vcxproj", "{1622C4EF-06A4-4DAA-9631-5D71B32858A2}"
EndProject
Project("{8BC9CEB8-8B4A-11D0-8D11-00A0C91BC942}") = "LibOpenJpeg32", "..\3rd\LibOpenJpeg\LibOpenJpeg32.vcxproj", "{1622C4EF-06A4-4DAA-9631-5D71B32858A4}"
EndProject
Project("{8BC9CEB8-8B4A-11D0-8D11-00A0C91BC942}") = "AntiDupl32", "AntiDupl\AntiDupl32.vcxproj", "{38555233-DD7B-4F45-9339-F3F70E70AF60}"
EndProject
Global
	GlobalSection(SolutionConfigurationPlatforms) = preSolution
		Debug|Any CPU = Debug|Any CPU
		Debug|Mixed Platforms = Debug|Mixed Platforms
		Debug|Win32 = Debug|Win32
		Release|Any CPU = Release|Any CPU
		Release|Mixed Platforms = Release|Mixed Platforms
		Release|Win32 = Release|Win32
		Template|Any CPU = Template|Any CPU
		Template|Mixed Platforms = Template|Mixed Platforms
		Template|Win32 = Template|Win32
	EndGlobalSection
	GlobalSection(ProjectConfigurationPlatforms) = postSolution
		{D3DAF82B-7EF8-4FBE-9922-CDA58C58BA28}.Debug|Any CPU.ActiveCfg = Debug|Any CPU
		{D3DAF82B-7EF8-4FBE-9922-CDA58C58BA28}.Debug|Any CPU.Build.0 = Debug|Any CPU
		{D3DAF82B-7EF8-4FBE-9922-CDA58C58BA28}.Debug|Mixed Platforms.ActiveCfg = Debug|Any CPU
		{D3DAF82B-7EF8-4FBE-9922-CDA58C58BA28}.Debug|Mixed Platforms.Build.0 = Debug|Any CPU
		{D3DAF82B-7EF8-4FBE-9922-CDA58C58BA28}.Debug|Win32.ActiveCfg = Debug|Any CPU
		{D3DAF82B-7EF8-4FBE-9922-CDA58C58BA28}.Release|Any CPU.ActiveCfg = Release|Any CPU
		{D3DAF82B-7EF8-4FBE-9922-CDA58C58BA28}.Release|Any CPU.Build.0 = Release|Any CPU
		{D3DAF82B-7EF8-4FBE-9922-CDA58C58BA28}.Release|Mixed Platforms.ActiveCfg = Release|Any CPU
		{D3DAF82B-7EF8-4FBE-9922-CDA58C58BA28}.Release|Mixed Platforms.Build.0 = Release|Any CPU
		{D3DAF82B-7EF8-4FBE-9922-CDA58C58BA28}.Release|Win32.ActiveCfg = Release|Any CPU
		{D3DAF82B-7EF8-4FBE-9922-CDA58C58BA28}.Template|Any CPU.ActiveCfg = Release|Any CPU
		{D3DAF82B-7EF8-4FBE-9922-CDA58C58BA28}.Template|Any CPU.Build.0 = Release|Any CPU
		{D3DAF82B-7EF8-4FBE-9922-CDA58C58BA28}.Template|Mixed Platforms.ActiveCfg = Release|Any CPU
		{D3DAF82B-7EF8-4FBE-9922-CDA58C58BA28}.Template|Mixed Platforms.Build.0 = Release|Any CPU
		{D3DAF82B-7EF8-4FBE-9922-CDA58C58BA28}.Template|Win32.ActiveCfg = Release|Any CPU
		{1622C4EF-06A4-4DAA-9631-5D71B32858A2}.Debug|Any CPU.ActiveCfg = Debug|Win32
		{1622C4EF-06A4-4DAA-9631-5D71B32858A2}.Debug|Mixed Platforms.ActiveCfg = Debug|Win32
		{1622C4EF-06A4-4DAA-9631-5D71B32858A2}.Debug|Mixed Platforms.Build.0 = Debug|Win32
		{1622C4EF-06A4-4DAA-9631-5D71B32858A2}.Debug|Win32.ActiveCfg = Debug|Win32
		{1622C4EF-06A4-4DAA-9631-5D71B32858A2}.Debug|Win32.Build.0 = Debug|Win32
		{1622C4EF-06A4-4DAA-9631-5D71B32858A2}.Release|Any CPU.ActiveCfg = Release|Win32
		{1622C4EF-06A4-4DAA-9631-5D71B32858A2}.Release|Mixed Platforms.ActiveCfg = Release|Win32
		{1622C4EF-06A4-4DAA-9631-5D71B32858A2}.Release|Mixed Platforms.Build.0 = Release|Win32
		{1622C4EF-06A4-4DAA-9631-5D71B32858A2}.Release|Win32.ActiveCfg = Release|Win32
		{1622C4EF-06A4-4DAA-9631-5D71B32858A2}.Release|Win32.Build.0 = Release|Win32
		{1622C4EF-06A4-4DAA-9631-5D71B32858A2}.Template|Any CPU.ActiveCfg = Release|Win32
		{1622C4EF-06A4-4DAA-9631-5D71B32858A2}.Template|Mixed Platforms.ActiveCfg = Release|Win32
		{1622C4EF-06A4-4DAA-9631-5D71B32858A2}.Template|Mixed Platforms.Build.0 = Release|Win32
		{1622C4EF-06A4-4DAA-9631-5D71B32858A2}.Template|Win32.ActiveCfg = Release|Win32
		{1622C4EF-06A4-4DAA-9631-5D71B32858A2}.Template|Win32.Build.0 = Release|Win32
		{1622C4EF-06A4-4DAA-9631-5D71B32858A4}.Debug|Any CPU.ActiveCfg = Debug|Win32
		{1622C4EF-06A4-4DAA-9631-5D71B32858A4}.Debug|Mixed Platforms.ActiveCfg = Debug|Win32
		{1622C4EF-06A4-4DAA-9631-5D71B32858A4}.Debug|Mixed Platforms.Build.0 = Debug|Win32
		{1622C4EF-06A4-4DAA-9631-5D71B32858A4}.Debug|Win32.ActiveCfg = Debug|Win32
		{1622C4EF-06A4-4DAA-9631-5D71B32858A4}.Debug|Win32.Build.0 = Debug|Win32
		{1622C4EF-06A4-4DAA-9631-5D71B32858A4}.Release|Any CPU.ActiveCfg = Release|Win32
		{1622C4EF-06A4-4DAA-9631-5D71B32858A4}.Release|Mixed Platforms.ActiveCfg = Release|Win32
		{1622C4EF-06A4-4DAA-9631-5D71B32858A4}.Release|Mixed Platforms.Build.0 = Release|Win32
		{1622C4EF-06A4-4DAA-9631-5D71B32858A4}.Release|Win32.ActiveCfg = Release|Win32
		{1622C4EF-06A4-4DAA-9631-5D71B32858A4}.Release|Win32.Build.0 = Release|Win32
		{1622C4EF-06A4-4DAA-9631-5D71B32858A4}.Template|Any CPU.ActiveCfg = Release|Win32
		{1622C4EF-06A4-4DAA-9631-5D71B32858A4}.Template|Mixed Platforms.ActiveCfg = Release|Win32
		{1622C4EF-06A4-4DAA-9631-5D71B32858A4}.Template|Mixed Platforms.Build.0 = Release|Win32
		{1622C4EF-06A4-4DAA-9631-5D71B32858A4}.Template|Win32.ActiveCfg = Release|Win32
		{1622C4EF-06A4-4DAA-9631-5D71B32858A4}.Template|Win32.Build.0 = Release|Win32
		{38555233-DD7B-4F45-9339-F3F70E70AF60}.Debug|Any CPU.ActiveCfg = Debug|Win32
		{38555233-DD7B-4F45-9339-F3F70E70AF60}.Debug|Mixed Platforms.ActiveCfg = Debug|Win32
		{38555233-DD7B-4F45-9339-F3F70E70AF60}.Debug|Mixed Platforms.Build.0 = Debug|Win32
		{38555233-DD7B-4F45-9339-F3F70E70AF60}.Debug|Win32.ActiveCfg = Debug|Win32
		{38555233-DD7B-4F45-9339-F3F70E70AF60}.Debug|Win32.Build.0 = Debug|Win32
		{38555233-DD7B-4F45-9339-F3F70E70AF60}.Release|Any CPU.ActiveCfg = Release|Win32
		{38555233-DD7B-4F45-9339-F3F70E70AF60}.Release|Mixed Platforms.ActiveCfg = Release|Win32
		{38555233-DD7B-4F45-9339-F3F70E70AF60}.Release|Mixed Platforms.Build.0 = Release|Win32
		{38555233-DD7B-4F45-9339-F3F70E70AF60}.Release|Win32.ActiveCfg = Release|Win32
		{38555233-DD7B-4F45-9339-F3F70E70AF60}.Release|Win32.Build.0 = Release|Win32
		{38555233-DD7B-4F45-9339-F3F70E70AF60}.Template|Any CPU.ActiveCfg = Template|Win32
		{38555233-DD7B-4F45-9339-F3F70E70AF60}.Template|Mixed Platforms.ActiveCfg = Template|Win32
		{38555233-DD7B-4F45-9339-F3F70E70AF60}.Template|Mixed Platforms.Build.0 = Template|Win32
		{38555233-DD7B-4F45-9339-F3F70E70AF60}.Template|Win32.ActiveCfg = Template|Win32
		{38555233-DD7B-4F45-9339-F3F70E70AF60}.Template|Win32.Build.0 = Template|Win32
	EndGlobalSection
	GlobalSection(SolutionProperties) = preSolution
		HideSolutionNode = FALSE
	EndGlobalSection
	GlobalSection(NestedProjects) = preSolution
		{1622C4EF-06A4-4DAA-9631-5D71B32858A2} = {41B5928C-AC44-420D-BD85-6F66F2EA05BC}
		{1622C4EF-06A4-4DAA-9631-5D71B32858A4} = {41B5928C-AC44-420D-BD85-6F66F2EA05BC}
	EndGlobalSection
	GlobalSection(ExtensibilityGlobals) = postSolution
		SolutionGuid = {74537DA7-BD6E-416A-9AE8-7B1E34845927}
	EndGlobalSection
EndGlobal
