
Microsoft Visual Studio Solution File, Format Version 12.00
# Visual Studio Version 18
VisualStudioVersion = 18.0.11121.172 d18.0
MinimumVisualStudioVersion = 10.0.40219.1
Project("{8BC9CEB8-8B4A-11D0-8D11-00A0C91BC942}") = "AntiDupl", "AntiDupl\AntiDupl.vcxproj", "{064909D6-CA38-45EA-ABC8-9DF202E600C9}"
EndProject
Project("{9A19103F-16F7-4668-BE54-9A1E7A4F7556}") = "AntiDupl.NET.WinForms", "AntiDupl.NET.WinForms\AntiDupl.NET.WinForms.csproj", "{5E3F8B85-9C79-4EA1-90E3-BD5C84CBA820}"
	ProjectSection(ProjectDependencies) = postProject
		{8F2134F7-2163-4B0B-8C79-801631116565} = {8F2134F7-2163-4B0B-8C79-801631116565}
	EndProjectSection
EndProject
Project("{9A19103F-16F7-4668-BE54-9A1E7A4F7556}") = "AntiDupl.NET.Core", "AntiDupl.NET.Core\AntiDupl.NET.Core.csproj", "{8F2134F7-2163-4B0B-8C79-801631116565}"
	ProjectSection(ProjectDependencies) = postProject
		{064909D6-CA38-45EA-ABC8-9DF202E600C9} = {064909D6-CA38-45EA-ABC8-9DF202E600C9}
	EndProjectSection
EndProject
Project("{9A19103F-16F7-4668-BE54-9A1E7A4F7556}") = "AntiDupl.NET.WPF", "AntiDupl.NET.WPF\AntiDupl.NET.WPF.csproj", "{45E650C2-2508-4897-9A7F-3EA583FC9243}"
	ProjectSection(ProjectDependencies) = postProject
		{064909D6-CA38-45EA-ABC8-9DF202E600C9} = {064909D6-CA38-45EA-ABC8-9DF202E600C9}
		{8F2134F7-2163-4B0B-8C79-801631116565} = {8F2134F7-2163-4B0B-8C79-801631116565}
	EndProjectSection
EndProject
Project("{C7167F0D-BC9F-4E6E-AFE1-012C56B48DB5}") = "查找和显示重复图像", "查找和显示重复图像\查找和显示重复图像.wapproj", "{065AADA9-3D87-49AD-B1B8-655180E4D673}"
EndProject
Project("{2150E333-8FDC-42A3-9474-1A3956D46DE8}") = "Solution Items", "Solution Items", "{D126ED78-29AD-44C1-8189-7F40E083E2A2}"
	ProjectSection(SolutionItems) = preProject
		.editorconfig = .editorconfig
	EndProjectSection
EndProject
Global
	GlobalSection(SolutionConfigurationPlatforms) = preSolution
		Debug|Any CPU = Debug|Any CPU
		Debug|ARM = Debug|ARM
		Debug|ARM64 = Debug|ARM64
		Debug|x64 = Debug|x64
		Debug|x86 = Debug|x86
		Publish|Any CPU = Publish|Any CPU
		Publish|ARM = Publish|ARM
		Publish|ARM64 = Publish|ARM64
		Publish|x64 = Publish|x64
		Publish|x86 = Publish|x86
		Release|Any CPU = Release|Any CPU
		Release|ARM = Release|ARM
		Release|ARM64 = Release|ARM64
		Release|x64 = Release|x64
		Release|x86 = Release|x86
	EndGlobalSection
	GlobalSection(ProjectConfigurationPlatforms) = postSolution
		{064909D6-CA38-45EA-ABC8-9DF202E600C9}.Debug|Any CPU.ActiveCfg = Debug|x64
		{064909D6-CA38-45EA-ABC8-9DF202E600C9}.Debug|Any CPU.Build.0 = Debug|x64
		{064909D6-CA38-45EA-ABC8-9DF202E600C9}.Debug|ARM.ActiveCfg = Debug|x64
		{064909D6-CA38-45EA-ABC8-9DF202E600C9}.Debug|ARM.Build.0 = Debug|x64
		{064909D6-CA38-45EA-ABC8-9DF202E600C9}.Debug|ARM64.ActiveCfg = Debug|x64
		{064909D6-CA38-45EA-ABC8-9DF202E600C9}.Debug|ARM64.Build.0 = Debug|x64
		{064909D6-CA38-45EA-ABC8-9DF202E600C9}.Debug|x64.ActiveCfg = Debug|x64
		{064909D6-CA38-45EA-ABC8-9DF202E600C9}.Debug|x64.Build.0 = Debug|x64
		{064909D6-CA38-45EA-ABC8-9DF202E600C9}.Debug|x86.ActiveCfg = Debug|x64
		{064909D6-CA38-45EA-ABC8-9DF202E600C9}.Debug|x86.Build.0 = Debug|x64
		{064909D6-CA38-45EA-ABC8-9DF202E600C9}.Publish|Any CPU.ActiveCfg = Publish|x64
		{064909D6-CA38-45EA-ABC8-9DF202E600C9}.Publish|Any CPU.Build.0 = Publish|x64
		{064909D6-CA38-45EA-ABC8-9DF202E600C9}.Publish|ARM.ActiveCfg = Publish|x64
		{064909D6-CA38-45EA-ABC8-9DF202E600C9}.Publish|ARM.Build.0 = Publish|x64
		{064909D6-CA38-45EA-ABC8-9DF202E600C9}.Publish|ARM64.ActiveCfg = Publish|x64
		{064909D6-CA38-45EA-ABC8-9DF202E600C9}.Publish|ARM64.Build.0 = Publish|x64
		{064909D6-CA38-45EA-ABC8-9DF202E600C9}.Publish|x64.ActiveCfg = Publish|x64
		{064909D6-CA38-45EA-ABC8-9DF202E600C9}.Publish|x64.Build.0 = Publish|x64
		{064909D6-CA38-45EA-ABC8-9DF202E600C9}.Publish|x86.ActiveCfg = Publish|x64
		{064909D6-CA38-45EA-ABC8-9DF202E600C9}.Publish|x86.Build.0 = Publish|x64
		{064909D6-CA38-45EA-ABC8-9DF202E600C9}.Release|Any CPU.ActiveCfg = Release|x64
		{064909D6-CA38-45EA-ABC8-9DF202E600C9}.Release|Any CPU.Build.0 = Release|x64
		{064909D6-CA38-45EA-ABC8-9DF202E600C9}.Release|ARM.ActiveCfg = Release|x64
		{064909D6-CA38-45EA-ABC8-9DF202E600C9}.Release|ARM.Build.0 = Release|x64
		{064909D6-CA38-45EA-ABC8-9DF202E600C9}.Release|ARM64.ActiveCfg = Release|x64
		{064909D6-CA38-45EA-ABC8-9DF202E600C9}.Release|ARM64.Build.0 = Release|x64
		{064909D6-CA38-45EA-ABC8-9DF202E600C9}.Release|x64.ActiveCfg = Release|x64
		{064909D6-CA38-45EA-ABC8-9DF202E600C9}.Release|x64.Build.0 = Release|x64
		{064909D6-CA38-45EA-ABC8-9DF202E600C9}.Release|x86.ActiveCfg = Release|x64
		{064909D6-CA38-45EA-ABC8-9DF202E600C9}.Release|x86.Build.0 = Release|x64
		{5E3F8B85-9C79-4EA1-90E3-BD5C84CBA820}.Debug|Any CPU.ActiveCfg = Debug|x64
		{5E3F8B85-9C79-4EA1-90E3-BD5C84CBA820}.Debug|Any CPU.Build.0 = Debug|x64
		{5E3F8B85-9C79-4EA1-90E3-BD5C84CBA820}.Debug|ARM.ActiveCfg = Debug|x64
		{5E3F8B85-9C79-4EA1-90E3-BD5C84CBA820}.Debug|ARM.Build.0 = Debug|x64
		{5E3F8B85-9C79-4EA1-90E3-BD5C84CBA820}.Debug|ARM64.ActiveCfg = Debug|x64
		{5E3F8B85-9C79-4EA1-90E3-BD5C84CBA820}.Debug|ARM64.Build.0 = Debug|x64
		{5E3F8B85-9C79-4EA1-90E3-BD5C84CBA820}.Debug|x64.ActiveCfg = Debug|x64
		{5E3F8B85-9C79-4EA1-90E3-BD5C84CBA820}.Debug|x64.Build.0 = Debug|x64
		{5E3F8B85-9C79-4EA1-90E3-BD5C84CBA820}.Debug|x86.ActiveCfg = Debug|x64
		{5E3F8B85-9C79-4EA1-90E3-BD5C84CBA820}.Debug|x86.Build.0 = Debug|x64
		{5E3F8B85-9C79-4EA1-90E3-BD5C84CBA820}.Publish|Any CPU.ActiveCfg = Publish|x64
		{5E3F8B85-9C79-4EA1-90E3-BD5C84CBA820}.Publish|Any CPU.Build.0 = Publish|x64
		{5E3F8B85-9C79-4EA1-90E3-BD5C84CBA820}.Publish|ARM.ActiveCfg = Publish|x64
		{5E3F8B85-9C79-4EA1-90E3-BD5C84CBA820}.Publish|ARM.Build.0 = Publish|x64
		{5E3F8B85-9C79-4EA1-90E3-BD5C84CBA820}.Publish|ARM64.ActiveCfg = Publish|x64
		{5E3F8B85-9C79-4EA1-90E3-BD5C84CBA820}.Publish|ARM64.Build.0 = Publish|x64
		{5E3F8B85-9C79-4EA1-90E3-BD5C84CBA820}.Publish|x64.ActiveCfg = Publish|x64
		{5E3F8B85-9C79-4EA1-90E3-BD5C84CBA820}.Publish|x64.Build.0 = Publish|x64
		{5E3F8B85-9C79-4EA1-90E3-BD5C84CBA820}.Publish|x86.ActiveCfg = Publish|x64
		{5E3F8B85-9C79-4EA1-90E3-BD5C84CBA820}.Publish|x86.Build.0 = Publish|x64
		{5E3F8B85-9C79-4EA1-90E3-BD5C84CBA820}.Release|Any CPU.ActiveCfg = Release|x64
		{5E3F8B85-9C79-4EA1-90E3-BD5C84CBA820}.Release|Any CPU.Build.0 = Release|x64
		{5E3F8B85-9C79-4EA1-90E3-BD5C84CBA820}.Release|ARM.ActiveCfg = Release|x64
		{5E3F8B85-9C79-4EA1-90E3-BD5C84CBA820}.Release|ARM.Build.0 = Release|x64
		{5E3F8B85-9C79-4EA1-90E3-BD5C84CBA820}.Release|ARM64.ActiveCfg = Release|x64
		{5E3F8B85-9C79-4EA1-90E3-BD5C84CBA820}.Release|ARM64.Build.0 = Release|x64
		{5E3F8B85-9C79-4EA1-90E3-BD5C84CBA820}.Release|x64.ActiveCfg = Release|x64
		{5E3F8B85-9C79-4EA1-90E3-BD5C84CBA820}.Release|x64.Build.0 = Release|x64
		{5E3F8B85-9C79-4EA1-90E3-BD5C84CBA820}.Release|x86.ActiveCfg = Release|x64
		{5E3F8B85-9C79-4EA1-90E3-BD5C84CBA820}.Release|x86.Build.0 = Release|x64
		{8F2134F7-2163-4B0B-8C79-801631116565}.Debug|Any CPU.ActiveCfg = Debug|x64
		{8F2134F7-2163-4B0B-8C79-801631116565}.Debug|Any CPU.Build.0 = Debug|x64
		{8F2134F7-2163-4B0B-8C79-801631116565}.Debug|ARM.ActiveCfg = Debug|x64
		{8F2134F7-2163-4B0B-8C79-801631116565}.Debug|ARM.Build.0 = Debug|x64
		{8F2134F7-2163-4B0B-8C79-801631116565}.Debug|ARM64.ActiveCfg = Debug|x64
		{8F2134F7-2163-4B0B-8C79-801631116565}.Debug|ARM64.Build.0 = Debug|x64
		{8F2134F7-2163-4B0B-8C79-801631116565}.Debug|x64.ActiveCfg = Debug|x64
		{8F2134F7-2163-4B0B-8C79-801631116565}.Debug|x64.Build.0 = Debug|x64
		{8F2134F7-2163-4B0B-8C79-801631116565}.Debug|x86.ActiveCfg = Debug|x64
		{8F2134F7-2163-4B0B-8C79-801631116565}.Debug|x86.Build.0 = Debug|x64
		{8F2134F7-2163-4B0B-8C79-801631116565}.Publish|Any CPU.ActiveCfg = Publish|x64
		{8F2134F7-2163-4B0B-8C79-801631116565}.Publish|Any CPU.Build.0 = Publish|x64
		{8F2134F7-2163-4B0B-8C79-801631116565}.Publish|ARM.ActiveCfg = Publish|x64
		{8F2134F7-2163-4B0B-8C79-801631116565}.Publish|ARM.Build.0 = Publish|x64
		{8F2134F7-2163-4B0B-8C79-801631116565}.Publish|ARM64.ActiveCfg = Publish|x64
		{8F2134F7-2163-4B0B-8C79-801631116565}.Publish|ARM64.Build.0 = Publish|x64
		{8F2134F7-2163-4B0B-8C79-801631116565}.Publish|x64.ActiveCfg = Publish|x64
		{8F2134F7-2163-4B0B-8C79-801631116565}.Publish|x64.Build.0 = Publish|x64
		{8F2134F7-2163-4B0B-8C79-801631116565}.Publish|x86.ActiveCfg = Publish|x64
		{8F2134F7-2163-4B0B-8C79-801631116565}.Publish|x86.Build.0 = Publish|x64
		{8F2134F7-2163-4B0B-8C79-801631116565}.Release|Any CPU.ActiveCfg = Release|x64
		{8F2134F7-2163-4B0B-8C79-801631116565}.Release|Any CPU.Build.0 = Release|x64
		{8F2134F7-2163-4B0B-8C79-801631116565}.Release|ARM.ActiveCfg = Release|x64
		{8F2134F7-2163-4B0B-8C79-801631116565}.Release|ARM.Build.0 = Release|x64
		{8F2134F7-2163-4B0B-8C79-801631116565}.Release|ARM64.ActiveCfg = Release|x64
		{8F2134F7-2163-4B0B-8C79-801631116565}.Release|ARM64.Build.0 = Release|x64
		{8F2134F7-2163-4B0B-8C79-801631116565}.Release|x64.ActiveCfg = Release|x64
		{8F2134F7-2163-4B0B-8C79-801631116565}.Release|x64.Build.0 = Release|x64
		{8F2134F7-2163-4B0B-8C79-801631116565}.Release|x86.ActiveCfg = Release|x64
		{8F2134F7-2163-4B0B-8C79-801631116565}.Release|x86.Build.0 = Release|x64
		{45E650C2-2508-4897-9A7F-3EA583FC9243}.Debug|Any CPU.ActiveCfg = Debug|x64
		{45E650C2-2508-4897-9A7F-3EA583FC9243}.Debug|Any CPU.Build.0 = Debug|x64
		{45E650C2-2508-4897-9A7F-3EA583FC9243}.Debug|ARM.ActiveCfg = Debug|x64
		{45E650C2-2508-4897-9A7F-3EA583FC9243}.Debug|ARM.Build.0 = Debug|x64
		{45E650C2-2508-4897-9A7F-3EA583FC9243}.Debug|ARM64.ActiveCfg = Debug|x64
		{45E650C2-2508-4897-9A7F-3EA583FC9243}.Debug|ARM64.Build.0 = Debug|x64
		{45E650C2-2508-4897-9A7F-3EA583FC9243}.Debug|x64.ActiveCfg = Debug|x64
		{45E650C2-2508-4897-9A7F-3EA583FC9243}.Debug|x64.Build.0 = Debug|x64
		{45E650C2-2508-4897-9A7F-3EA583FC9243}.Debug|x86.ActiveCfg = Debug|x64
		{45E650C2-2508-4897-9A7F-3EA583FC9243}.Debug|x86.Build.0 = Debug|x64
		{45E650C2-2508-4897-9A7F-3EA583FC9243}.Publish|Any CPU.ActiveCfg = Publish|x64
		{45E650C2-2508-4897-9A7F-3EA583FC9243}.Publish|Any CPU.Build.0 = Publish|x64
		{45E650C2-2508-4897-9A7F-3EA583FC9243}.Publish|ARM.ActiveCfg = Publish|x64
		{45E650C2-2508-4897-9A7F-3EA583FC9243}.Publish|ARM.Build.0 = Publish|x64
		{45E650C2-2508-4897-9A7F-3EA583FC9243}.Publish|ARM64.ActiveCfg = Publish|x64
		{45E650C2-2508-4897-9A7F-3EA583FC9243}.Publish|ARM64.Build.0 = Publish|x64
		{45E650C2-2508-4897-9A7F-3EA583FC9243}.Publish|x64.ActiveCfg = Publish|x64
		{45E650C2-2508-4897-9A7F-3EA583FC9243}.Publish|x64.Build.0 = Publish|x64
		{45E650C2-2508-4897-9A7F-3EA583FC9243}.Publish|x86.ActiveCfg = Publish|x64
		{45E650C2-2508-4897-9A7F-3EA583FC9243}.Publish|x86.Build.0 = Publish|x64
		{45E650C2-2508-4897-9A7F-3EA583FC9243}.Release|Any CPU.ActiveCfg = Release|x64
		{45E650C2-2508-4897-9A7F-3EA583FC9243}.Release|Any CPU.Build.0 = Release|x64
		{45E650C2-2508-4897-9A7F-3EA583FC9243}.Release|ARM.ActiveCfg = Release|x64
		{45E650C2-2508-4897-9A7F-3EA583FC9243}.Release|ARM.Build.0 = Release|x64
		{45E650C2-2508-4897-9A7F-3EA583FC9243}.Release|ARM64.ActiveCfg = Release|x64
		{45E650C2-2508-4897-9A7F-3EA583FC9243}.Release|ARM64.Build.0 = Release|x64
		{45E650C2-2508-4897-9A7F-3EA583FC9243}.Release|x64.ActiveCfg = Release|x64
		{45E650C2-2508-4897-9A7F-3EA583FC9243}.Release|x64.Build.0 = Release|x64
		{45E650C2-2508-4897-9A7F-3EA583FC9243}.Release|x86.ActiveCfg = Release|x64
		{45E650C2-2508-4897-9A7F-3EA583FC9243}.Release|x86.Build.0 = Release|x64
		{065AADA9-3D87-49AD-B1B8-655180E4D673}.Debug|Any CPU.ActiveCfg = Debug|Any CPU
		{065AADA9-3D87-49AD-B1B8-655180E4D673}.Debug|Any CPU.Build.0 = Debug|Any CPU
		{065AADA9-3D87-49AD-B1B8-655180E4D673}.Debug|Any CPU.Deploy.0 = Debug|Any CPU
		{065AADA9-3D87-49AD-B1B8-655180E4D673}.Debug|ARM.ActiveCfg = Debug|ARM
		{065AADA9-3D87-49AD-B1B8-655180E4D673}.Debug|ARM.Build.0 = Debug|ARM
		{065AADA9-3D87-49AD-B1B8-655180E4D673}.Debug|ARM.Deploy.0 = Debug|ARM
		{065AADA9-3D87-49AD-B1B8-655180E4D673}.Debug|ARM64.ActiveCfg = Debug|ARM64
		{065AADA9-3D87-49AD-B1B8-655180E4D673}.Debug|ARM64.Build.0 = Debug|ARM64
		{065AADA9-3D87-49AD-B1B8-655180E4D673}.Debug|ARM64.Deploy.0 = Debug|ARM64
		{065AADA9-3D87-49AD-B1B8-655180E4D673}.Debug|x64.ActiveCfg = Debug|x64
		{065AADA9-3D87-49AD-B1B8-655180E4D673}.Debug|x64.Build.0 = Debug|x64
		{065AADA9-3D87-49AD-B1B8-655180E4D673}.Debug|x64.Deploy.0 = Debug|x64
		{065AADA9-3D87-49AD-B1B8-655180E4D673}.Debug|x86.ActiveCfg = Debug|x86
		{065AADA9-3D87-49AD-B1B8-655180E4D673}.Debug|x86.Build.0 = Debug|x86
		{065AADA9-3D87-49AD-B1B8-655180E4D673}.Debug|x86.Deploy.0 = Debug|x86
		{065AADA9-3D87-49AD-B1B8-655180E4D673}.Publish|Any CPU.ActiveCfg = Release|Any CPU
		{065AADA9-3D87-49AD-B1B8-655180E4D673}.Publish|Any CPU.Build.0 = Release|Any CPU
		{065AADA9-3D87-49AD-B1B8-655180E4D673}.Publish|Any CPU.Deploy.0 = Release|Any CPU
		{065AADA9-3D87-49AD-B1B8-655180E4D673}.Publish|ARM.ActiveCfg = Release|ARM
		{065AADA9-3D87-49AD-B1B8-655180E4D673}.Publish|ARM.Build.0 = Release|ARM
		{065AADA9-3D87-49AD-B1B8-655180E4D673}.Publish|ARM.Deploy.0 = Release|ARM
		{065AADA9-3D87-49AD-B1B8-655180E4D673}.Publish|ARM64.ActiveCfg = Release|ARM64
		{065AADA9-3D87-49AD-B1B8-655180E4D673}.Publish|ARM64.Build.0 = Release|ARM64
		{065AADA9-3D87-49AD-B1B8-655180E4D673}.Publish|ARM64.Deploy.0 = Release|ARM64
		{065AADA9-3D87-49AD-B1B8-655180E4D673}.Publish|x64.ActiveCfg = Release|x64
		{065AADA9-3D87-49AD-B1B8-655180E4D673}.Publish|x64.Build.0 = Release|x64
		{065AADA9-3D87-49AD-B1B8-655180E4D673}.Publish|x64.Deploy.0 = Release|x64
		{065AADA9-3D87-49AD-B1B8-655180E4D673}.Publish|x86.ActiveCfg = Release|x86
		{065AADA9-3D87-49AD-B1B8-655180E4D673}.Publish|x86.Build.0 = Release|x86
		{065AADA9-3D87-49AD-B1B8-655180E4D673}.Publish|x86.Deploy.0 = Release|x86
		{065AADA9-3D87-49AD-B1B8-655180E4D673}.Release|Any CPU.ActiveCfg = Release|Any CPU
		{065AADA9-3D87-49AD-B1B8-655180E4D673}.Release|Any CPU.Build.0 = Release|Any CPU
		{065AADA9-3D87-49AD-B1B8-655180E4D673}.Release|Any CPU.Deploy.0 = Release|Any CPU
		{065AADA9-3D87-49AD-B1B8-655180E4D673}.Release|ARM.ActiveCfg = Release|ARM
		{065AADA9-3D87-49AD-B1B8-655180E4D673}.Release|ARM.Build.0 = Release|ARM
		{065AADA9-3D87-49AD-B1B8-655180E4D673}.Release|ARM.Deploy.0 = Release|ARM
		{065AADA9-3D87-49AD-B1B8-655180E4D673}.Release|ARM64.ActiveCfg = Release|ARM64
		{065AADA9-3D87-49AD-B1B8-655180E4D673}.Release|ARM64.Build.0 = Release|ARM64
		{065AADA9-3D87-49AD-B1B8-655180E4D673}.Release|ARM64.Deploy.0 = Release|ARM64
		{065AADA9-3D87-49AD-B1B8-655180E4D673}.Release|x64.ActiveCfg = Release|x64
		{065AADA9-3D87-49AD-B1B8-655180E4D673}.Release|x64.Build.0 = Release|x64
		{065AADA9-3D87-49AD-B1B8-655180E4D673}.Release|x64.Deploy.0 = Release|x64
		{065AADA9-3D87-49AD-B1B8-655180E4D673}.Release|x86.ActiveCfg = Release|x86
		{065AADA9-3D87-49AD-B1B8-655180E4D673}.Release|x86.Build.0 = Release|x86
		{065AADA9-3D87-49AD-B1B8-655180E4D673}.Release|x86.Deploy.0 = Release|x86
	EndGlobalSection
	GlobalSection(SolutionProperties) = preSolution
		HideSolutionNode = FALSE
	EndGlobalSection
	GlobalSection(ExtensibilityGlobals) = postSolution
		SolutionGuid = {94DBD5ED-389D-4DCB-B2F5-7FDD222B7FC9}
	EndGlobalSection
EndGlobal
