
Microsoft Visual Studio Solution File, Format Version 12.00
# Visual Studio 14
VisualStudioVersion = 14.0.25420.1
MinimumVisualStudioVersion = 10.0.40219.1
Project("{8BC9CEB8-8B4A-11D0-8D11-00A0C91BC942}") = "Simd32", "..\3rd\Simd32.vcxproj", "{1622C4EF-06A4-4DAA-9631-5D71B32858A2}"
EndProject
Project("{8BC9CEB8-8B4A-11D0-8D11-00A0C91BC942}") = "Simd64", "..\3rd\Simd64.vcxproj", "{1622C4EF-06A4-4DAA-9631-5D71B32858A3}"
EndProject
Project("{8BC9CEB8-8B4A-11D0-8D11-00A0C91BC942}") = "LibOpenJpeg32", "..\3rd\LibOpenJpeg\LibOpenJpeg32.vcxproj", "{1622C4EF-06A4-4DAA-9631-5D71B32858A4}"
EndProject
Project("{8BC9CEB8-8B4A-11D0-8D11-00A0C91BC942}") = "LibOpenJpeg64", "..\3rd\LibOpenJpeg\LibOpenJpeg64.vcxproj", "{B6080B9D-6F8C-417C-AF11-9853C47BA665}"
EndProject
Project("{2150E333-8FDC-42A3-9474-1A3956D46DE8}") = "x86", "x86", "{97926356-D6D6-4B4D-9B17-18688468EF8B}"
EndProject
Project("{2150E333-8FDC-42A3-9474-1A3956D46DE8}") = "x64", "x64", "{9F665747-6A6F-412C-BDB6-09DA776D7BF0}"
EndProject
Project("{2150E333-8FDC-42A3-9474-1A3956D46DE8}") = "net", "net", "{F75878C9-56D7-4344-9DAF-4C09BD154ED1}"
EndProject
Project("{8BC9CEB8-8B4A-11D0-8D11-00A0C91BC942}") = "AntiDupl32", "AntiDupl\AntiDupl32.vcxproj", "{7C8C9359-ED04-4415-BB91-9947B59BC71E}"
EndProject
Project("{8BC9CEB8-8B4A-11D0-8D11-00A0C91BC942}") = "AntiDupl64", "AntiDupl\AntiDupl64.vcxproj", "{064909D6-CA38-45EA-ABC8-9DF202E600C9}"
EndProject
Project("{FAE04EC0-301F-11D3-BF4B-00C04F79EFBC}") = "AntiDupl.NET", "AntiDupl.NET\AntiDupl.NET.csproj", "{394E0C8E-33D5-44B5-8056-5AD2B1C3C56A}"
EndProject
Project("{8BC9CEB8-8B4A-11D0-8D11-00A0C91BC942}") = "libwebp32", "..\3rd\libwebp\libwebp32.vcxproj", "{F47C9627-B344-44B1-9509-A3C9908A5A66}"
EndProject
Project("{8BC9CEB8-8B4A-11D0-8D11-00A0C91BC942}") = "libwebp64", "..\3rd\libwebp\libwebp64.vcxproj", "{8398EC77-8B40-4616-82CC-EFBF76138461}"
EndProject
Project("{8BC9CEB8-8B4A-11D0-8D11-00A0C91BC942}") = "TurboJpeg32", "..\3rd\TurboJpeg\TurboJpeg32.vcxproj", "{5CCC6195-D198-4457-94F7-EB3DEC7F1583}"
EndProject
Project("{8BC9CEB8-8B4A-11D0-8D11-00A0C91BC942}") = "TurboJpeg64", "..\3rd\TurboJpeg\TurboJpeg64.vcxproj", "{49457768-4766-49DF-B566-9AAD8A83FF2C}"
EndProject
Global
	GlobalSection(SolutionConfigurationPlatforms) = preSolution
		Debug|Any CPU = Debug|Any CPU
		Debug|x64 = Debug|x64
		Debug|x86 = Debug|x86
		Release|Any CPU = Release|Any CPU
		Release|x64 = Release|x64
		Release|x86 = Release|x86
	EndGlobalSection
	GlobalSection(ProjectConfigurationPlatforms) = postSolution
		{1622C4EF-06A4-4DAA-9631-5D71B32858A2}.Debug|Any CPU.ActiveCfg = Debug|Win32
		{1622C4EF-06A4-4DAA-9631-5D71B32858A2}.Debug|x64.ActiveCfg = Debug|Win32
		{1622C4EF-06A4-4DAA-9631-5D71B32858A2}.Debug|x86.ActiveCfg = Debug|Win32
		{1622C4EF-06A4-4DAA-9631-5D71B32858A2}.Debug|x86.Build.0 = Debug|Win32
		{1622C4EF-06A4-4DAA-9631-5D71B32858A2}.Release|Any CPU.ActiveCfg = Release|Win32
		{1622C4EF-06A4-4DAA-9631-5D71B32858A2}.Release|x64.ActiveCfg = Release|Win32
		{1622C4EF-06A4-4DAA-9631-5D71B32858A2}.Release|x86.ActiveCfg = Release|Win32
		{1622C4EF-06A4-4DAA-9631-5D71B32858A2}.Release|x86.Build.0 = Release|Win32
		{1622C4EF-06A4-4DAA-9631-5D71B32858A3}.Debug|Any CPU.ActiveCfg = Debug|x64
		{1622C4EF-06A4-4DAA-9631-5D71B32858A3}.Debug|x64.ActiveCfg = Debug|x64
		{1622C4EF-06A4-4DAA-9631-5D71B32858A3}.Debug|x64.Build.0 = Debug|x64
		{1622C4EF-06A4-4DAA-9631-5D71B32858A3}.Debug|x86.ActiveCfg = Debug|x64
		{1622C4EF-06A4-4DAA-9631-5D71B32858A3}.Debug|x86.Build.0 = Debug|x64
		{1622C4EF-06A4-4DAA-9631-5D71B32858A3}.Release|Any CPU.ActiveCfg = Release|x64
		{1622C4EF-06A4-4DAA-9631-5D71B32858A3}.Release|x64.ActiveCfg = Release|x64
		{1622C4EF-06A4-4DAA-9631-5D71B32858A3}.Release|x64.Build.0 = Release|x64
		{1622C4EF-06A4-4DAA-9631-5D71B32858A3}.Release|x86.ActiveCfg = Release|x64
		{1622C4EF-06A4-4DAA-9631-5D71B32858A3}.Release|x86.Build.0 = Release|x64
		{1622C4EF-06A4-4DAA-9631-5D71B32858A4}.Debug|Any CPU.ActiveCfg = Debug|Win32
		{1622C4EF-06A4-4DAA-9631-5D71B32858A4}.Debug|x64.ActiveCfg = Debug|Win32
		{1622C4EF-06A4-4DAA-9631-5D71B32858A4}.Debug|x86.ActiveCfg = Debug|Win32
		{1622C4EF-06A4-4DAA-9631-5D71B32858A4}.Debug|x86.Build.0 = Debug|Win32
		{1622C4EF-06A4-4DAA-9631-5D71B32858A4}.Release|Any CPU.ActiveCfg = Release|Win32
		{1622C4EF-06A4-4DAA-9631-5D71B32858A4}.Release|x64.ActiveCfg = Release|Win32
		{1622C4EF-06A4-4DAA-9631-5D71B32858A4}.Release|x86.ActiveCfg = Release|Win32
		{1622C4EF-06A4-4DAA-9631-5D71B32858A4}.Release|x86.Build.0 = Release|Win32
		{B6080B9D-6F8C-417C-AF11-9853C47BA665}.Debug|Any CPU.ActiveCfg = Debug|x64
		{B6080B9D-6F8C-417C-AF11-9853C47BA665}.Debug|x64.ActiveCfg = Debug|x64
		{B6080B9D-6F8C-417C-AF11-9853C47BA665}.Debug|x64.Build.0 = Debug|x64
		{B6080B9D-6F8C-417C-AF11-9853C47BA665}.Debug|x86.ActiveCfg = Debug|x64
		{B6080B9D-6F8C-417C-AF11-9853C47BA665}.Release|Any CPU.ActiveCfg = Release|x64
		{B6080B9D-6F8C-417C-AF11-9853C47BA665}.Release|x64.ActiveCfg = Release|x64
		{B6080B9D-6F8C-417C-AF11-9853C47BA665}.Release|x64.Build.0 = Release|x64
		{B6080B9D-6F8C-417C-AF11-9853C47BA665}.Release|x86.ActiveCfg = Release|x64
		{7C8C9359-ED04-4415-BB91-9947B59BC71E}.Debug|Any CPU.ActiveCfg = Debug|Win32
		{7C8C9359-ED04-4415-BB91-9947B59BC71E}.Debug|x64.ActiveCfg = Debug|Win32
		{7C8C9359-ED04-4415-BB91-9947B59BC71E}.Debug|x86.ActiveCfg = Debug|Win32
		{7C8C9359-ED04-4415-BB91-9947B59BC71E}.Debug|x86.Build.0 = Debug|Win32
		{7C8C9359-ED04-4415-BB91-9947B59BC71E}.Release|Any CPU.ActiveCfg = Release|Win32
		{7C8C9359-ED04-4415-BB91-9947B59BC71E}.Release|x64.ActiveCfg = Release|Win32
		{7C8C9359-ED04-4415-BB91-9947B59BC71E}.Release|x86.ActiveCfg = Release|Win32
		{7C8C9359-ED04-4415-BB91-9947B59BC71E}.Release|x86.Build.0 = Release|Win32
		{064909D6-CA38-45EA-ABC8-9DF202E600C9}.Debug|Any CPU.ActiveCfg = Debug|x64
		{064909D6-CA38-45EA-ABC8-9DF202E600C9}.Debug|x64.ActiveCfg = Debug|x64
		{064909D6-CA38-45EA-ABC8-9DF202E600C9}.Debug|x64.Build.0 = Debug|x64
		{064909D6-CA38-45EA-ABC8-9DF202E600C9}.Debug|x86.ActiveCfg = Debug|x64
		{064909D6-CA38-45EA-ABC8-9DF202E600C9}.Release|Any CPU.ActiveCfg = Release|x64
		{064909D6-CA38-45EA-ABC8-9DF202E600C9}.Release|x64.ActiveCfg = Release|x64
		{064909D6-CA38-45EA-ABC8-9DF202E600C9}.Release|x64.Build.0 = Release|x64
		{064909D6-CA38-45EA-ABC8-9DF202E600C9}.Release|x86.ActiveCfg = Release|x64
		{394E0C8E-33D5-44B5-8056-5AD2B1C3C56A}.Debug|Any CPU.ActiveCfg = Debug|Any CPU
		{394E0C8E-33D5-44B5-8056-5AD2B1C3C56A}.Debug|Any CPU.Build.0 = Debug|Any CPU
		{394E0C8E-33D5-44B5-8056-5AD2B1C3C56A}.Debug|x64.ActiveCfg = Debug|Any CPU
		{394E0C8E-33D5-44B5-8056-5AD2B1C3C56A}.Debug|x64.Build.0 = Debug|Any CPU
		{394E0C8E-33D5-44B5-8056-5AD2B1C3C56A}.Debug|x86.ActiveCfg = Debug|Any CPU
		{394E0C8E-33D5-44B5-8056-5AD2B1C3C56A}.Debug|x86.Build.0 = Debug|Any CPU
		{394E0C8E-33D5-44B5-8056-5AD2B1C3C56A}.Release|Any CPU.ActiveCfg = Release|Any CPU
		{394E0C8E-33D5-44B5-8056-5AD2B1C3C56A}.Release|Any CPU.Build.0 = Release|Any CPU
		{394E0C8E-33D5-44B5-8056-5AD2B1C3C56A}.Release|x64.ActiveCfg = Release|Any CPU
		{394E0C8E-33D5-44B5-8056-5AD2B1C3C56A}.Release|x64.Build.0 = Release|Any CPU
		{394E0C8E-33D5-44B5-8056-5AD2B1C3C56A}.Release|x86.ActiveCfg = Release|Any CPU
		{394E0C8E-33D5-44B5-8056-5AD2B1C3C56A}.Release|x86.Build.0 = Release|Any CPU
		{F47C9627-B344-44B1-9509-A3C9908A5A66}.Debug|Any CPU.ActiveCfg = Debug|Win32
		{F47C9627-B344-44B1-9509-A3C9908A5A66}.Debug|x64.ActiveCfg = Debug|Win32
		{F47C9627-B344-44B1-9509-A3C9908A5A66}.Debug|x86.ActiveCfg = Debug|Win32
		{F47C9627-B344-44B1-9509-A3C9908A5A66}.Debug|x86.Build.0 = Debug|Win32
		{F47C9627-B344-44B1-9509-A3C9908A5A66}.Release|Any CPU.ActiveCfg = Release|Win32
		{F47C9627-B344-44B1-9509-A3C9908A5A66}.Release|x64.ActiveCfg = Release|Win32
		{F47C9627-B344-44B1-9509-A3C9908A5A66}.Release|x86.ActiveCfg = Release|Win32
		{F47C9627-B344-44B1-9509-A3C9908A5A66}.Release|x86.Build.0 = Release|Win32
		{8398EC77-8B40-4616-82CC-EFBF76138461}.Debug|Any CPU.ActiveCfg = Debug|x64
		{8398EC77-8B40-4616-82CC-EFBF76138461}.Debug|x64.ActiveCfg = Debug|x64
		{8398EC77-8B40-4616-82CC-EFBF76138461}.Debug|x64.Build.0 = Debug|x64
		{8398EC77-8B40-4616-82CC-EFBF76138461}.Debug|x86.ActiveCfg = Debug|x64
		{8398EC77-8B40-4616-82CC-EFBF76138461}.Release|Any CPU.ActiveCfg = Release|x64
		{8398EC77-8B40-4616-82CC-EFBF76138461}.Release|x64.ActiveCfg = Release|x64
		{8398EC77-8B40-4616-82CC-EFBF76138461}.Release|x64.Build.0 = Release|x64
		{8398EC77-8B40-4616-82CC-EFBF76138461}.Release|x86.ActiveCfg = Release|x64
		{5CCC6195-D198-4457-94F7-EB3DEC7F1583}.Debug|Any CPU.ActiveCfg = Debug|Win32
		{5CCC6195-D198-4457-94F7-EB3DEC7F1583}.Debug|x64.ActiveCfg = Debug|Win32
		{5CCC6195-D198-4457-94F7-EB3DEC7F1583}.Debug|x86.ActiveCfg = Debug|Win32
		{5CCC6195-D198-4457-94F7-EB3DEC7F1583}.Debug|x86.Build.0 = Debug|Win32
		{5CCC6195-D198-4457-94F7-EB3DEC7F1583}.Release|Any CPU.ActiveCfg = Release|Win32
		{5CCC6195-D198-4457-94F7-EB3DEC7F1583}.Release|x64.ActiveCfg = Release|Win32
		{5CCC6195-D198-4457-94F7-EB3DEC7F1583}.Release|x86.ActiveCfg = Release|Win32
		{5CCC6195-D198-4457-94F7-EB3DEC7F1583}.Release|x86.Build.0 = Release|Win32
		{49457768-4766-49DF-B566-9AAD8A83FF2C}.Debug|Any CPU.ActiveCfg = Debug|x64
		{49457768-4766-49DF-B566-9AAD8A83FF2C}.Debug|x64.ActiveCfg = Debug|x64
		{49457768-4766-49DF-B566-9AAD8A83FF2C}.Debug|x64.Build.0 = Debug|x64
		{49457768-4766-49DF-B566-9AAD8A83FF2C}.Debug|x86.ActiveCfg = Debug|x64
		{49457768-4766-49DF-B566-9AAD8A83FF2C}.Release|Any CPU.ActiveCfg = Release|x64
		{49457768-4766-49DF-B566-9AAD8A83FF2C}.Release|x64.ActiveCfg = Release|x64
		{49457768-4766-49DF-B566-9AAD8A83FF2C}.Release|x64.Build.0 = Release|x64
		{49457768-4766-49DF-B566-9AAD8A83FF2C}.Release|x86.ActiveCfg = Release|x64
	EndGlobalSection
	GlobalSection(SolutionProperties) = preSolution
		HideSolutionNode = FALSE
	EndGlobalSection
	GlobalSection(NestedProjects) = preSolution
		{1622C4EF-06A4-4DAA-9631-5D71B32858A2} = {97926356-D6D6-4B4D-9B17-18688468EF8B}
		{1622C4EF-06A4-4DAA-9631-5D71B32858A3} = {9F665747-6A6F-412C-BDB6-09DA776D7BF0}
		{1622C4EF-06A4-4DAA-9631-5D71B32858A4} = {97926356-D6D6-4B4D-9B17-18688468EF8B}
		{B6080B9D-6F8C-417C-AF11-9853C47BA665} = {9F665747-6A6F-412C-BDB6-09DA776D7BF0}
		{7C8C9359-ED04-4415-BB91-9947B59BC71E} = {97926356-D6D6-4B4D-9B17-18688468EF8B}
		{064909D6-CA38-45EA-ABC8-9DF202E600C9} = {9F665747-6A6F-412C-BDB6-09DA776D7BF0}
		{394E0C8E-33D5-44B5-8056-5AD2B1C3C56A} = {F75878C9-56D7-4344-9DAF-4C09BD154ED1}
		{F47C9627-B344-44B1-9509-A3C9908A5A66} = {97926356-D6D6-4B4D-9B17-18688468EF8B}
		{8398EC77-8B40-4616-82CC-EFBF76138461} = {9F665747-6A6F-412C-BDB6-09DA776D7BF0}
		{5CCC6195-D198-4457-94F7-EB3DEC7F1583} = {97926356-D6D6-4B4D-9B17-18688468EF8B}
		{49457768-4766-49DF-B566-9AAD8A83FF2C} = {9F665747-6A6F-412C-BDB6-09DA776D7BF0}
	EndGlobalSection
	GlobalSection(ExtensibilityGlobals) = postSolution
		SolutionGuid = {94DBD5ED-389D-4DCB-B2F5-7FDD222B7FC9}
	EndGlobalSection
EndGlobal
