
Microsoft Visual Studio Solution File, Format Version 12.00
# Visual Studio Version 16
VisualStudioVersion = 16.0.30114.128
MinimumVisualStudioVersion = 10.0.40219.1
Project("{8BC9CEB8-8B4A-11D0-8D11-00A0C91BC942}") = "LibOpenJpeg32", "..\3rd\LibOpenJpeg\LibOpenJpeg32.vcxproj", "{1622C4EF-06A4-4DAA-9631-5D71B32858A4}"
EndProject
Project("{8BC9CEB8-8B4A-11D0-8D11-00A0C91BC942}") = "LibOpenJpeg64", "..\3rd\LibOpenJpeg\LibOpenJpeg64.vcxproj", "{B6080B9D-6F8C-417C-AF11-9853C47BA665}"
EndProject
Project("{2150E333-8FDC-42A3-9474-1A3956D46DE8}") = "x86", "x86", "{97926356-D6D6-4B4D-9B17-18688468EF8B}"
EndProject
Project("{2150E333-8FDC-42A3-9474-1A3956D46DE8}") = "x64", "x64", "{9F665747-6A6F-412C-BDB6-09DA776D7BF0}"
EndProject
Project("{2150E333-8FDC-42A3-9474-1A3956D46DE8}") = "net", "net", "{F75878C9-56D7-4344-9DAF-4C09BD154ED1}"
EndProject
Project("{8BC9CEB8-8B4A-11D0-8D11-00A0C91BC942}") = "AntiDupl32", "AntiDupl\AntiDupl32.vcxproj", "{7C8C9359-ED04-4415-BB91-9947B59BC71E}"
EndProject
Project("{8BC9CEB8-8B4A-11D0-8D11-00A0C91BC942}") = "AntiDupl64", "AntiDupl\AntiDupl64.vcxproj", "{064909D6-CA38-45EA-ABC8-9DF202E600C9}"
EndProject
Project("{FAE04EC0-301F-11D3-BF4B-00C04F79EFBC}") = "AntiDupl.NET", "AntiDupl.NET\AntiDupl.NET.csproj", "{394E0C8E-33D5-44B5-8056-5AD2B1C3C56A}"
EndProject
Project("{8BC9CEB8-8B4A-11D0-8D11-00A0C91BC942}") = "libwebp32", "..\3rd\libwebp\libwebp32.vcxproj", "{F47C9627-B344-44B1-9509-A3C9908A5A66}"
EndProject
Project("{8BC9CEB8-8B4A-11D0-8D11-00A0C91BC942}") = "libwebp64", "..\3rd\libwebp\libwebp64.vcxproj", "{8398EC77-8B40-4616-82CC-EFBF76138461}"
EndProject
Project("{8BC9CEB8-8B4A-11D0-8D11-00A0C91BC942}") = "TurboJpeg32", "..\3rd\TurboJpeg\TurboJpeg32.vcxproj", "{5CCC6195-D198-4457-94F7-EB3DEC7F1583}"
EndProject
Project("{8BC9CEB8-8B4A-11D0-8D11-00A0C91BC942}") = "TurboJpeg64", "..\3rd\TurboJpeg\TurboJpeg64.vcxproj", "{49457768-4766-49DF-B566-9AAD8A83FF2C}"
EndProject
Project("{2150E333-8FDC-42A3-9474-1A3956D46DE8}") = "simd", "simd", "{EFC66D65-F8EC-4397-BA76-50572D4517DF}"
EndProject
Project("{2150E333-8FDC-42A3-9474-1A3956D46DE8}") = "3rd", "3rd", "{DAE849A4-58E8-47C6-82EE-98FA0CE87173}"
EndProject
Project("{8BC9CEB8-8B4A-11D0-8D11-00A0C91BC942}") = "Base_32", "..\3rd\Simd\Base_32.vcxproj", "{1622C4EF-06A4-4DAA-9631-5D71B32858A2}"
EndProject
Project("{8BC9CEB8-8B4A-11D0-8D11-00A0C91BC942}") = "Simd_32", "..\3rd\Simd\Simd_32.vcxproj", "{C809D7A3-6C52-4E36-8582-00CED929317D}"
EndProject
Project("{2150E333-8FDC-42A3-9474-1A3956D46DE8}") = "mips", "mips", "{072CA547-AD84-4A4F-B973-1BFEAE83AAB5}"
EndProject
Project("{8BC9CEB8-8B4A-11D0-8D11-00A0C91BC942}") = "Msa_32", "..\3rd\Simd\Msa_32.vcxproj", "{AF08F27A-49FE-4A7F-84CC-3DD0005863EF}"
EndProject
Project("{2150E333-8FDC-42A3-9474-1A3956D46DE8}") = "arm", "arm", "{C72B98F8-53F9-4074-8982-B1004C8FB6A2}"
EndProject
Project("{8BC9CEB8-8B4A-11D0-8D11-00A0C91BC942}") = "Neon_32", "..\3rd\Simd\Neon_32.vcxproj", "{271C2D02-B19D-4193-8D83-CC0F06E75F3D}"
EndProject
Project("{2150E333-8FDC-42A3-9474-1A3956D46DE8}") = "ppc", "ppc", "{D60DC87A-5854-4339-A45E-5AA52893AF68}"
EndProject
Project("{8BC9CEB8-8B4A-11D0-8D11-00A0C91BC942}") = "Vsx_32", "..\3rd\Simd\Vsx_32.vcxproj", "{E3BE9FD8-D69D-4B04-B719-C475D868C5EB}"
EndProject
Project("{8BC9CEB8-8B4A-11D0-8D11-00A0C91BC942}") = "Vmx_32", "..\3rd\Simd\Vmx_32.vcxproj", "{A88B854A-FCF9-484A-BDA2-E27F1EC3A0A9}"
EndProject
Project("{2150E333-8FDC-42A3-9474-1A3956D46DE8}") = "x86", "x86", "{3BA9C623-40A3-4CC5-849B-E4DB5659A0B7}"
EndProject
Project("{2150E333-8FDC-42A3-9474-1A3956D46DE8}") = "128", "128", "{2E7FB291-DC09-485D-B4C7-21E507906359}"
EndProject
Project("{2150E333-8FDC-42A3-9474-1A3956D46DE8}") = "256", "256", "{49EF3455-9E5E-4ABE-AE92-C37BCFD36893}"
EndProject
Project("{2150E333-8FDC-42A3-9474-1A3956D46DE8}") = "512", "512", "{C8521D67-F58D-4FC6-AC77-2192B3025240}"
EndProject
Project("{8BC9CEB8-8B4A-11D0-8D11-00A0C91BC942}") = "Ssse3_32", "..\3rd\Simd\Ssse3_32.vcxproj", "{5153F702-A5FD-440D-917D-FDA213663527}"
EndProject
Project("{8BC9CEB8-8B4A-11D0-8D11-00A0C91BC942}") = "Sse42_32", "..\3rd\Simd\Sse42_32.vcxproj", "{310D4930-8048-41A0-87EC-B0987BE24281}"
EndProject
Project("{8BC9CEB8-8B4A-11D0-8D11-00A0C91BC942}") = "Sse41_32", "..\3rd\Simd\Sse41_32.vcxproj", "{50073D4B-E2EF-4FA5-9868-380C4A4DAE0C}"
EndProject
Project("{8BC9CEB8-8B4A-11D0-8D11-00A0C91BC942}") = "Sse3_32", "..\3rd\Simd\Sse3_32.vcxproj", "{541AF1EC-146D-4904-909A-2AD6C26E3B38}"
EndProject
Project("{8BC9CEB8-8B4A-11D0-8D11-00A0C91BC942}") = "Sse2_32", "..\3rd\Simd\Sse2_32.vcxproj", "{01BFB333-09D1-4D8E-85C0-C05D333CF807}"
EndProject
Project("{8BC9CEB8-8B4A-11D0-8D11-00A0C91BC942}") = "Sse1_32", "..\3rd\Simd\Sse1_32.vcxproj", "{5BD9C258-D7FB-4477-BD5F-8F6CE6EC22AE}"
EndProject
Project("{8BC9CEB8-8B4A-11D0-8D11-00A0C91BC942}") = "Avx1_32", "..\3rd\Simd\Avx1_32.vcxproj", "{D6E29B9B-EE2D-4339-8417-DCADC283884F}"
EndProject
Project("{8BC9CEB8-8B4A-11D0-8D11-00A0C91BC942}") = "Avx2_32", "..\3rd\Simd\Avx2_32.vcxproj", "{4C82474F-3B9A-4B92-AC74-2434CA1D5064}"
EndProject
Project("{8BC9CEB8-8B4A-11D0-8D11-00A0C91BC942}") = "Avx512bw_32", "..\3rd\Simd\Avx512bw_32.vcxproj", "{3E24DA78-24E3-41D2-9066-54C75BE13B90}"
EndProject
Project("{8BC9CEB8-8B4A-11D0-8D11-00A0C91BC942}") = "Avx512f_32", "..\3rd\Simd\Avx512f_32.vcxproj", "{EAEF875C-436D-4760-8E30-87B334AFD979}"
EndProject
Project("{8BC9CEB8-8B4A-11D0-8D11-00A0C91BC942}") = "Avx512vnni_32", "..\3rd\Simd\Avx512vnni_32.vcxproj", "{E89969DE-D5F1-44C5-81AF-A4283851090B}"
EndProject
Project("{2150E333-8FDC-42A3-9474-1A3956D46DE8}") = "simd", "simd", "{9A777A79-C0AE-441C-B877-F2E3275389D6}"
EndProject
Project("{2150E333-8FDC-42A3-9474-1A3956D46DE8}") = "3rd", "3rd", "{DD8F5F19-5A7D-4DA7-A81F-07C9DEC5C188}"
EndProject
Project("{2150E333-8FDC-42A3-9474-1A3956D46DE8}") = "mips", "mips", "{EEEC8CE2-65F6-4AB8-BA18-474993E7C8CB}"
EndProject
Project("{2150E333-8FDC-42A3-9474-1A3956D46DE8}") = "ppc", "ppc", "{16860C1A-1AD7-49A2-B24B-28A7F3EFF06D}"
EndProject
Project("{2150E333-8FDC-42A3-9474-1A3956D46DE8}") = "arm", "arm", "{1C8DF27B-5D9F-4D6D-B964-C7B5D4AC0635}"
EndProject
Project("{2150E333-8FDC-42A3-9474-1A3956D46DE8}") = "x86", "x86", "{24A8916D-47F9-4895-8EDA-122F761745BC}"
EndProject
Project("{2150E333-8FDC-42A3-9474-1A3956D46DE8}") = "128", "128", "{F00BB579-F3E2-4ACB-8B19-2029D74380C6}"
EndProject
Project("{2150E333-8FDC-42A3-9474-1A3956D46DE8}") = "256", "256", "{D78F69A0-1F72-4AD7-9F0F-A5BEAA7E3D42}"
EndProject
Project("{2150E333-8FDC-42A3-9474-1A3956D46DE8}") = "512", "512", "{876EA10F-F2D2-4630-9CCD-570759099104}"
EndProject
Project("{8BC9CEB8-8B4A-11D0-8D11-00A0C91BC942}") = "Avx1_64", "..\3rd\Simd\Avx1_64.vcxproj", "{810B8E84-7F94-488A-A04A-820F598813B3}"
EndProject
Project("{8BC9CEB8-8B4A-11D0-8D11-00A0C91BC942}") = "Avx2_64", "..\3rd\Simd\Avx2_64.vcxproj", "{AC3D5666-4510-4C2C-9C53-2AD9A5B5F365}"
EndProject
Project("{8BC9CEB8-8B4A-11D0-8D11-00A0C91BC942}") = "Avx512bw_64", "..\3rd\Simd\Avx512bw_64.vcxproj", "{7A379C6B-B694-40DE-8DE3-F23F5811F4DB}"
EndProject
Project("{8BC9CEB8-8B4A-11D0-8D11-00A0C91BC942}") = "Avx512f_64", "..\3rd\Simd\Avx512f_64.vcxproj", "{EC9747D9-601D-4858-A3C2-5427BC6A75A1}"
EndProject
Project("{8BC9CEB8-8B4A-11D0-8D11-00A0C91BC942}") = "Avx512vnni_64", "..\3rd\Simd\Avx512vnni_64.vcxproj", "{54217234-7CFF-4E48-873F-37B4EF50C914}"
EndProject
Project("{8BC9CEB8-8B4A-11D0-8D11-00A0C91BC942}") = "Base_64", "..\3rd\Simd\Base_64.vcxproj", "{627967C1-4623-479F-9F4E-83AF4F61FBCD}"
EndProject
Project("{8BC9CEB8-8B4A-11D0-8D11-00A0C91BC942}") = "Msa_64", "..\3rd\Simd\Msa_64.vcxproj", "{B0558ECB-DF7F-4F5F-B6ED-9B11893AE476}"
EndProject
Project("{8BC9CEB8-8B4A-11D0-8D11-00A0C91BC942}") = "Neon_64", "..\3rd\Simd\Neon_64.vcxproj", "{96467C7E-991C-4406-8304-4E08076A1A70}"
EndProject
Project("{8BC9CEB8-8B4A-11D0-8D11-00A0C91BC942}") = "Simd_64", "..\3rd\Simd\Simd_64.vcxproj", "{08DA66A5-3171-4850-ADE4-58C341696A4E}"
EndProject
Project("{8BC9CEB8-8B4A-11D0-8D11-00A0C91BC942}") = "Sse1_64", "..\3rd\Simd\Sse1_64.vcxproj", "{363EE9F3-E87A-46E6-984A-8130E3DD599B}"
EndProject
Project("{8BC9CEB8-8B4A-11D0-8D11-00A0C91BC942}") = "Sse2_64", "..\3rd\Simd\Sse2_64.vcxproj", "{1A52DCD6-934B-4DB2-9CD6-C324FCA7586E}"
EndProject
Project("{8BC9CEB8-8B4A-11D0-8D11-00A0C91BC942}") = "Sse3_64", "..\3rd\Simd\Sse3_64.vcxproj", "{6E200EB5-9F4A-42E8-B54D-EABFAA19F3DB}"
EndProject
Project("{8BC9CEB8-8B4A-11D0-8D11-00A0C91BC942}") = "Sse41_64", "..\3rd\Simd\Sse41_64.vcxproj", "{ECEDB701-4648-493D-8296-F7904A38384B}"
EndProject
Project("{8BC9CEB8-8B4A-11D0-8D11-00A0C91BC942}") = "Sse42_64", "..\3rd\Simd\Sse42_64.vcxproj", "{7D98CBB4-5CEE-4ADA-8CE2-93F4187EB6D5}"
EndProject
Project("{8BC9CEB8-8B4A-11D0-8D11-00A0C91BC942}") = "Ssse3_64", "..\3rd\Simd\Ssse3_64.vcxproj", "{F8C7EF84-E4D5-4EF5-A2E2-62D8365DDD43}"
EndProject
Project("{8BC9CEB8-8B4A-11D0-8D11-00A0C91BC942}") = "Vmx_64", "..\3rd\Simd\Vmx_64.vcxproj", "{794EB256-0C35-41D3-A548-2F3DD9A7A0EA}"
EndProject
Project("{8BC9CEB8-8B4A-11D0-8D11-00A0C91BC942}") = "Vsx_64", "..\3rd\Simd\Vsx_64.vcxproj", "{7AE68C49-9959-4C22-A6D0-680BE7B5CA04}"
EndProject
Global
	GlobalSection(SolutionConfigurationPlatforms) = preSolution
		Debug|Any CPU = Debug|Any CPU
		Debug|x64 = Debug|x64
		Debug|x86 = Debug|x86
		Release|Any CPU = Release|Any CPU
		Release|x64 = Release|x64
		Release|x86 = Release|x86
	EndGlobalSection
	GlobalSection(ProjectConfigurationPlatforms) = postSolution
		{1622C4EF-06A4-4DAA-9631-5D71B32858A4}.Debug|Any CPU.ActiveCfg = Debug|Win32
		{1622C4EF-06A4-4DAA-9631-5D71B32858A4}.Debug|x64.ActiveCfg = Debug|Win32
		{1622C4EF-06A4-4DAA-9631-5D71B32858A4}.Debug|x86.ActiveCfg = Debug|Win32
		{1622C4EF-06A4-4DAA-9631-5D71B32858A4}.Debug|x86.Build.0 = Debug|Win32
		{1622C4EF-06A4-4DAA-9631-5D71B32858A4}.Release|Any CPU.ActiveCfg = Release|Win32
		{1622C4EF-06A4-4DAA-9631-5D71B32858A4}.Release|x64.ActiveCfg = Release|Win32
		{1622C4EF-06A4-4DAA-9631-5D71B32858A4}.Release|x86.ActiveCfg = Release|Win32
		{1622C4EF-06A4-4DAA-9631-5D71B32858A4}.Release|x86.Build.0 = Release|Win32
		{B6080B9D-6F8C-417C-AF11-9853C47BA665}.Debug|Any CPU.ActiveCfg = Debug|x64
		{B6080B9D-6F8C-417C-AF11-9853C47BA665}.Debug|x64.ActiveCfg = Debug|x64
		{B6080B9D-6F8C-417C-AF11-9853C47BA665}.Debug|x64.Build.0 = Debug|x64
		{B6080B9D-6F8C-417C-AF11-9853C47BA665}.Debug|x86.ActiveCfg = Debug|x64
		{B6080B9D-6F8C-417C-AF11-9853C47BA665}.Release|Any CPU.ActiveCfg = Release|x64
		{B6080B9D-6F8C-417C-AF11-9853C47BA665}.Release|x64.ActiveCfg = Release|x64
		{B6080B9D-6F8C-417C-AF11-9853C47BA665}.Release|x64.Build.0 = Release|x64
		{B6080B9D-6F8C-417C-AF11-9853C47BA665}.Release|x86.ActiveCfg = Release|x64
		{7C8C9359-ED04-4415-BB91-9947B59BC71E}.Debug|Any CPU.ActiveCfg = Debug|Win32
		{7C8C9359-ED04-4415-BB91-9947B59BC71E}.Debug|x64.ActiveCfg = Debug|Win32
		{7C8C9359-ED04-4415-BB91-9947B59BC71E}.Debug|x86.ActiveCfg = Debug|Win32
		{7C8C9359-ED04-4415-BB91-9947B59BC71E}.Debug|x86.Build.0 = Debug|Win32
		{7C8C9359-ED04-4415-BB91-9947B59BC71E}.Release|Any CPU.ActiveCfg = Release|Win32
		{7C8C9359-ED04-4415-BB91-9947B59BC71E}.Release|x64.ActiveCfg = Release|Win32
		{7C8C9359-ED04-4415-BB91-9947B59BC71E}.Release|x86.ActiveCfg = Release|Win32
		{7C8C9359-ED04-4415-BB91-9947B59BC71E}.Release|x86.Build.0 = Release|Win32
		{064909D6-CA38-45EA-ABC8-9DF202E600C9}.Debug|Any CPU.ActiveCfg = Debug|x64
		{064909D6-CA38-45EA-ABC8-9DF202E600C9}.Debug|x64.ActiveCfg = Debug|x64
		{064909D6-CA38-45EA-ABC8-9DF202E600C9}.Debug|x64.Build.0 = Debug|x64
		{064909D6-CA38-45EA-ABC8-9DF202E600C9}.Debug|x86.ActiveCfg = Debug|x64
		{064909D6-CA38-45EA-ABC8-9DF202E600C9}.Release|Any CPU.ActiveCfg = Release|x64
		{064909D6-CA38-45EA-ABC8-9DF202E600C9}.Release|x64.ActiveCfg = Release|x64
		{064909D6-CA38-45EA-ABC8-9DF202E600C9}.Release|x64.Build.0 = Release|x64
		{064909D6-CA38-45EA-ABC8-9DF202E600C9}.Release|x86.ActiveCfg = Release|x64
		{394E0C8E-33D5-44B5-8056-5AD2B1C3C56A}.Debug|Any CPU.ActiveCfg = Debug|Any CPU
		{394E0C8E-33D5-44B5-8056-5AD2B1C3C56A}.Debug|Any CPU.Build.0 = Debug|Any CPU
		{394E0C8E-33D5-44B5-8056-5AD2B1C3C56A}.Debug|x64.ActiveCfg = Debug|Any CPU
		{394E0C8E-33D5-44B5-8056-5AD2B1C3C56A}.Debug|x64.Build.0 = Debug|Any CPU
		{394E0C8E-33D5-44B5-8056-5AD2B1C3C56A}.Debug|x86.ActiveCfg = Debug|Any CPU
		{394E0C8E-33D5-44B5-8056-5AD2B1C3C56A}.Debug|x86.Build.0 = Debug|Any CPU
		{394E0C8E-33D5-44B5-8056-5AD2B1C3C56A}.Release|Any CPU.ActiveCfg = Release|Any CPU
		{394E0C8E-33D5-44B5-8056-5AD2B1C3C56A}.Release|Any CPU.Build.0 = Release|Any CPU
		{394E0C8E-33D5-44B5-8056-5AD2B1C3C56A}.Release|x64.ActiveCfg = Release|Any CPU
		{394E0C8E-33D5-44B5-8056-5AD2B1C3C56A}.Release|x64.Build.0 = Release|Any CPU
		{394E0C8E-33D5-44B5-8056-5AD2B1C3C56A}.Release|x86.ActiveCfg = Release|Any CPU
		{394E0C8E-33D5-44B5-8056-5AD2B1C3C56A}.Release|x86.Build.0 = Release|Any CPU
		{F47C9627-B344-44B1-9509-A3C9908A5A66}.Debug|Any CPU.ActiveCfg = Debug|Win32
		{F47C9627-B344-44B1-9509-A3C9908A5A66}.Debug|x64.ActiveCfg = Debug|Win32
		{F47C9627-B344-44B1-9509-A3C9908A5A66}.Debug|x86.ActiveCfg = Debug|Win32
		{F47C9627-B344-44B1-9509-A3C9908A5A66}.Debug|x86.Build.0 = Debug|Win32
		{F47C9627-B344-44B1-9509-A3C9908A5A66}.Release|Any CPU.ActiveCfg = Release|Win32
		{F47C9627-B344-44B1-9509-A3C9908A5A66}.Release|x64.ActiveCfg = Release|Win32
		{F47C9627-B344-44B1-9509-A3C9908A5A66}.Release|x86.ActiveCfg = Release|Win32
		{F47C9627-B344-44B1-9509-A3C9908A5A66}.Release|x86.Build.0 = Release|Win32
		{8398EC77-8B40-4616-82CC-EFBF76138461}.Debug|Any CPU.ActiveCfg = Debug|x64
		{8398EC77-8B40-4616-82CC-EFBF76138461}.Debug|x64.ActiveCfg = Debug|x64
		{8398EC77-8B40-4616-82CC-EFBF76138461}.Debug|x64.Build.0 = Debug|x64
		{8398EC77-8B40-4616-82CC-EFBF76138461}.Debug|x86.ActiveCfg = Debug|x64
		{8398EC77-8B40-4616-82CC-EFBF76138461}.Release|Any CPU.ActiveCfg = Release|x64
		{8398EC77-8B40-4616-82CC-EFBF76138461}.Release|x64.ActiveCfg = Release|x64
		{8398EC77-8B40-4616-82CC-EFBF76138461}.Release|x64.Build.0 = Release|x64
		{8398EC77-8B40-4616-82CC-EFBF76138461}.Release|x86.ActiveCfg = Release|x64
		{5CCC6195-D198-4457-94F7-EB3DEC7F1583}.Debug|Any CPU.ActiveCfg = Debug|Win32
		{5CCC6195-D198-4457-94F7-EB3DEC7F1583}.Debug|x64.ActiveCfg = Debug|Win32
		{5CCC6195-D198-4457-94F7-EB3DEC7F1583}.Debug|x86.ActiveCfg = Debug|Win32
		{5CCC6195-D198-4457-94F7-EB3DEC7F1583}.Debug|x86.Build.0 = Debug|Win32
		{5CCC6195-D198-4457-94F7-EB3DEC7F1583}.Release|Any CPU.ActiveCfg = Release|Win32
		{5CCC6195-D198-4457-94F7-EB3DEC7F1583}.Release|x64.ActiveCfg = Release|Win32
		{5CCC6195-D198-4457-94F7-EB3DEC7F1583}.Release|x86.ActiveCfg = Release|Win32
		{5CCC6195-D198-4457-94F7-EB3DEC7F1583}.Release|x86.Build.0 = Release|Win32
		{49457768-4766-49DF-B566-9AAD8A83FF2C}.Debug|Any CPU.ActiveCfg = Debug|x64
		{49457768-4766-49DF-B566-9AAD8A83FF2C}.Debug|x64.ActiveCfg = Debug|x64
		{49457768-4766-49DF-B566-9AAD8A83FF2C}.Debug|x64.Build.0 = Debug|x64
		{49457768-4766-49DF-B566-9AAD8A83FF2C}.Debug|x86.ActiveCfg = Debug|x64
		{49457768-4766-49DF-B566-9AAD8A83FF2C}.Release|Any CPU.ActiveCfg = Release|x64
		{49457768-4766-49DF-B566-9AAD8A83FF2C}.Release|x64.ActiveCfg = Release|x64
		{49457768-4766-49DF-B566-9AAD8A83FF2C}.Release|x64.Build.0 = Release|x64
		{49457768-4766-49DF-B566-9AAD8A83FF2C}.Release|x86.ActiveCfg = Release|x64
		{1622C4EF-06A4-4DAA-9631-5D71B32858A2}.Debug|Any CPU.ActiveCfg = Debug|Win32
		{1622C4EF-06A4-4DAA-9631-5D71B32858A2}.Debug|x64.ActiveCfg = Debug|Win32
		{1622C4EF-06A4-4DAA-9631-5D71B32858A2}.Debug|x86.ActiveCfg = Debug|Win32
		{1622C4EF-06A4-4DAA-9631-5D71B32858A2}.Debug|x86.Build.0 = Debug|Win32
		{1622C4EF-06A4-4DAA-9631-5D71B32858A2}.Release|Any CPU.ActiveCfg = Release|Win32
		{1622C4EF-06A4-4DAA-9631-5D71B32858A2}.Release|x64.ActiveCfg = Release|Win32
		{1622C4EF-06A4-4DAA-9631-5D71B32858A2}.Release|x86.ActiveCfg = Release|Win32
		{1622C4EF-06A4-4DAA-9631-5D71B32858A2}.Release|x86.Build.0 = Release|Win32
		{C809D7A3-6C52-4E36-8582-00CED929317D}.Debug|Any CPU.ActiveCfg = Debug|Win32
		{C809D7A3-6C52-4E36-8582-00CED929317D}.Debug|x64.ActiveCfg = Debug|Win32
		{C809D7A3-6C52-4E36-8582-00CED929317D}.Debug|x86.ActiveCfg = Debug|Win32
		{C809D7A3-6C52-4E36-8582-00CED929317D}.Debug|x86.Build.0 = Debug|Win32
		{C809D7A3-6C52-4E36-8582-00CED929317D}.Release|Any CPU.ActiveCfg = Release|Win32
		{C809D7A3-6C52-4E36-8582-00CED929317D}.Release|x64.ActiveCfg = Release|Win32
		{C809D7A3-6C52-4E36-8582-00CED929317D}.Release|x86.ActiveCfg = Release|Win32
		{C809D7A3-6C52-4E36-8582-00CED929317D}.Release|x86.Build.0 = Release|Win32
		{AF08F27A-49FE-4A7F-84CC-3DD0005863EF}.Debug|Any CPU.ActiveCfg = Debug|Win32
		{AF08F27A-49FE-4A7F-84CC-3DD0005863EF}.Debug|x64.ActiveCfg = Debug|Win32
		{AF08F27A-49FE-4A7F-84CC-3DD0005863EF}.Debug|x86.ActiveCfg = Debug|Win32
		{AF08F27A-49FE-4A7F-84CC-3DD0005863EF}.Debug|x86.Build.0 = Debug|Win32
		{AF08F27A-49FE-4A7F-84CC-3DD0005863EF}.Release|Any CPU.ActiveCfg = Release|Win32
		{AF08F27A-49FE-4A7F-84CC-3DD0005863EF}.Release|x64.ActiveCfg = Release|Win32
		{AF08F27A-49FE-4A7F-84CC-3DD0005863EF}.Release|x86.ActiveCfg = Release|Win32
		{AF08F27A-49FE-4A7F-84CC-3DD0005863EF}.Release|x86.Build.0 = Release|Win32
		{271C2D02-B19D-4193-8D83-CC0F06E75F3D}.Debug|Any CPU.ActiveCfg = Debug|Win32
		{271C2D02-B19D-4193-8D83-CC0F06E75F3D}.Debug|x64.ActiveCfg = Debug|Win32
		{271C2D02-B19D-4193-8D83-CC0F06E75F3D}.Debug|x86.ActiveCfg = Debug|Win32
		{271C2D02-B19D-4193-8D83-CC0F06E75F3D}.Debug|x86.Build.0 = Debug|Win32
		{271C2D02-B19D-4193-8D83-CC0F06E75F3D}.Release|Any CPU.ActiveCfg = Release|Win32
		{271C2D02-B19D-4193-8D83-CC0F06E75F3D}.Release|x64.ActiveCfg = Release|Win32
		{271C2D02-B19D-4193-8D83-CC0F06E75F3D}.Release|x86.ActiveCfg = Release|Win32
		{271C2D02-B19D-4193-8D83-CC0F06E75F3D}.Release|x86.Build.0 = Release|Win32
		{E3BE9FD8-D69D-4B04-B719-C475D868C5EB}.Debug|Any CPU.ActiveCfg = Debug|Win32
		{E3BE9FD8-D69D-4B04-B719-C475D868C5EB}.Debug|x64.ActiveCfg = Debug|Win32
		{E3BE9FD8-D69D-4B04-B719-C475D868C5EB}.Debug|x86.ActiveCfg = Debug|Win32
		{E3BE9FD8-D69D-4B04-B719-C475D868C5EB}.Debug|x86.Build.0 = Debug|Win32
		{E3BE9FD8-D69D-4B04-B719-C475D868C5EB}.Release|Any CPU.ActiveCfg = Release|Win32
		{E3BE9FD8-D69D-4B04-B719-C475D868C5EB}.Release|x64.ActiveCfg = Release|Win32
		{E3BE9FD8-D69D-4B04-B719-C475D868C5EB}.Release|x86.ActiveCfg = Release|Win32
		{E3BE9FD8-D69D-4B04-B719-C475D868C5EB}.Release|x86.Build.0 = Release|Win32
		{A88B854A-FCF9-484A-BDA2-E27F1EC3A0A9}.Debug|Any CPU.ActiveCfg = Debug|Win32
		{A88B854A-FCF9-484A-BDA2-E27F1EC3A0A9}.Debug|x64.ActiveCfg = Debug|Win32
		{A88B854A-FCF9-484A-BDA2-E27F1EC3A0A9}.Debug|x86.ActiveCfg = Debug|Win32
		{A88B854A-FCF9-484A-BDA2-E27F1EC3A0A9}.Debug|x86.Build.0 = Debug|Win32
		{A88B854A-FCF9-484A-BDA2-E27F1EC3A0A9}.Release|Any CPU.ActiveCfg = Release|Win32
		{A88B854A-FCF9-484A-BDA2-E27F1EC3A0A9}.Release|x64.ActiveCfg = Release|Win32
		{A88B854A-FCF9-484A-BDA2-E27F1EC3A0A9}.Release|x86.ActiveCfg = Release|Win32
		{A88B854A-FCF9-484A-BDA2-E27F1EC3A0A9}.Release|x86.Build.0 = Release|Win32
		{5153F702-A5FD-440D-917D-FDA213663527}.Debug|Any CPU.ActiveCfg = Debug|Win32
		{5153F702-A5FD-440D-917D-FDA213663527}.Debug|x64.ActiveCfg = Debug|Win32
		{5153F702-A5FD-440D-917D-FDA213663527}.Debug|x86.ActiveCfg = Debug|Win32
		{5153F702-A5FD-440D-917D-FDA213663527}.Debug|x86.Build.0 = Debug|Win32
		{5153F702-A5FD-440D-917D-FDA213663527}.Release|Any CPU.ActiveCfg = Release|Win32
		{5153F702-A5FD-440D-917D-FDA213663527}.Release|x64.ActiveCfg = Release|Win32
		{5153F702-A5FD-440D-917D-FDA213663527}.Release|x86.ActiveCfg = Release|Win32
		{5153F702-A5FD-440D-917D-FDA213663527}.Release|x86.Build.0 = Release|Win32
		{310D4930-8048-41A0-87EC-B0987BE24281}.Debug|Any CPU.ActiveCfg = Debug|Win32
		{310D4930-8048-41A0-87EC-B0987BE24281}.Debug|x64.ActiveCfg = Debug|Win32
		{310D4930-8048-41A0-87EC-B0987BE24281}.Debug|x86.ActiveCfg = Debug|Win32
		{310D4930-8048-41A0-87EC-B0987BE24281}.Debug|x86.Build.0 = Debug|Win32
		{310D4930-8048-41A0-87EC-B0987BE24281}.Release|Any CPU.ActiveCfg = Release|Win32
		{310D4930-8048-41A0-87EC-B0987BE24281}.Release|x64.ActiveCfg = Release|Win32
		{310D4930-8048-41A0-87EC-B0987BE24281}.Release|x86.ActiveCfg = Release|Win32
		{310D4930-8048-41A0-87EC-B0987BE24281}.Release|x86.Build.0 = Release|Win32
		{50073D4B-E2EF-4FA5-9868-380C4A4DAE0C}.Debug|Any CPU.ActiveCfg = Debug|Win32
		{50073D4B-E2EF-4FA5-9868-380C4A4DAE0C}.Debug|x64.ActiveCfg = Debug|Win32
		{50073D4B-E2EF-4FA5-9868-380C4A4DAE0C}.Debug|x86.ActiveCfg = Debug|Win32
		{50073D4B-E2EF-4FA5-9868-380C4A4DAE0C}.Debug|x86.Build.0 = Debug|Win32
		{50073D4B-E2EF-4FA5-9868-380C4A4DAE0C}.Release|Any CPU.ActiveCfg = Release|Win32
		{50073D4B-E2EF-4FA5-9868-380C4A4DAE0C}.Release|x64.ActiveCfg = Release|Win32
		{50073D4B-E2EF-4FA5-9868-380C4A4DAE0C}.Release|x86.ActiveCfg = Release|Win32
		{50073D4B-E2EF-4FA5-9868-380C4A4DAE0C}.Release|x86.Build.0 = Release|Win32
		{541AF1EC-146D-4904-909A-2AD6C26E3B38}.Debug|Any CPU.ActiveCfg = Debug|Win32
		{541AF1EC-146D-4904-909A-2AD6C26E3B38}.Debug|x64.ActiveCfg = Debug|Win32
		{541AF1EC-146D-4904-909A-2AD6C26E3B38}.Debug|x86.ActiveCfg = Debug|Win32
		{541AF1EC-146D-4904-909A-2AD6C26E3B38}.Debug|x86.Build.0 = Debug|Win32
		{541AF1EC-146D-4904-909A-2AD6C26E3B38}.Release|Any CPU.ActiveCfg = Release|Win32
		{541AF1EC-146D-4904-909A-2AD6C26E3B38}.Release|x64.ActiveCfg = Release|Win32
		{541AF1EC-146D-4904-909A-2AD6C26E3B38}.Release|x86.ActiveCfg = Release|Win32
		{541AF1EC-146D-4904-909A-2AD6C26E3B38}.Release|x86.Build.0 = Release|Win32
		{01BFB333-09D1-4D8E-85C0-C05D333CF807}.Debug|Any CPU.ActiveCfg = Debug|Win32
		{01BFB333-09D1-4D8E-85C0-C05D333CF807}.Debug|x64.ActiveCfg = Debug|Win32
		{01BFB333-09D1-4D8E-85C0-C05D333CF807}.Debug|x86.ActiveCfg = Debug|Win32
		{01BFB333-09D1-4D8E-85C0-C05D333CF807}.Debug|x86.Build.0 = Debug|Win32
		{01BFB333-09D1-4D8E-85C0-C05D333CF807}.Release|Any CPU.ActiveCfg = Release|Win32
		{01BFB333-09D1-4D8E-85C0-C05D333CF807}.Release|x64.ActiveCfg = Release|Win32
		{01BFB333-09D1-4D8E-85C0-C05D333CF807}.Release|x86.ActiveCfg = Release|Win32
		{01BFB333-09D1-4D8E-85C0-C05D333CF807}.Release|x86.Build.0 = Release|Win32
		{5BD9C258-D7FB-4477-BD5F-8F6CE6EC22AE}.Debug|Any CPU.ActiveCfg = Debug|Win32
		{5BD9C258-D7FB-4477-BD5F-8F6CE6EC22AE}.Debug|x64.ActiveCfg = Debug|Win32
		{5BD9C258-D7FB-4477-BD5F-8F6CE6EC22AE}.Debug|x86.ActiveCfg = Debug|Win32
		{5BD9C258-D7FB-4477-BD5F-8F6CE6EC22AE}.Debug|x86.Build.0 = Debug|Win32
		{5BD9C258-D7FB-4477-BD5F-8F6CE6EC22AE}.Release|Any CPU.ActiveCfg = Release|Win32
		{5BD9C258-D7FB-4477-BD5F-8F6CE6EC22AE}.Release|x64.ActiveCfg = Release|Win32
		{5BD9C258-D7FB-4477-BD5F-8F6CE6EC22AE}.Release|x86.ActiveCfg = Release|Win32
		{5BD9C258-D7FB-4477-BD5F-8F6CE6EC22AE}.Release|x86.Build.0 = Release|Win32
		{D6E29B9B-EE2D-4339-8417-DCADC283884F}.Debug|Any CPU.ActiveCfg = Debug|Win32
		{D6E29B9B-EE2D-4339-8417-DCADC283884F}.Debug|x64.ActiveCfg = Debug|Win32
		{D6E29B9B-EE2D-4339-8417-DCADC283884F}.Debug|x86.ActiveCfg = Debug|Win32
		{D6E29B9B-EE2D-4339-8417-DCADC283884F}.Debug|x86.Build.0 = Debug|Win32
		{D6E29B9B-EE2D-4339-8417-DCADC283884F}.Release|Any CPU.ActiveCfg = Release|Win32
		{D6E29B9B-EE2D-4339-8417-DCADC283884F}.Release|x64.ActiveCfg = Release|Win32
		{D6E29B9B-EE2D-4339-8417-DCADC283884F}.Release|x86.ActiveCfg = Release|Win32
		{D6E29B9B-EE2D-4339-8417-DCADC283884F}.Release|x86.Build.0 = Release|Win32
		{4C82474F-3B9A-4B92-AC74-2434CA1D5064}.Debug|Any CPU.ActiveCfg = Debug|Win32
		{4C82474F-3B9A-4B92-AC74-2434CA1D5064}.Debug|x64.ActiveCfg = Debug|Win32
		{4C82474F-3B9A-4B92-AC74-2434CA1D5064}.Debug|x86.ActiveCfg = Debug|Win32
		{4C82474F-3B9A-4B92-AC74-2434CA1D5064}.Debug|x86.Build.0 = Debug|Win32
		{4C82474F-3B9A-4B92-AC74-2434CA1D5064}.Release|Any CPU.ActiveCfg = Release|Win32
		{4C82474F-3B9A-4B92-AC74-2434CA1D5064}.Release|x64.ActiveCfg = Release|Win32
		{4C82474F-3B9A-4B92-AC74-2434CA1D5064}.Release|x86.ActiveCfg = Release|Win32
		{4C82474F-3B9A-4B92-AC74-2434CA1D5064}.Release|x86.Build.0 = Release|Win32
		{3E24DA78-24E3-41D2-9066-54C75BE13B90}.Debug|Any CPU.ActiveCfg = Debug|Win32
		{3E24DA78-24E3-41D2-9066-54C75BE13B90}.Debug|x64.ActiveCfg = Debug|Win32
		{3E24DA78-24E3-41D2-9066-54C75BE13B90}.Debug|x86.ActiveCfg = Debug|Win32
		{3E24DA78-24E3-41D2-9066-54C75BE13B90}.Debug|x86.Build.0 = Debug|Win32
		{3E24DA78-24E3-41D2-9066-54C75BE13B90}.Release|Any CPU.ActiveCfg = Release|Win32
		{3E24DA78-24E3-41D2-9066-54C75BE13B90}.Release|x64.ActiveCfg = Release|Win32
		{3E24DA78-24E3-41D2-9066-54C75BE13B90}.Release|x86.ActiveCfg = Release|Win32
		{3E24DA78-24E3-41D2-9066-54C75BE13B90}.Release|x86.Build.0 = Release|Win32
		{EAEF875C-436D-4760-8E30-87B334AFD979}.Debug|Any CPU.ActiveCfg = Debug|Win32
		{EAEF875C-436D-4760-8E30-87B334AFD979}.Debug|x64.ActiveCfg = Debug|Win32
		{EAEF875C-436D-4760-8E30-87B334AFD979}.Debug|x86.ActiveCfg = Debug|Win32
		{EAEF875C-436D-4760-8E30-87B334AFD979}.Debug|x86.Build.0 = Debug|Win32
		{EAEF875C-436D-4760-8E30-87B334AFD979}.Release|Any CPU.ActiveCfg = Release|Win32
		{EAEF875C-436D-4760-8E30-87B334AFD979}.Release|x64.ActiveCfg = Release|Win32
		{EAEF875C-436D-4760-8E30-87B334AFD979}.Release|x86.ActiveCfg = Release|Win32
		{EAEF875C-436D-4760-8E30-87B334AFD979}.Release|x86.Build.0 = Release|Win32
		{E89969DE-D5F1-44C5-81AF-A4283851090B}.Debug|Any CPU.ActiveCfg = Debug|Win32
		{E89969DE-D5F1-44C5-81AF-A4283851090B}.Debug|x64.ActiveCfg = Debug|Win32
		{E89969DE-D5F1-44C5-81AF-A4283851090B}.Debug|x86.ActiveCfg = Debug|Win32
		{E89969DE-D5F1-44C5-81AF-A4283851090B}.Debug|x86.Build.0 = Debug|Win32
		{E89969DE-D5F1-44C5-81AF-A4283851090B}.Release|Any CPU.ActiveCfg = Release|Win32
		{E89969DE-D5F1-44C5-81AF-A4283851090B}.Release|x64.ActiveCfg = Release|Win32
		{E89969DE-D5F1-44C5-81AF-A4283851090B}.Release|x86.ActiveCfg = Release|Win32
		{E89969DE-D5F1-44C5-81AF-A4283851090B}.Release|x86.Build.0 = Release|Win32
		{810B8E84-7F94-488A-A04A-820F598813B3}.Debug|Any CPU.ActiveCfg = Debug|x64
		{810B8E84-7F94-488A-A04A-820F598813B3}.Debug|x64.ActiveCfg = Debug|x64
		{810B8E84-7F94-488A-A04A-820F598813B3}.Debug|x64.Build.0 = Debug|x64
		{810B8E84-7F94-488A-A04A-820F598813B3}.Debug|x86.ActiveCfg = Debug|x64
		{810B8E84-7F94-488A-A04A-820F598813B3}.Release|Any CPU.ActiveCfg = Release|x64
		{810B8E84-7F94-488A-A04A-820F598813B3}.Release|x64.ActiveCfg = Release|x64
		{810B8E84-7F94-488A-A04A-820F598813B3}.Release|x64.Build.0 = Release|x64
		{810B8E84-7F94-488A-A04A-820F598813B3}.Release|x86.ActiveCfg = Release|x64
		{AC3D5666-4510-4C2C-9C53-2AD9A5B5F365}.Debug|Any CPU.ActiveCfg = Debug|x64
		{AC3D5666-4510-4C2C-9C53-2AD9A5B5F365}.Debug|x64.ActiveCfg = Debug|x64
		{AC3D5666-4510-4C2C-9C53-2AD9A5B5F365}.Debug|x64.Build.0 = Debug|x64
		{AC3D5666-4510-4C2C-9C53-2AD9A5B5F365}.Debug|x86.ActiveCfg = Debug|x64
		{AC3D5666-4510-4C2C-9C53-2AD9A5B5F365}.Release|Any CPU.ActiveCfg = Release|x64
		{AC3D5666-4510-4C2C-9C53-2AD9A5B5F365}.Release|x64.ActiveCfg = Release|x64
		{AC3D5666-4510-4C2C-9C53-2AD9A5B5F365}.Release|x64.Build.0 = Release|x64
		{AC3D5666-4510-4C2C-9C53-2AD9A5B5F365}.Release|x86.ActiveCfg = Release|x64
		{7A379C6B-B694-40DE-8DE3-F23F5811F4DB}.Debug|Any CPU.ActiveCfg = Debug|x64
		{7A379C6B-B694-40DE-8DE3-F23F5811F4DB}.Debug|x64.ActiveCfg = Debug|x64
		{7A379C6B-B694-40DE-8DE3-F23F5811F4DB}.Debug|x64.Build.0 = Debug|x64
		{7A379C6B-B694-40DE-8DE3-F23F5811F4DB}.Debug|x86.ActiveCfg = Debug|x64
		{7A379C6B-B694-40DE-8DE3-F23F5811F4DB}.Release|Any CPU.ActiveCfg = Release|x64
		{7A379C6B-B694-40DE-8DE3-F23F5811F4DB}.Release|x64.ActiveCfg = Release|x64
		{7A379C6B-B694-40DE-8DE3-F23F5811F4DB}.Release|x64.Build.0 = Release|x64
		{7A379C6B-B694-40DE-8DE3-F23F5811F4DB}.Release|x86.ActiveCfg = Release|x64
		{EC9747D9-601D-4858-A3C2-5427BC6A75A1}.Debug|Any CPU.ActiveCfg = Debug|x64
		{EC9747D9-601D-4858-A3C2-5427BC6A75A1}.Debug|x64.ActiveCfg = Debug|x64
		{EC9747D9-601D-4858-A3C2-5427BC6A75A1}.Debug|x64.Build.0 = Debug|x64
		{EC9747D9-601D-4858-A3C2-5427BC6A75A1}.Debug|x86.ActiveCfg = Debug|x64
		{EC9747D9-601D-4858-A3C2-5427BC6A75A1}.Release|Any CPU.ActiveCfg = Release|x64
		{EC9747D9-601D-4858-A3C2-5427BC6A75A1}.Release|x64.ActiveCfg = Release|x64
		{EC9747D9-601D-4858-A3C2-5427BC6A75A1}.Release|x64.Build.0 = Release|x64
		{EC9747D9-601D-4858-A3C2-5427BC6A75A1}.Release|x86.ActiveCfg = Release|x64
		{54217234-7CFF-4E48-873F-37B4EF50C914}.Debug|Any CPU.ActiveCfg = Debug|x64
		{54217234-7CFF-4E48-873F-37B4EF50C914}.Debug|x64.ActiveCfg = Debug|x64
		{54217234-7CFF-4E48-873F-37B4EF50C914}.Debug|x64.Build.0 = Debug|x64
		{54217234-7CFF-4E48-873F-37B4EF50C914}.Debug|x86.ActiveCfg = Debug|x64
		{54217234-7CFF-4E48-873F-37B4EF50C914}.Release|Any CPU.ActiveCfg = Release|x64
		{54217234-7CFF-4E48-873F-37B4EF50C914}.Release|x64.ActiveCfg = Release|x64
		{54217234-7CFF-4E48-873F-37B4EF50C914}.Release|x64.Build.0 = Release|x64
		{54217234-7CFF-4E48-873F-37B4EF50C914}.Release|x86.ActiveCfg = Release|x64
		{627967C1-4623-479F-9F4E-83AF4F61FBCD}.Debug|Any CPU.ActiveCfg = Debug|x64
		{627967C1-4623-479F-9F4E-83AF4F61FBCD}.Debug|x64.ActiveCfg = Debug|x64
		{627967C1-4623-479F-9F4E-83AF4F61FBCD}.Debug|x64.Build.0 = Debug|x64
		{627967C1-4623-479F-9F4E-83AF4F61FBCD}.Debug|x86.ActiveCfg = Debug|x64
		{627967C1-4623-479F-9F4E-83AF4F61FBCD}.Release|Any CPU.ActiveCfg = Release|x64
		{627967C1-4623-479F-9F4E-83AF4F61FBCD}.Release|x64.ActiveCfg = Release|x64
		{627967C1-4623-479F-9F4E-83AF4F61FBCD}.Release|x64.Build.0 = Release|x64
		{627967C1-4623-479F-9F4E-83AF4F61FBCD}.Release|x86.ActiveCfg = Release|x64
		{B0558ECB-DF7F-4F5F-B6ED-9B11893AE476}.Debug|Any CPU.ActiveCfg = Debug|x64
		{B0558ECB-DF7F-4F5F-B6ED-9B11893AE476}.Debug|x64.ActiveCfg = Debug|x64
		{B0558ECB-DF7F-4F5F-B6ED-9B11893AE476}.Debug|x64.Build.0 = Debug|x64
		{B0558ECB-DF7F-4F5F-B6ED-9B11893AE476}.Debug|x86.ActiveCfg = Debug|x64
		{B0558ECB-DF7F-4F5F-B6ED-9B11893AE476}.Release|Any CPU.ActiveCfg = Release|x64
		{B0558ECB-DF7F-4F5F-B6ED-9B11893AE476}.Release|x64.ActiveCfg = Release|x64
		{B0558ECB-DF7F-4F5F-B6ED-9B11893AE476}.Release|x64.Build.0 = Release|x64
		{B0558ECB-DF7F-4F5F-B6ED-9B11893AE476}.Release|x86.ActiveCfg = Release|x64
		{96467C7E-991C-4406-8304-4E08076A1A70}.Debug|Any CPU.ActiveCfg = Debug|x64
		{96467C7E-991C-4406-8304-4E08076A1A70}.Debug|x64.ActiveCfg = Debug|x64
		{96467C7E-991C-4406-8304-4E08076A1A70}.Debug|x64.Build.0 = Debug|x64
		{96467C7E-991C-4406-8304-4E08076A1A70}.Debug|x86.ActiveCfg = Debug|x64
		{96467C7E-991C-4406-8304-4E08076A1A70}.Release|Any CPU.ActiveCfg = Release|x64
		{96467C7E-991C-4406-8304-4E08076A1A70}.Release|x64.ActiveCfg = Release|x64
		{96467C7E-991C-4406-8304-4E08076A1A70}.Release|x64.Build.0 = Release|x64
		{96467C7E-991C-4406-8304-4E08076A1A70}.Release|x86.ActiveCfg = Release|x64
		{08DA66A5-3171-4850-ADE4-58C341696A4E}.Debug|Any CPU.ActiveCfg = Debug|x64
		{08DA66A5-3171-4850-ADE4-58C341696A4E}.Debug|x64.ActiveCfg = Debug|x64
		{08DA66A5-3171-4850-ADE4-58C341696A4E}.Debug|x64.Build.0 = Debug|x64
		{08DA66A5-3171-4850-ADE4-58C341696A4E}.Debug|x86.ActiveCfg = Debug|x64
		{08DA66A5-3171-4850-ADE4-58C341696A4E}.Release|Any CPU.ActiveCfg = Release|x64
		{08DA66A5-3171-4850-ADE4-58C341696A4E}.Release|x64.ActiveCfg = Release|x64
		{08DA66A5-3171-4850-ADE4-58C341696A4E}.Release|x64.Build.0 = Release|x64
		{08DA66A5-3171-4850-ADE4-58C341696A4E}.Release|x86.ActiveCfg = Release|x64
		{363EE9F3-E87A-46E6-984A-8130E3DD599B}.Debug|Any CPU.ActiveCfg = Debug|x64
		{363EE9F3-E87A-46E6-984A-8130E3DD599B}.Debug|x64.ActiveCfg = Debug|x64
		{363EE9F3-E87A-46E6-984A-8130E3DD599B}.Debug|x64.Build.0 = Debug|x64
		{363EE9F3-E87A-46E6-984A-8130E3DD599B}.Debug|x86.ActiveCfg = Debug|x64
		{363EE9F3-E87A-46E6-984A-8130E3DD599B}.Release|Any CPU.ActiveCfg = Release|x64
		{363EE9F3-E87A-46E6-984A-8130E3DD599B}.Release|x64.ActiveCfg = Release|x64
		{363EE9F3-E87A-46E6-984A-8130E3DD599B}.Release|x64.Build.0 = Release|x64
		{363EE9F3-E87A-46E6-984A-8130E3DD599B}.Release|x86.ActiveCfg = Release|x64
		{1A52DCD6-934B-4DB2-9CD6-C324FCA7586E}.Debug|Any CPU.ActiveCfg = Debug|x64
		{1A52DCD6-934B-4DB2-9CD6-C324FCA7586E}.Debug|x64.ActiveCfg = Debug|x64
		{1A52DCD6-934B-4DB2-9CD6-C324FCA7586E}.Debug|x64.Build.0 = Debug|x64
		{1A52DCD6-934B-4DB2-9CD6-C324FCA7586E}.Debug|x86.ActiveCfg = Debug|x64
		{1A52DCD6-934B-4DB2-9CD6-C324FCA7586E}.Release|Any CPU.ActiveCfg = Release|x64
		{1A52DCD6-934B-4DB2-9CD6-C324FCA7586E}.Release|x64.ActiveCfg = Release|x64
		{1A52DCD6-934B-4DB2-9CD6-C324FCA7586E}.Release|x64.Build.0 = Release|x64
		{1A52DCD6-934B-4DB2-9CD6-C324FCA7586E}.Release|x86.ActiveCfg = Release|x64
		{6E200EB5-9F4A-42E8-B54D-EABFAA19F3DB}.Debug|Any CPU.ActiveCfg = Debug|x64
		{6E200EB5-9F4A-42E8-B54D-EABFAA19F3DB}.Debug|x64.ActiveCfg = Debug|x64
		{6E200EB5-9F4A-42E8-B54D-EABFAA19F3DB}.Debug|x64.Build.0 = Debug|x64
		{6E200EB5-9F4A-42E8-B54D-EABFAA19F3DB}.Debug|x86.ActiveCfg = Debug|x64
		{6E200EB5-9F4A-42E8-B54D-EABFAA19F3DB}.Release|Any CPU.ActiveCfg = Release|x64
		{6E200EB5-9F4A-42E8-B54D-EABFAA19F3DB}.Release|x64.ActiveCfg = Release|x64
		{6E200EB5-9F4A-42E8-B54D-EABFAA19F3DB}.Release|x64.Build.0 = Release|x64
		{6E200EB5-9F4A-42E8-B54D-EABFAA19F3DB}.Release|x86.ActiveCfg = Release|x64
		{ECEDB701-4648-493D-8296-F7904A38384B}.Debug|Any CPU.ActiveCfg = Debug|x64
		{ECEDB701-4648-493D-8296-F7904A38384B}.Debug|x64.ActiveCfg = Debug|x64
		{ECEDB701-4648-493D-8296-F7904A38384B}.Debug|x64.Build.0 = Debug|x64
		{ECEDB701-4648-493D-8296-F7904A38384B}.Debug|x86.ActiveCfg = Debug|x64
		{ECEDB701-4648-493D-8296-F7904A38384B}.Release|Any CPU.ActiveCfg = Release|x64
		{ECEDB701-4648-493D-8296-F7904A38384B}.Release|x64.ActiveCfg = Release|x64
		{ECEDB701-4648-493D-8296-F7904A38384B}.Release|x64.Build.0 = Release|x64
		{ECEDB701-4648-493D-8296-F7904A38384B}.Release|x86.ActiveCfg = Release|x64
		{7D98CBB4-5CEE-4ADA-8CE2-93F4187EB6D5}.Debug|Any CPU.ActiveCfg = Debug|x64
		{7D98CBB4-5CEE-4ADA-8CE2-93F4187EB6D5}.Debug|x64.ActiveCfg = Debug|x64
		{7D98CBB4-5CEE-4ADA-8CE2-93F4187EB6D5}.Debug|x64.Build.0 = Debug|x64
		{7D98CBB4-5CEE-4ADA-8CE2-93F4187EB6D5}.Debug|x86.ActiveCfg = Debug|x64
		{7D98CBB4-5CEE-4ADA-8CE2-93F4187EB6D5}.Release|Any CPU.ActiveCfg = Release|x64
		{7D98CBB4-5CEE-4ADA-8CE2-93F4187EB6D5}.Release|x64.ActiveCfg = Release|x64
		{7D98CBB4-5CEE-4ADA-8CE2-93F4187EB6D5}.Release|x64.Build.0 = Release|x64
		{7D98CBB4-5CEE-4ADA-8CE2-93F4187EB6D5}.Release|x86.ActiveCfg = Release|x64
		{F8C7EF84-E4D5-4EF5-A2E2-62D8365DDD43}.Debug|Any CPU.ActiveCfg = Debug|x64
		{F8C7EF84-E4D5-4EF5-A2E2-62D8365DDD43}.Debug|x64.ActiveCfg = Debug|x64
		{F8C7EF84-E4D5-4EF5-A2E2-62D8365DDD43}.Debug|x64.Build.0 = Debug|x64
		{F8C7EF84-E4D5-4EF5-A2E2-62D8365DDD43}.Debug|x86.ActiveCfg = Debug|x64
		{F8C7EF84-E4D5-4EF5-A2E2-62D8365DDD43}.Release|Any CPU.ActiveCfg = Release|x64
		{F8C7EF84-E4D5-4EF5-A2E2-62D8365DDD43}.Release|x64.ActiveCfg = Release|x64
		{F8C7EF84-E4D5-4EF5-A2E2-62D8365DDD43}.Release|x64.Build.0 = Release|x64
		{F8C7EF84-E4D5-4EF5-A2E2-62D8365DDD43}.Release|x86.ActiveCfg = Release|x64
		{794EB256-0C35-41D3-A548-2F3DD9A7A0EA}.Debug|Any CPU.ActiveCfg = Debug|x64
		{794EB256-0C35-41D3-A548-2F3DD9A7A0EA}.Debug|x64.ActiveCfg = Debug|x64
		{794EB256-0C35-41D3-A548-2F3DD9A7A0EA}.Debug|x64.Build.0 = Debug|x64
		{794EB256-0C35-41D3-A548-2F3DD9A7A0EA}.Debug|x86.ActiveCfg = Debug|x64
		{794EB256-0C35-41D3-A548-2F3DD9A7A0EA}.Release|Any CPU.ActiveCfg = Release|x64
		{794EB256-0C35-41D3-A548-2F3DD9A7A0EA}.Release|x64.ActiveCfg = Release|x64
		{794EB256-0C35-41D3-A548-2F3DD9A7A0EA}.Release|x64.Build.0 = Release|x64
		{794EB256-0C35-41D3-A548-2F3DD9A7A0EA}.Release|x86.ActiveCfg = Release|x64
		{7AE68C49-9959-4C22-A6D0-680BE7B5CA04}.Debug|Any CPU.ActiveCfg = Debug|x64
		{7AE68C49-9959-4C22-A6D0-680BE7B5CA04}.Debug|x64.ActiveCfg = Debug|x64
		{7AE68C49-9959-4C22-A6D0-680BE7B5CA04}.Debug|x64.Build.0 = Debug|x64
		{7AE68C49-9959-4C22-A6D0-680BE7B5CA04}.Debug|x86.ActiveCfg = Debug|x64
		{7AE68C49-9959-4C22-A6D0-680BE7B5CA04}.Release|Any CPU.ActiveCfg = Release|x64
		{7AE68C49-9959-4C22-A6D0-680BE7B5CA04}.Release|x64.ActiveCfg = Release|x64
		{7AE68C49-9959-4C22-A6D0-680BE7B5CA04}.Release|x64.Build.0 = Release|x64
		{7AE68C49-9959-4C22-A6D0-680BE7B5CA04}.Release|x86.ActiveCfg = Release|x64
	EndGlobalSection
	GlobalSection(SolutionProperties) = preSolution
		HideSolutionNode = FALSE
	EndGlobalSection
	GlobalSection(NestedProjects) = preSolution
		{1622C4EF-06A4-4DAA-9631-5D71B32858A4} = {DAE849A4-58E8-47C6-82EE-98FA0CE87173}
		{B6080B9D-6F8C-417C-AF11-9853C47BA665} = {DD8F5F19-5A7D-4DA7-A81F-07C9DEC5C188}
		{7C8C9359-ED04-4415-BB91-9947B59BC71E} = {97926356-D6D6-4B4D-9B17-18688468EF8B}
		{064909D6-CA38-45EA-ABC8-9DF202E600C9} = {9F665747-6A6F-412C-BDB6-09DA776D7BF0}
		{394E0C8E-33D5-44B5-8056-5AD2B1C3C56A} = {F75878C9-56D7-4344-9DAF-4C09BD154ED1}
		{F47C9627-B344-44B1-9509-A3C9908A5A66} = {DAE849A4-58E8-47C6-82EE-98FA0CE87173}
		{8398EC77-8B40-4616-82CC-EFBF76138461} = {DD8F5F19-5A7D-4DA7-A81F-07C9DEC5C188}
		{5CCC6195-D198-4457-94F7-EB3DEC7F1583} = {DAE849A4-58E8-47C6-82EE-98FA0CE87173}
		{49457768-4766-49DF-B566-9AAD8A83FF2C} = {DD8F5F19-5A7D-4DA7-A81F-07C9DEC5C188}
		{EFC66D65-F8EC-4397-BA76-50572D4517DF} = {97926356-D6D6-4B4D-9B17-18688468EF8B}
		{DAE849A4-58E8-47C6-82EE-98FA0CE87173} = {97926356-D6D6-4B4D-9B17-18688468EF8B}
		{1622C4EF-06A4-4DAA-9631-5D71B32858A2} = {EFC66D65-F8EC-4397-BA76-50572D4517DF}
		{C809D7A3-6C52-4E36-8582-00CED929317D} = {EFC66D65-F8EC-4397-BA76-50572D4517DF}
		{072CA547-AD84-4A4F-B973-1BFEAE83AAB5} = {EFC66D65-F8EC-4397-BA76-50572D4517DF}
		{AF08F27A-49FE-4A7F-84CC-3DD0005863EF} = {072CA547-AD84-4A4F-B973-1BFEAE83AAB5}
		{C72B98F8-53F9-4074-8982-B1004C8FB6A2} = {EFC66D65-F8EC-4397-BA76-50572D4517DF}
		{271C2D02-B19D-4193-8D83-CC0F06E75F3D} = {C72B98F8-53F9-4074-8982-B1004C8FB6A2}
		{D60DC87A-5854-4339-A45E-5AA52893AF68} = {EFC66D65-F8EC-4397-BA76-50572D4517DF}
		{E3BE9FD8-D69D-4B04-B719-C475D868C5EB} = {D60DC87A-5854-4339-A45E-5AA52893AF68}
		{A88B854A-FCF9-484A-BDA2-E27F1EC3A0A9} = {D60DC87A-5854-4339-A45E-5AA52893AF68}
		{3BA9C623-40A3-4CC5-849B-E4DB5659A0B7} = {EFC66D65-F8EC-4397-BA76-50572D4517DF}
		{2E7FB291-DC09-485D-B4C7-21E507906359} = {3BA9C623-40A3-4CC5-849B-E4DB5659A0B7}
		{49EF3455-9E5E-4ABE-AE92-C37BCFD36893} = {3BA9C623-40A3-4CC5-849B-E4DB5659A0B7}
		{C8521D67-F58D-4FC6-AC77-2192B3025240} = {3BA9C623-40A3-4CC5-849B-E4DB5659A0B7}
		{5153F702-A5FD-440D-917D-FDA213663527} = {2E7FB291-DC09-485D-B4C7-21E507906359}
		{310D4930-8048-41A0-87EC-B0987BE24281} = {2E7FB291-DC09-485D-B4C7-21E507906359}
		{50073D4B-E2EF-4FA5-9868-380C4A4DAE0C} = {2E7FB291-DC09-485D-B4C7-21E507906359}
		{541AF1EC-146D-4904-909A-2AD6C26E3B38} = {2E7FB291-DC09-485D-B4C7-21E507906359}
		{01BFB333-09D1-4D8E-85C0-C05D333CF807} = {2E7FB291-DC09-485D-B4C7-21E507906359}
		{5BD9C258-D7FB-4477-BD5F-8F6CE6EC22AE} = {2E7FB291-DC09-485D-B4C7-21E507906359}
		{D6E29B9B-EE2D-4339-8417-DCADC283884F} = {49EF3455-9E5E-4ABE-AE92-C37BCFD36893}
		{4C82474F-3B9A-4B92-AC74-2434CA1D5064} = {49EF3455-9E5E-4ABE-AE92-C37BCFD36893}
		{3E24DA78-24E3-41D2-9066-54C75BE13B90} = {C8521D67-F58D-4FC6-AC77-2192B3025240}
		{EAEF875C-436D-4760-8E30-87B334AFD979} = {C8521D67-F58D-4FC6-AC77-2192B3025240}
		{E89969DE-D5F1-44C5-81AF-A4283851090B} = {C8521D67-F58D-4FC6-AC77-2192B3025240}
		{9A777A79-C0AE-441C-B877-F2E3275389D6} = {9F665747-6A6F-412C-BDB6-09DA776D7BF0}
		{DD8F5F19-5A7D-4DA7-A81F-07C9DEC5C188} = {9F665747-6A6F-412C-BDB6-09DA776D7BF0}
		{EEEC8CE2-65F6-4AB8-BA18-474993E7C8CB} = {9A777A79-C0AE-441C-B877-F2E3275389D6}
		{16860C1A-1AD7-49A2-B24B-28A7F3EFF06D} = {9A777A79-C0AE-441C-B877-F2E3275389D6}
		{1C8DF27B-5D9F-4D6D-B964-C7B5D4AC0635} = {9A777A79-C0AE-441C-B877-F2E3275389D6}
		{24A8916D-47F9-4895-8EDA-122F761745BC} = {9A777A79-C0AE-441C-B877-F2E3275389D6}
		{F00BB579-F3E2-4ACB-8B19-2029D74380C6} = {24A8916D-47F9-4895-8EDA-122F761745BC}
		{D78F69A0-1F72-4AD7-9F0F-A5BEAA7E3D42} = {24A8916D-47F9-4895-8EDA-122F761745BC}
		{876EA10F-F2D2-4630-9CCD-570759099104} = {24A8916D-47F9-4895-8EDA-122F761745BC}
		{810B8E84-7F94-488A-A04A-820F598813B3} = {D78F69A0-1F72-4AD7-9F0F-A5BEAA7E3D42}
		{AC3D5666-4510-4C2C-9C53-2AD9A5B5F365} = {D78F69A0-1F72-4AD7-9F0F-A5BEAA7E3D42}
		{7A379C6B-B694-40DE-8DE3-F23F5811F4DB} = {876EA10F-F2D2-4630-9CCD-570759099104}
		{EC9747D9-601D-4858-A3C2-5427BC6A75A1} = {876EA10F-F2D2-4630-9CCD-570759099104}
		{54217234-7CFF-4E48-873F-37B4EF50C914} = {876EA10F-F2D2-4630-9CCD-570759099104}
		{627967C1-4623-479F-9F4E-83AF4F61FBCD} = {9A777A79-C0AE-441C-B877-F2E3275389D6}
		{B0558ECB-DF7F-4F5F-B6ED-9B11893AE476} = {EEEC8CE2-65F6-4AB8-BA18-474993E7C8CB}
		{96467C7E-991C-4406-8304-4E08076A1A70} = {1C8DF27B-5D9F-4D6D-B964-C7B5D4AC0635}
		{08DA66A5-3171-4850-ADE4-58C341696A4E} = {9A777A79-C0AE-441C-B877-F2E3275389D6}
		{363EE9F3-E87A-46E6-984A-8130E3DD599B} = {F00BB579-F3E2-4ACB-8B19-2029D74380C6}
		{1A52DCD6-934B-4DB2-9CD6-C324FCA7586E} = {F00BB579-F3E2-4ACB-8B19-2029D74380C6}
		{6E200EB5-9F4A-42E8-B54D-EABFAA19F3DB} = {F00BB579-F3E2-4ACB-8B19-2029D74380C6}
		{ECEDB701-4648-493D-8296-F7904A38384B} = {F00BB579-F3E2-4ACB-8B19-2029D74380C6}
		{7D98CBB4-5CEE-4ADA-8CE2-93F4187EB6D5} = {F00BB579-F3E2-4ACB-8B19-2029D74380C6}
		{F8C7EF84-E4D5-4EF5-A2E2-62D8365DDD43} = {F00BB579-F3E2-4ACB-8B19-2029D74380C6}
		{794EB256-0C35-41D3-A548-2F3DD9A7A0EA} = {16860C1A-1AD7-49A2-B24B-28A7F3EFF06D}
		{7AE68C49-9959-4C22-A6D0-680BE7B5CA04} = {16860C1A-1AD7-49A2-B24B-28A7F3EFF06D}
	EndGlobalSection
	GlobalSection(ExtensibilityGlobals) = postSolution
		SolutionGuid = {94DBD5ED-389D-4DCB-B2F5-7FDD222B7FC9}
	EndGlobalSection
EndGlobal
