
Microsoft Visual Studio Solution File, Format Version 12.00
# Visual Studio Version 17
VisualStudioVersion = 17.2.32526.322
MinimumVisualStudioVersion = 10.0.40219.1
Project("{2150E333-8FDC-42A3-9474-1A3956D46DE8}") = "x64", "x64", "{9F665747-6A6F-412C-BDB6-09DA776D7BF0}"
EndProject
Project("{2150E333-8FDC-42A3-9474-1A3956D46DE8}") = "net", "net", "{F75878C9-56D7-4344-9DAF-4C09BD154ED1}"
	ProjectSection(SolutionItems) = preProject
		vcpkg.json = vcpkg.json
	EndProjectSection
EndProject
Project("{8BC9CEB8-8B4A-11D0-8D11-00A0C91BC942}") = "AntiDupl64", "AntiDupl\AntiDupl64.vcxproj", "{064909D6-CA38-45EA-ABC8-9DF202E600C9}"
EndProject
Project("{9A19103F-16F7-4668-BE54-9A1E7A4F7556}") = "AntiDupl.NET", "AntiDupl.NET\AntiDupl.NET.csproj", "{5E3F8B85-9C79-4EA1-90E3-BD5C84CBA820}"
	ProjectSection(ProjectDependencies) = postProject
		{064909D6-CA38-45EA-ABC8-9DF202E600C9} = {064909D6-CA38-45EA-ABC8-9DF202E600C9}
	EndProjectSection
EndProject
Global
	GlobalSection(SolutionConfigurationPlatforms) = preSolution
		Debug|x64 = Debug|x64
		Release|x64 = Release|x64
	EndGlobalSection
	GlobalSection(ProjectConfigurationPlatforms) = postSolution
		{064909D6-CA38-45EA-ABC8-9DF202E600C9}.Debug|x64.ActiveCfg = Debug|x64
		{064909D6-CA38-45EA-ABC8-9DF202E600C9}.Debug|x64.Build.0 = Debug|x64
		{064909D6-CA38-45EA-ABC8-9DF202E600C9}.Release|x64.ActiveCfg = Release|x64
		{064909D6-CA38-45EA-ABC8-9DF202E600C9}.Release|x64.Build.0 = Release|x64
		{5E3F8B85-9C79-4EA1-90E3-BD5C84CBA820}.Debug|x64.ActiveCfg = Debug|x64
		{5E3F8B85-9C79-4EA1-90E3-BD5C84CBA820}.Debug|x64.Build.0 = Debug|x64
		{5E3F8B85-9C79-4EA1-90E3-BD5C84CBA820}.Release|x64.ActiveCfg = Release|x64
		{5E3F8B85-9C79-4EA1-90E3-BD5C84CBA820}.Release|x64.Build.0 = Release|x64
	EndGlobalSection
	GlobalSection(SolutionProperties) = preSolution
		HideSolutionNode = FALSE
	EndGlobalSection
	GlobalSection(NestedProjects) = preSolution
		{064909D6-CA38-45EA-ABC8-9DF202E600C9} = {9F665747-6A6F-412C-BDB6-09DA776D7BF0}
		{5E3F8B85-9C79-4EA1-90E3-BD5C84CBA820} = {F75878C9-56D7-4344-9DAF-4C09BD154ED1}
	EndGlobalSection
	GlobalSection(ExtensibilityGlobals) = postSolution
		SolutionGuid = {94DBD5ED-389D-4DCB-B2F5-7FDD222B7FC9}
	EndGlobalSection
EndGlobal
